<?xml version="1.0" encoding="utf-8"?>
<Project ToolsVersion="4.0" xmlns="http://schemas.microsoft.com/developer/msbuild/2003">
  <ItemGroup>
    <ClCompile Include="main.cpp" />
    <ClCompile Include="vsgd.cpp" />
    <ClCompile Include="r_util.cpp" />
    <ClCompile Include="util.cpp" />
    <ClCompile Include="log.cpp" />
    <ClCompile Include="RPlotHost.cpp" />
    <ClCompile Include="eval.cpp" />
    <ClCompile Include="host.cpp" />
    <ClCompile Include="msvcrt.cpp" />
  </ItemGroup>
  <ItemGroup>
    <ClInclude Include="stdafx.h" />
    <ClInclude Include="Rapi.h" />
    <ClInclude Include="util.h" />
    <ClInclude Include="Rgraphicsapi.h" />
    <ClInclude Include="xamlbuilder.h" />
    <ClInclude Include="vsgd.h" />
    <ClInclude Include="r_util.h" />
    <ClInclude Include="eval.h" />
    <ClInclude Include="log.h" />
    <ClInclude Include="RPlotHost.h" />
    <ClInclude Include="host.h" />
    <ClInclude Include="msvcrt.h" />
  </ItemGroup>
  <ItemGroup>
    <None Include="packages.config" />
  </ItemGroup>
</Project>