
Microsoft Visual Studio Solution File, Format Version 12.00
# Visual Studio 14
VisualStudioVersion = 14.0.25420.1
MinimumVisualStudioVersion = 10.0.40219.1
Project("{FAE04EC0-301F-11D3-BF4B-00C04F79EFBC}") = "Microsoft.VisualStudio.R.Package", "Package\Impl\Microsoft.VisualStudio.R.Package.csproj", "{26035FE3-25AB-45EC-BB45-7FD0B6C1D545}"
	ProjectSection(ProjectDependencies) = postProject
		{131842CE-DAF9-4C0E-8409-4A26EF7961A7} = {131842CE-DAF9-4C0E-8409-4A26EF7961A7}
	EndProjectSection
EndProject
Project("{FAE04EC0-301F-11D3-BF4B-00C04F79EFBC}") = "Microsoft.Languages.Core", "Languages\Core\Impl\Microsoft.Languages.Core.csproj", "{25CD8690-6208-4740-B123-6DBCE6B9444A}"
EndProject
Project("{FAE04EC0-301F-11D3-BF4B-00C04F79EFBC}") = "Microsoft.Languages.Core.Test", "Languages\Core\Test\Microsoft.Languages.Core.Test.csproj", "{EE2504A4-4666-460B-8552-5B342718CB02}"
EndProject
Project("{FAE04EC0-301F-11D3-BF4B-00C04F79EFBC}") = "Microsoft.Languages.Editor", "Languages\Editor\Impl\Microsoft.Languages.Editor.csproj", "{62857E49-E586-4BAA-AE4D-1232093E7378}"
EndProject
Project("{FAE04EC0-301F-11D3-BF4B-00C04F79EFBC}") = "Microsoft.Languages.Editor.Test", "Languages\Editor\Test\Microsoft.Languages.Editor.Test.csproj", "{5340191E-31E5-43A0-A485-B6678D391B10}"
EndProject
Project("{FAE04EC0-301F-11D3-BF4B-00C04F79EFBC}") = "Microsoft.R.Core", "R\Core\Impl\Microsoft.R.Core.csproj", "{0C4BCE1D-3CB8-4E2A-9252-58784D7F26A5}"
EndProject
Project("{FAE04EC0-301F-11D3-BF4B-00C04F79EFBC}") = "Microsoft.R.Core.Test", "R\Core\Test\Microsoft.R.Core.Test.csproj", "{58D86BE4-FA8B-4F59-91FE-A9B348C70ED2}"
EndProject
Project("{FAE04EC0-301F-11D3-BF4B-00C04F79EFBC}") = "Microsoft.R.Host.Protocol.Test", "Host\Protocol\Test\Microsoft.R.Host.Protocol.Test.csproj", "{AD8A000B-320D-4B11-B7FF-95C314A40E7B}"
EndProject
Project("{FAE04EC0-301F-11D3-BF4B-00C04F79EFBC}") = "Microsoft.R.Editor", "R\Editor\Impl\Microsoft.R.Editor.csproj", "{D6EEEF87-CE3A-4804-A409-39966B96C850}"
EndProject
Project("{FAE04EC0-301F-11D3-BF4B-00C04F79EFBC}") = "Microsoft.R.Editor.Test", "R\Editor\Test\Microsoft.R.Editor.Test.csproj", "{9066522E-780E-4409-B410-2525E6A621FC}"
EndProject
Project("{FAE04EC0-301F-11D3-BF4B-00C04F79EFBC}") = "Microsoft.R.Support", "R\Support\Impl\Microsoft.R.Support.csproj", "{C1957D47-B0B4-42E0-BC08-0D5E96E47FE4}"
EndProject
Project("{FAE04EC0-301F-11D3-BF4B-00C04F79EFBC}") = "Microsoft.R.Support.Test", "R\Support\Test\Microsoft.R.Support.Test.csproj", "{5504F3D6-08D3-401F-8214-409A60735185}"
EndProject
Project("{FAE04EC0-301F-11D3-BF4B-00C04F79EFBC}") = "Microsoft.R.Interpreters", "R\Interpreters\Impl\Microsoft.R.Interpreters.csproj", "{8445A4FB-4443-432C-94E8-1408559B7F58}"
EndProject
Project("{FAE04EC0-301F-11D3-BF4B-00C04F79EFBC}") = "Microsoft.Common.Core", "Common\Core\Impl\Microsoft.Common.Core.csproj", "{8D408909-459F-4853-A36C-745118F99869}"
EndProject
Project("{FAE04EC0-301F-11D3-BF4B-00C04F79EFBC}") = "Microsoft.Common.Core.Test", "Common\Core\Test\Microsoft.Common.Core.Test.csproj", "{FC4AAD0A-13B9-49EE-A59C-F03142958170}"
EndProject
Project("{FAE04EC0-301F-11D3-BF4B-00C04F79EFBC}") = "Microsoft.UnitTests.Core", "UnitTests\Core\Impl\Microsoft.UnitTests.Core.csproj", "{5EF2AD64-D6FE-446B-B350-8C7F0DF0834D}"
EndProject
Project("{FAE04EC0-301F-11D3-BF4B-00C04F79EFBC}") = "Microsoft.UnitTests.Core.Test", "UnitTests\Core\Test\Microsoft.UnitTests.Core.Test.csproj", "{95C6EA83-00BC-4E1E-8A80-67A69E542F21}"
EndProject
Project("{FAE04EC0-301F-11D3-BF4B-00C04F79EFBC}") = "Microsoft.VisualStudio.ProjectSystem.FileSystemMirroring", "ProjectSystem\Impl\Microsoft.VisualStudio.ProjectSystem.FileSystemMirroring.csproj", "{41AA8769-0FBC-4A80-8498-21C833F0C2AC}"
EndProject
Project("{FAE04EC0-301F-11D3-BF4B-00C04F79EFBC}") = "Microsoft.VisualStudio.ProjectSystem.FileSystemMirroring.Test", "ProjectSystem\Test\Microsoft.VisualStudio.ProjectSystem.FileSystemMirroring.Test.csproj", "{8B9B73CB-C7B4-4613-8ADA-5D8C1CF583E2}"
EndProject
Project("{2150E333-8FDC-42A3-9474-1A3956D46DE8}") = "Test", "Test", "{EE50720D-A0E5-45EE-B2EC-E065B569DB27}"
EndProject
Project("{FAE04EC0-301F-11D3-BF4B-00C04F79EFBC}") = "Microsoft.R.Host.Client", "Host\Client\Impl\Microsoft.R.Host.Client.csproj", "{E09D3BDA-2E6B-47B5-87AC-B6FC2D33DFAB}"
EndProject
Project("{FAE04EC0-301F-11D3-BF4B-00C04F79EFBC}") = "Microsoft.R.Host.Protocol", "Host\Protocol\Impl\Microsoft.R.Host.Protocol.csproj", "{C46E5F53-4CAF-4C65-B173-CA8140FB41E0}"
EndProject
Project("{FAE04EC0-301F-11D3-BF4B-00C04F79EFBC}") = "Microsoft.R.Host.Client.Test", "Host\Client\Test\Microsoft.R.Host.Client.Test.csproj", "{E1B1909E-3193-499B-91DB-1E13E6836929}"
EndProject
Project("{FAE04EC0-301F-11D3-BF4B-00C04F79EFBC}") = "Microsoft.Markdown.Editor", "Markdown\Editor\Impl\Microsoft.Markdown.Editor.csproj", "{98E0B8AC-1193-4BFD-BF5C-6712C93ABD03}"
EndProject
Project("{FAE04EC0-301F-11D3-BF4B-00C04F79EFBC}") = "Microsoft.Markdown.Editor.Test", "Markdown\Editor\Test\Microsoft.Markdown.Editor.Test.csproj", "{56534417-6C60-48A5-B355-12225C70431E}"
EndProject
Project("{930C7802-8A8C-48F9-8165-68863BCCD9DD}") = "Setup", "Setup\Setup.wixproj", "{B86E0BA1-82AF-45F8-9BE8-FDDCB8EF7F13}"
EndProject
Project("{FAE04EC0-301F-11D3-BF4B-00C04F79EFBC}") = "Microsoft.Languages.Editor.Application", "EditorTestApp\Microsoft.Languages.Editor.Application.csproj", "{9174C912-E757-4ECD-9D6E-9604BEF74900}"
EndProject
Project("{FAE04EC0-301F-11D3-BF4B-00C04F79EFBC}") = "Microsoft.R.Editor.Application.Test", "R\Editor\Application.Test\Microsoft.R.Editor.Application.Test.csproj", "{0FCAD5C4-CD55-4022-8907-8B9C912E9CA7}"
EndProject
Project("{FAE04EC0-301F-11D3-BF4B-00C04F79EFBC}") = "Microsoft.VisualStudio.R.Package.Test", "Package\Test\Microsoft.VisualStudio.R.Package.Test.csproj", "{C1B7FFE8-4D64-485E-A504-D041B05D7132}"
EndProject
Project("{FAE04EC0-301F-11D3-BF4B-00C04F79EFBC}") = "Microsoft.VisualStudio.Editor.Mocks", "Mocks\Editor\Microsoft.VisualStudio.Editor.Mocks.csproj", "{5FCB86D5-4B25-4039-858C-B5A06EB702E1}"
EndProject
Project("{FAE04EC0-301F-11D3-BF4B-00C04F79EFBC}") = "Microsoft.VisualStudio.Shell.Mocks", "Mocks\VisualStudio\Microsoft.VisualStudio.Shell.Mocks.csproj", "{BEF9464F-FF58-4693-AF12-A6FA75033A5C}"
EndProject
Project("{FAE04EC0-301F-11D3-BF4B-00C04F79EFBC}") = "Microsoft.R.Debugger", "Debugger\Impl\Microsoft.R.Debugger.csproj", "{6D62DF0D-D9C3-49A7-A693-ACD0691BA69D}"
EndProject
Project("{FAE04EC0-301F-11D3-BF4B-00C04F79EFBC}") = "Microsoft.Common.Wpf", "Common\Wpf\Impl\Microsoft.Common.Wpf.csproj", "{9DE5E0B5-C8BD-482C-85C3-B8E20F08453B}"
EndProject
Project("{8BC9CEB8-8B4A-11D0-8D11-00A0C91BC942}") = "Microsoft.R.Host", "Host\Process\src\Microsoft.R.Host.vcxproj", "{131842CE-DAF9-4C0E-8409-4A26EF7961A7}"
EndProject
Project("{FAE04EC0-301F-11D3-BF4B-00C04F79EFBC}") = "Microsoft.VisualStudio.R.Interactive.Test", "Package\TestApp\Microsoft.VisualStudio.R.Interactive.Test.csproj", "{0D80F608-CF60-42F8-A5E1-4E0ACFA384AF}"
EndProject
Project("{FAE04EC0-301F-11D3-BF4B-00C04F79EFBC}") = "Microsoft.R.Components.Test", "R\Components\Test\Microsoft.R.Components.Test.csproj", "{2AA8762F-3A84-4CD5-9AA0-77829A766769}"
EndProject
Project("{FAE04EC0-301F-11D3-BF4B-00C04F79EFBC}") = "SetupCustomActions", "SetupCustomActions\SetupCustomActions.csproj", "{F2149709-A88B-4F36-ABCA-307CA96E9FD1}"
EndProject
Project("{930C7802-8A8C-48F9-8165-68863BCCD9DD}") = "SetupRHost", "SetupRHost\SetupRHost.wixproj", "{A5265B92-029A-423E-9006-A7C1F52476ED}"
EndProject
Project("{FAE04EC0-301F-11D3-BF4B-00C04F79EFBC}") = "Microsoft.R.Components", "R\Components\Impl\Microsoft.R.Components.csproj", "{506141BE-1418-4D75-8E24-54A9280B0A66}"
EndProject
Project("{FAE04EC0-301F-11D3-BF4B-00C04F79EFBC}") = "Microsoft.R.Wpf", "R\Wpf\Impl\Microsoft.R.Wpf.csproj", "{F951311C-D665-4987-95A4-72A2DE37E263}"
EndProject
Project("{FAE04EC0-301F-11D3-BF4B-00C04F79EFBC}") = "Microsoft.Common.Wpf.Test", "Common\Wpf\Test\Microsoft.Common.Wpf.Test.csproj", "{A3978461-5C39-43AE-9067-D755D51E7B26}"
EndProject
Project("{FAE04EC0-301F-11D3-BF4B-00C04F79EFBC}") = "Microsoft.UnitTests.References.15.0", "UnitTests\References.15.0\Microsoft.UnitTests.References.15.0.csproj", "{4297FA87-629A-4000-8169-D97E8E64890E}"
EndProject
Project("{FAE04EC0-301F-11D3-BF4B-00C04F79EFBC}") = "Microsoft.UnitTests.References.14.0", "UnitTests\References.14.0\Microsoft.UnitTests.References.14.0.csproj", "{78203460-9937-45E5-81CC-3045DDC10527}"
EndProject
Project("{FAE04EC0-301F-11D3-BF4B-00C04F79EFBC}") = "Microsoft.R.Host.Broker", "Host\Broker\Impl\Microsoft.R.Host.Broker.csproj", "{2CC10E50-392E-4B5D-98E4-D38F0061D363}"
EndProject
Project("{FAE04EC0-301F-11D3-BF4B-00C04F79EFBC}") = "Microsoft.R.Interpreters.Test", "R\Interpreters\Test\Microsoft.R.Interpreters.Test.csproj", "{D73325D8-2406-47FF-9E7A-E295A847268B}"
EndProject
Project("{2150E333-8FDC-42A3-9474-1A3956D46DE8}") = "SetupProjects", "SetupProjects", "{84AF58FA-5E3E-45AB-9AB5-543C3CACD563}"
EndProject
Project("{930C7802-8A8C-48F9-8165-68863BCCD9DD}") = "SetupRemote", "SetupRemote\SetupRemote.wixproj", "{9A3D13C0-7685-4C5B-835C-9BFC9E42C0B0}"
EndProject
Project("{930C7802-8A8C-48F9-8165-68863BCCD9DD}") = "SetupRHostRemote", "SetupRHostRemote\SetupRHostRemote.wixproj", "{4AA5CE64-5BE2-414C-8AD9-E3110E490DC4}"
EndProject
Project("{FAE04EC0-301F-11D3-BF4B-00C04F79EFBC}") = "Microsoft.R.Host.UserProfile", "Host\UserProfile\Impl\Microsoft.R.Host.UserProfile.csproj", "{28C3629E-3FD8-4040-9CCE-6D62B9B1A5E3}"
EndProject
Project("{FAE04EC0-301F-11D3-BF4B-00C04F79EFBC}") = "Microsoft.VisualStudio.R.Sql", "R\Sql\Impl\Microsoft.VisualStudio.R.Sql.csproj", "{B0C3A5C2-F713-40C9-BF08-20A1014D74DE}"
EndProject
Global
	GlobalSection(SolutionConfigurationPlatforms) = preSolution
		Debug|Any CPU = Debug|Any CPU
		Debug|x64 = Debug|x64
		Debug|x86 = Debug|x86
		Release|Any CPU = Release|Any CPU
		Release|x64 = Release|x64
		Release|x86 = Release|x86
	EndGlobalSection
	GlobalSection(ProjectConfigurationPlatforms) = postSolution
		{26035FE3-25AB-45EC-BB45-7FD0B6C1D545}.Debug|Any CPU.ActiveCfg = Debug|Any CPU
		{26035FE3-25AB-45EC-BB45-7FD0B6C1D545}.Debug|Any CPU.Build.0 = Debug|Any CPU
		{26035FE3-25AB-45EC-BB45-7FD0B6C1D545}.Debug|x64.ActiveCfg = Debug|Any CPU
		{26035FE3-25AB-45EC-BB45-7FD0B6C1D545}.Debug|x64.Build.0 = Debug|Any CPU
		{26035FE3-25AB-45EC-BB45-7FD0B6C1D545}.Debug|x86.ActiveCfg = Debug|Any CPU
		{26035FE3-25AB-45EC-BB45-7FD0B6C1D545}.Debug|x86.Build.0 = Debug|Any CPU
		{26035FE3-25AB-45EC-BB45-7FD0B6C1D545}.Release|Any CPU.ActiveCfg = Release|Any CPU
		{26035FE3-25AB-45EC-BB45-7FD0B6C1D545}.Release|Any CPU.Build.0 = Release|Any CPU
		{26035FE3-25AB-45EC-BB45-7FD0B6C1D545}.Release|x64.ActiveCfg = Release|Any CPU
		{26035FE3-25AB-45EC-BB45-7FD0B6C1D545}.Release|x64.Build.0 = Release|Any CPU
		{26035FE3-25AB-45EC-BB45-7FD0B6C1D545}.Release|x86.ActiveCfg = Release|Any CPU
		{26035FE3-25AB-45EC-BB45-7FD0B6C1D545}.Release|x86.Build.0 = Release|Any CPU
		{25CD8690-6208-4740-B123-6DBCE6B9444A}.Debug|Any CPU.ActiveCfg = Debug|Any CPU
		{25CD8690-6208-4740-B123-6DBCE6B9444A}.Debug|Any CPU.Build.0 = Debug|Any CPU
		{25CD8690-6208-4740-B123-6DBCE6B9444A}.Debug|x64.ActiveCfg = Debug|Any CPU
		{25CD8690-6208-4740-B123-6DBCE6B9444A}.Debug|x64.Build.0 = Debug|Any CPU
		{25CD8690-6208-4740-B123-6DBCE6B9444A}.Debug|x86.ActiveCfg = Debug|Any CPU
		{25CD8690-6208-4740-B123-6DBCE6B9444A}.Debug|x86.Build.0 = Debug|Any CPU
		{25CD8690-6208-4740-B123-6DBCE6B9444A}.Release|Any CPU.ActiveCfg = Release|Any CPU
		{25CD8690-6208-4740-B123-6DBCE6B9444A}.Release|Any CPU.Build.0 = Release|Any CPU
		{25CD8690-6208-4740-B123-6DBCE6B9444A}.Release|x64.ActiveCfg = Release|Any CPU
		{25CD8690-6208-4740-B123-6DBCE6B9444A}.Release|x64.Build.0 = Release|Any CPU
		{25CD8690-6208-4740-B123-6DBCE6B9444A}.Release|x86.ActiveCfg = Release|Any CPU
		{25CD8690-6208-4740-B123-6DBCE6B9444A}.Release|x86.Build.0 = Release|Any CPU
		{EE2504A4-4666-460B-8552-5B342718CB02}.Debug|Any CPU.ActiveCfg = Debug|Any CPU
		{EE2504A4-4666-460B-8552-5B342718CB02}.Debug|Any CPU.Build.0 = Debug|Any CPU
		{EE2504A4-4666-460B-8552-5B342718CB02}.Debug|x64.ActiveCfg = Debug|Any CPU
		{EE2504A4-4666-460B-8552-5B342718CB02}.Debug|x64.Build.0 = Debug|Any CPU
		{EE2504A4-4666-460B-8552-5B342718CB02}.Debug|x86.ActiveCfg = Debug|Any CPU
		{EE2504A4-4666-460B-8552-5B342718CB02}.Debug|x86.Build.0 = Debug|Any CPU
		{EE2504A4-4666-460B-8552-5B342718CB02}.Release|Any CPU.ActiveCfg = Release|Any CPU
		{EE2504A4-4666-460B-8552-5B342718CB02}.Release|Any CPU.Build.0 = Release|Any CPU
		{EE2504A4-4666-460B-8552-5B342718CB02}.Release|x64.ActiveCfg = Release|Any CPU
		{EE2504A4-4666-460B-8552-5B342718CB02}.Release|x64.Build.0 = Release|Any CPU
		{EE2504A4-4666-460B-8552-5B342718CB02}.Release|x86.ActiveCfg = Release|Any CPU
		{EE2504A4-4666-460B-8552-5B342718CB02}.Release|x86.Build.0 = Release|Any CPU
		{62857E49-E586-4BAA-AE4D-1232093E7378}.Debug|Any CPU.ActiveCfg = Debug|Any CPU
		{62857E49-E586-4BAA-AE4D-1232093E7378}.Debug|Any CPU.Build.0 = Debug|Any CPU
		{62857E49-E586-4BAA-AE4D-1232093E7378}.Debug|x64.ActiveCfg = Debug|Any CPU
		{62857E49-E586-4BAA-AE4D-1232093E7378}.Debug|x64.Build.0 = Debug|Any CPU
		{62857E49-E586-4BAA-AE4D-1232093E7378}.Debug|x86.ActiveCfg = Debug|Any CPU
		{62857E49-E586-4BAA-AE4D-1232093E7378}.Debug|x86.Build.0 = Debug|Any CPU
		{62857E49-E586-4BAA-AE4D-1232093E7378}.Release|Any CPU.ActiveCfg = Release|Any CPU
		{62857E49-E586-4BAA-AE4D-1232093E7378}.Release|Any CPU.Build.0 = Release|Any CPU
		{62857E49-E586-4BAA-AE4D-1232093E7378}.Release|x64.ActiveCfg = Release|Any CPU
		{62857E49-E586-4BAA-AE4D-1232093E7378}.Release|x64.Build.0 = Release|Any CPU
		{62857E49-E586-4BAA-AE4D-1232093E7378}.Release|x86.ActiveCfg = Release|Any CPU
		{62857E49-E586-4BAA-AE4D-1232093E7378}.Release|x86.Build.0 = Release|Any CPU
		{5340191E-31E5-43A0-A485-B6678D391B10}.Debug|Any CPU.ActiveCfg = Debug|Any CPU
		{5340191E-31E5-43A0-A485-B6678D391B10}.Debug|Any CPU.Build.0 = Debug|Any CPU
		{5340191E-31E5-43A0-A485-B6678D391B10}.Debug|x64.ActiveCfg = Debug|Any CPU
		{5340191E-31E5-43A0-A485-B6678D391B10}.Debug|x64.Build.0 = Debug|Any CPU
		{5340191E-31E5-43A0-A485-B6678D391B10}.Debug|x86.ActiveCfg = Debug|Any CPU
		{5340191E-31E5-43A0-A485-B6678D391B10}.Debug|x86.Build.0 = Debug|Any CPU
		{5340191E-31E5-43A0-A485-B6678D391B10}.Release|Any CPU.ActiveCfg = Release|Any CPU
		{5340191E-31E5-43A0-A485-B6678D391B10}.Release|Any CPU.Build.0 = Release|Any CPU
		{5340191E-31E5-43A0-A485-B6678D391B10}.Release|x64.ActiveCfg = Release|Any CPU
		{5340191E-31E5-43A0-A485-B6678D391B10}.Release|x64.Build.0 = Release|Any CPU
		{5340191E-31E5-43A0-A485-B6678D391B10}.Release|x86.ActiveCfg = Release|Any CPU
		{5340191E-31E5-43A0-A485-B6678D391B10}.Release|x86.Build.0 = Release|Any CPU
		{0C4BCE1D-3CB8-4E2A-9252-58784D7F26A5}.Debug|Any CPU.ActiveCfg = Debug|Any CPU
		{0C4BCE1D-3CB8-4E2A-9252-58784D7F26A5}.Debug|Any CPU.Build.0 = Debug|Any CPU
		{0C4BCE1D-3CB8-4E2A-9252-58784D7F26A5}.Debug|x64.ActiveCfg = Debug|Any CPU
		{0C4BCE1D-3CB8-4E2A-9252-58784D7F26A5}.Debug|x64.Build.0 = Debug|Any CPU
		{0C4BCE1D-3CB8-4E2A-9252-58784D7F26A5}.Debug|x86.ActiveCfg = Debug|Any CPU
		{0C4BCE1D-3CB8-4E2A-9252-58784D7F26A5}.Debug|x86.Build.0 = Debug|Any CPU
		{0C4BCE1D-3CB8-4E2A-9252-58784D7F26A5}.Release|Any CPU.ActiveCfg = Release|Any CPU
		{0C4BCE1D-3CB8-4E2A-9252-58784D7F26A5}.Release|Any CPU.Build.0 = Release|Any CPU
		{0C4BCE1D-3CB8-4E2A-9252-58784D7F26A5}.Release|x64.ActiveCfg = Release|Any CPU
		{0C4BCE1D-3CB8-4E2A-9252-58784D7F26A5}.Release|x64.Build.0 = Release|Any CPU
		{0C4BCE1D-3CB8-4E2A-9252-58784D7F26A5}.Release|x86.ActiveCfg = Release|Any CPU
		{0C4BCE1D-3CB8-4E2A-9252-58784D7F26A5}.Release|x86.Build.0 = Release|Any CPU
		{58D86BE4-FA8B-4F59-91FE-A9B348C70ED2}.Debug|Any CPU.ActiveCfg = Debug|Any CPU
		{58D86BE4-FA8B-4F59-91FE-A9B348C70ED2}.Debug|Any CPU.Build.0 = Debug|Any CPU
		{58D86BE4-FA8B-4F59-91FE-A9B348C70ED2}.Debug|x64.ActiveCfg = Debug|Any CPU
		{58D86BE4-FA8B-4F59-91FE-A9B348C70ED2}.Debug|x64.Build.0 = Debug|Any CPU
		{58D86BE4-FA8B-4F59-91FE-A9B348C70ED2}.Debug|x86.ActiveCfg = Debug|Any CPU
		{58D86BE4-FA8B-4F59-91FE-A9B348C70ED2}.Debug|x86.Build.0 = Debug|Any CPU
		{58D86BE4-FA8B-4F59-91FE-A9B348C70ED2}.Release|Any CPU.ActiveCfg = Release|Any CPU
		{58D86BE4-FA8B-4F59-91FE-A9B348C70ED2}.Release|Any CPU.Build.0 = Release|Any CPU
		{58D86BE4-FA8B-4F59-91FE-A9B348C70ED2}.Release|x64.ActiveCfg = Release|Any CPU
		{58D86BE4-FA8B-4F59-91FE-A9B348C70ED2}.Release|x64.Build.0 = Release|Any CPU
		{58D86BE4-FA8B-4F59-91FE-A9B348C70ED2}.Release|x86.ActiveCfg = Release|Any CPU
		{58D86BE4-FA8B-4F59-91FE-A9B348C70ED2}.Release|x86.Build.0 = Release|Any CPU
		{AD8A000B-320D-4B11-B7FF-95C314A40E7B}.Debug|Any CPU.ActiveCfg = Debug|Any CPU
		{AD8A000B-320D-4B11-B7FF-95C314A40E7B}.Debug|Any CPU.Build.0 = Debug|Any CPU
		{AD8A000B-320D-4B11-B7FF-95C314A40E7B}.Debug|x64.ActiveCfg = Debug|Any CPU
		{AD8A000B-320D-4B11-B7FF-95C314A40E7B}.Debug|x64.Build.0 = Debug|Any CPU
		{AD8A000B-320D-4B11-B7FF-95C314A40E7B}.Debug|x86.ActiveCfg = Debug|Any CPU
		{AD8A000B-320D-4B11-B7FF-95C314A40E7B}.Debug|x86.Build.0 = Debug|Any CPU
		{AD8A000B-320D-4B11-B7FF-95C314A40E7B}.Release|Any CPU.ActiveCfg = Release|Any CPU
		{AD8A000B-320D-4B11-B7FF-95C314A40E7B}.Release|Any CPU.Build.0 = Release|Any CPU
		{AD8A000B-320D-4B11-B7FF-95C314A40E7B}.Release|x64.ActiveCfg = Release|Any CPU
		{AD8A000B-320D-4B11-B7FF-95C314A40E7B}.Release|x64.Build.0 = Release|Any CPU
		{AD8A000B-320D-4B11-B7FF-95C314A40E7B}.Release|x86.ActiveCfg = Release|Any CPU
		{AD8A000B-320D-4B11-B7FF-95C314A40E7B}.Release|x86.Build.0 = Release|Any CPU
		{D6EEEF87-CE3A-4804-A409-39966B96C850}.Debug|Any CPU.ActiveCfg = Debug|Any CPU
		{D6EEEF87-CE3A-4804-A409-39966B96C850}.Debug|Any CPU.Build.0 = Debug|Any CPU
		{D6EEEF87-CE3A-4804-A409-39966B96C850}.Debug|x64.ActiveCfg = Debug|Any CPU
		{D6EEEF87-CE3A-4804-A409-39966B96C850}.Debug|x64.Build.0 = Debug|Any CPU
		{D6EEEF87-CE3A-4804-A409-39966B96C850}.Debug|x86.ActiveCfg = Debug|Any CPU
		{D6EEEF87-CE3A-4804-A409-39966B96C850}.Debug|x86.Build.0 = Debug|Any CPU
		{D6EEEF87-CE3A-4804-A409-39966B96C850}.Release|Any CPU.ActiveCfg = Release|Any CPU
		{D6EEEF87-CE3A-4804-A409-39966B96C850}.Release|Any CPU.Build.0 = Release|Any CPU
		{D6EEEF87-CE3A-4804-A409-39966B96C850}.Release|x64.ActiveCfg = Release|Any CPU
		{D6EEEF87-CE3A-4804-A409-39966B96C850}.Release|x64.Build.0 = Release|Any CPU
		{D6EEEF87-CE3A-4804-A409-39966B96C850}.Release|x86.ActiveCfg = Release|Any CPU
		{D6EEEF87-CE3A-4804-A409-39966B96C850}.Release|x86.Build.0 = Release|Any CPU
		{9066522E-780E-4409-B410-2525E6A621FC}.Debug|Any CPU.ActiveCfg = Debug|Any CPU
		{9066522E-780E-4409-B410-2525E6A621FC}.Debug|Any CPU.Build.0 = Debug|Any CPU
		{9066522E-780E-4409-B410-2525E6A621FC}.Debug|x64.ActiveCfg = Debug|Any CPU
		{9066522E-780E-4409-B410-2525E6A621FC}.Debug|x64.Build.0 = Debug|Any CPU
		{9066522E-780E-4409-B410-2525E6A621FC}.Debug|x86.ActiveCfg = Debug|Any CPU
		{9066522E-780E-4409-B410-2525E6A621FC}.Debug|x86.Build.0 = Debug|Any CPU
		{9066522E-780E-4409-B410-2525E6A621FC}.Release|Any CPU.ActiveCfg = Release|Any CPU
		{9066522E-780E-4409-B410-2525E6A621FC}.Release|Any CPU.Build.0 = Release|Any CPU
		{9066522E-780E-4409-B410-2525E6A621FC}.Release|x64.ActiveCfg = Release|Any CPU
		{9066522E-780E-4409-B410-2525E6A621FC}.Release|x64.Build.0 = Release|Any CPU
		{9066522E-780E-4409-B410-2525E6A621FC}.Release|x86.ActiveCfg = Release|Any CPU
		{9066522E-780E-4409-B410-2525E6A621FC}.Release|x86.Build.0 = Release|Any CPU
		{C1957D47-B0B4-42E0-BC08-0D5E96E47FE4}.Debug|Any CPU.ActiveCfg = Debug|Any CPU
		{C1957D47-B0B4-42E0-BC08-0D5E96E47FE4}.Debug|Any CPU.Build.0 = Debug|Any CPU
		{C1957D47-B0B4-42E0-BC08-0D5E96E47FE4}.Debug|x64.ActiveCfg = Debug|Any CPU
		{C1957D47-B0B4-42E0-BC08-0D5E96E47FE4}.Debug|x64.Build.0 = Debug|Any CPU
		{C1957D47-B0B4-42E0-BC08-0D5E96E47FE4}.Debug|x86.ActiveCfg = Debug|Any CPU
		{C1957D47-B0B4-42E0-BC08-0D5E96E47FE4}.Debug|x86.Build.0 = Debug|Any CPU
		{C1957D47-B0B4-42E0-BC08-0D5E96E47FE4}.Release|Any CPU.ActiveCfg = Release|Any CPU
		{C1957D47-B0B4-42E0-BC08-0D5E96E47FE4}.Release|Any CPU.Build.0 = Release|Any CPU
		{C1957D47-B0B4-42E0-BC08-0D5E96E47FE4}.Release|x64.ActiveCfg = Release|Any CPU
		{C1957D47-B0B4-42E0-BC08-0D5E96E47FE4}.Release|x64.Build.0 = Release|Any CPU
		{C1957D47-B0B4-42E0-BC08-0D5E96E47FE4}.Release|x86.ActiveCfg = Release|Any CPU
		{C1957D47-B0B4-42E0-BC08-0D5E96E47FE4}.Release|x86.Build.0 = Release|Any CPU
		{5504F3D6-08D3-401F-8214-409A60735185}.Debug|Any CPU.ActiveCfg = Debug|Any CPU
		{5504F3D6-08D3-401F-8214-409A60735185}.Debug|Any CPU.Build.0 = Debug|Any CPU
		{5504F3D6-08D3-401F-8214-409A60735185}.Debug|x64.ActiveCfg = Debug|Any CPU
		{5504F3D6-08D3-401F-8214-409A60735185}.Debug|x64.Build.0 = Debug|Any CPU
		{5504F3D6-08D3-401F-8214-409A60735185}.Debug|x86.ActiveCfg = Debug|Any CPU
		{5504F3D6-08D3-401F-8214-409A60735185}.Debug|x86.Build.0 = Debug|Any CPU
		{5504F3D6-08D3-401F-8214-409A60735185}.Release|Any CPU.ActiveCfg = Release|Any CPU
		{5504F3D6-08D3-401F-8214-409A60735185}.Release|Any CPU.Build.0 = Release|Any CPU
		{5504F3D6-08D3-401F-8214-409A60735185}.Release|x64.ActiveCfg = Release|Any CPU
		{5504F3D6-08D3-401F-8214-409A60735185}.Release|x64.Build.0 = Release|Any CPU
		{5504F3D6-08D3-401F-8214-409A60735185}.Release|x86.ActiveCfg = Release|Any CPU
		{5504F3D6-08D3-401F-8214-409A60735185}.Release|x86.Build.0 = Release|Any CPU
		{8445A4FB-4443-432C-94E8-1408559B7F58}.Debug|Any CPU.ActiveCfg = Debug|Any CPU
		{8445A4FB-4443-432C-94E8-1408559B7F58}.Debug|Any CPU.Build.0 = Debug|Any CPU
		{8445A4FB-4443-432C-94E8-1408559B7F58}.Debug|x64.ActiveCfg = Debug|Any CPU
		{8445A4FB-4443-432C-94E8-1408559B7F58}.Debug|x64.Build.0 = Debug|Any CPU
		{8445A4FB-4443-432C-94E8-1408559B7F58}.Debug|x86.ActiveCfg = Debug|Any CPU
		{8445A4FB-4443-432C-94E8-1408559B7F58}.Debug|x86.Build.0 = Debug|Any CPU
		{8445A4FB-4443-432C-94E8-1408559B7F58}.Release|Any CPU.ActiveCfg = Release|Any CPU
		{8445A4FB-4443-432C-94E8-1408559B7F58}.Release|Any CPU.Build.0 = Release|Any CPU
		{8445A4FB-4443-432C-94E8-1408559B7F58}.Release|x64.ActiveCfg = Release|Any CPU
		{8445A4FB-4443-432C-94E8-1408559B7F58}.Release|x64.Build.0 = Release|Any CPU
		{8445A4FB-4443-432C-94E8-1408559B7F58}.Release|x86.ActiveCfg = Release|Any CPU
		{8445A4FB-4443-432C-94E8-1408559B7F58}.Release|x86.Build.0 = Release|Any CPU
		{8D408909-459F-4853-A36C-745118F99869}.Debug|Any CPU.ActiveCfg = Debug|Any CPU
		{8D408909-459F-4853-A36C-745118F99869}.Debug|Any CPU.Build.0 = Debug|Any CPU
		{8D408909-459F-4853-A36C-745118F99869}.Debug|x64.ActiveCfg = Debug|Any CPU
		{8D408909-459F-4853-A36C-745118F99869}.Debug|x64.Build.0 = Debug|Any CPU
		{8D408909-459F-4853-A36C-745118F99869}.Debug|x86.ActiveCfg = Debug|Any CPU
		{8D408909-459F-4853-A36C-745118F99869}.Debug|x86.Build.0 = Debug|Any CPU
		{8D408909-459F-4853-A36C-745118F99869}.Release|Any CPU.ActiveCfg = Release|Any CPU
		{8D408909-459F-4853-A36C-745118F99869}.Release|Any CPU.Build.0 = Release|Any CPU
		{8D408909-459F-4853-A36C-745118F99869}.Release|x64.ActiveCfg = Release|Any CPU
		{8D408909-459F-4853-A36C-745118F99869}.Release|x64.Build.0 = Release|Any CPU
		{8D408909-459F-4853-A36C-745118F99869}.Release|x86.ActiveCfg = Release|Any CPU
		{8D408909-459F-4853-A36C-745118F99869}.Release|x86.Build.0 = Release|Any CPU
		{FC4AAD0A-13B9-49EE-A59C-F03142958170}.Debug|Any CPU.ActiveCfg = Debug|Any CPU
		{FC4AAD0A-13B9-49EE-A59C-F03142958170}.Debug|Any CPU.Build.0 = Debug|Any CPU
		{FC4AAD0A-13B9-49EE-A59C-F03142958170}.Debug|x64.ActiveCfg = Debug|Any CPU
		{FC4AAD0A-13B9-49EE-A59C-F03142958170}.Debug|x64.Build.0 = Debug|Any CPU
		{FC4AAD0A-13B9-49EE-A59C-F03142958170}.Debug|x86.ActiveCfg = Debug|Any CPU
		{FC4AAD0A-13B9-49EE-A59C-F03142958170}.Debug|x86.Build.0 = Debug|Any CPU
		{FC4AAD0A-13B9-49EE-A59C-F03142958170}.Release|Any CPU.ActiveCfg = Release|Any CPU
		{FC4AAD0A-13B9-49EE-A59C-F03142958170}.Release|Any CPU.Build.0 = Release|Any CPU
		{FC4AAD0A-13B9-49EE-A59C-F03142958170}.Release|x64.ActiveCfg = Release|Any CPU
		{FC4AAD0A-13B9-49EE-A59C-F03142958170}.Release|x64.Build.0 = Release|Any CPU
		{FC4AAD0A-13B9-49EE-A59C-F03142958170}.Release|x86.ActiveCfg = Release|Any CPU
		{FC4AAD0A-13B9-49EE-A59C-F03142958170}.Release|x86.Build.0 = Release|Any CPU
		{5EF2AD64-D6FE-446B-B350-8C7F0DF0834D}.Debug|Any CPU.ActiveCfg = Debug|Any CPU
		{5EF2AD64-D6FE-446B-B350-8C7F0DF0834D}.Debug|Any CPU.Build.0 = Debug|Any CPU
		{5EF2AD64-D6FE-446B-B350-8C7F0DF0834D}.Debug|x64.ActiveCfg = Debug|Any CPU
		{5EF2AD64-D6FE-446B-B350-8C7F0DF0834D}.Debug|x64.Build.0 = Debug|Any CPU
		{5EF2AD64-D6FE-446B-B350-8C7F0DF0834D}.Debug|x86.ActiveCfg = Debug|Any CPU
		{5EF2AD64-D6FE-446B-B350-8C7F0DF0834D}.Debug|x86.Build.0 = Debug|Any CPU
		{5EF2AD64-D6FE-446B-B350-8C7F0DF0834D}.Release|Any CPU.ActiveCfg = Release|Any CPU
		{5EF2AD64-D6FE-446B-B350-8C7F0DF0834D}.Release|Any CPU.Build.0 = Release|Any CPU
		{5EF2AD64-D6FE-446B-B350-8C7F0DF0834D}.Release|x64.ActiveCfg = Release|Any CPU
		{5EF2AD64-D6FE-446B-B350-8C7F0DF0834D}.Release|x64.Build.0 = Release|Any CPU
		{5EF2AD64-D6FE-446B-B350-8C7F0DF0834D}.Release|x86.ActiveCfg = Release|Any CPU
		{5EF2AD64-D6FE-446B-B350-8C7F0DF0834D}.Release|x86.Build.0 = Release|Any CPU
		{95C6EA83-00BC-4E1E-8A80-67A69E542F21}.Debug|Any CPU.ActiveCfg = Debug|Any CPU
		{95C6EA83-00BC-4E1E-8A80-67A69E542F21}.Debug|Any CPU.Build.0 = Debug|Any CPU
		{95C6EA83-00BC-4E1E-8A80-67A69E542F21}.Debug|x64.ActiveCfg = Debug|Any CPU
		{95C6EA83-00BC-4E1E-8A80-67A69E542F21}.Debug|x64.Build.0 = Debug|Any CPU
		{95C6EA83-00BC-4E1E-8A80-67A69E542F21}.Debug|x86.ActiveCfg = Debug|Any CPU
		{95C6EA83-00BC-4E1E-8A80-67A69E542F21}.Debug|x86.Build.0 = Debug|Any CPU
		{95C6EA83-00BC-4E1E-8A80-67A69E542F21}.Release|Any CPU.ActiveCfg = Release|Any CPU
		{95C6EA83-00BC-4E1E-8A80-67A69E542F21}.Release|Any CPU.Build.0 = Release|Any CPU
		{95C6EA83-00BC-4E1E-8A80-67A69E542F21}.Release|x64.ActiveCfg = Release|Any CPU
		{95C6EA83-00BC-4E1E-8A80-67A69E542F21}.Release|x64.Build.0 = Release|Any CPU
		{95C6EA83-00BC-4E1E-8A80-67A69E542F21}.Release|x86.ActiveCfg = Release|Any CPU
		{95C6EA83-00BC-4E1E-8A80-67A69E542F21}.Release|x86.Build.0 = Release|Any CPU
		{41AA8769-0FBC-4A80-8498-21C833F0C2AC}.Debug|Any CPU.ActiveCfg = Debug|Any CPU
		{41AA8769-0FBC-4A80-8498-21C833F0C2AC}.Debug|Any CPU.Build.0 = Debug|Any CPU
		{41AA8769-0FBC-4A80-8498-21C833F0C2AC}.Debug|x64.ActiveCfg = Debug|Any CPU
		{41AA8769-0FBC-4A80-8498-21C833F0C2AC}.Debug|x64.Build.0 = Debug|Any CPU
		{41AA8769-0FBC-4A80-8498-21C833F0C2AC}.Debug|x86.ActiveCfg = Debug|Any CPU
		{41AA8769-0FBC-4A80-8498-21C833F0C2AC}.Debug|x86.Build.0 = Debug|Any CPU
		{41AA8769-0FBC-4A80-8498-21C833F0C2AC}.Release|Any CPU.ActiveCfg = Release|Any CPU
		{41AA8769-0FBC-4A80-8498-21C833F0C2AC}.Release|Any CPU.Build.0 = Release|Any CPU
		{41AA8769-0FBC-4A80-8498-21C833F0C2AC}.Release|x64.ActiveCfg = Release|Any CPU
		{41AA8769-0FBC-4A80-8498-21C833F0C2AC}.Release|x64.Build.0 = Release|Any CPU
		{41AA8769-0FBC-4A80-8498-21C833F0C2AC}.Release|x86.ActiveCfg = Release|Any CPU
		{41AA8769-0FBC-4A80-8498-21C833F0C2AC}.Release|x86.Build.0 = Release|Any CPU
		{8B9B73CB-C7B4-4613-8ADA-5D8C1CF583E2}.Debug|Any CPU.ActiveCfg = Debug|Any CPU
		{8B9B73CB-C7B4-4613-8ADA-5D8C1CF583E2}.Debug|Any CPU.Build.0 = Debug|Any CPU
		{8B9B73CB-C7B4-4613-8ADA-5D8C1CF583E2}.Debug|x64.ActiveCfg = Debug|Any CPU
		{8B9B73CB-C7B4-4613-8ADA-5D8C1CF583E2}.Debug|x64.Build.0 = Debug|Any CPU
		{8B9B73CB-C7B4-4613-8ADA-5D8C1CF583E2}.Debug|x86.ActiveCfg = Debug|Any CPU
		{8B9B73CB-C7B4-4613-8ADA-5D8C1CF583E2}.Debug|x86.Build.0 = Debug|Any CPU
		{8B9B73CB-C7B4-4613-8ADA-5D8C1CF583E2}.Release|Any CPU.ActiveCfg = Release|Any CPU
		{8B9B73CB-C7B4-4613-8ADA-5D8C1CF583E2}.Release|Any CPU.Build.0 = Release|Any CPU
		{8B9B73CB-C7B4-4613-8ADA-5D8C1CF583E2}.Release|x64.ActiveCfg = Release|Any CPU
		{8B9B73CB-C7B4-4613-8ADA-5D8C1CF583E2}.Release|x64.Build.0 = Release|Any CPU
		{8B9B73CB-C7B4-4613-8ADA-5D8C1CF583E2}.Release|x86.ActiveCfg = Release|Any CPU
		{8B9B73CB-C7B4-4613-8ADA-5D8C1CF583E2}.Release|x86.Build.0 = Release|Any CPU
		{E09D3BDA-2E6B-47B5-87AC-B6FC2D33DFAB}.Debug|Any CPU.ActiveCfg = Debug|Any CPU
		{E09D3BDA-2E6B-47B5-87AC-B6FC2D33DFAB}.Debug|Any CPU.Build.0 = Debug|Any CPU
		{E09D3BDA-2E6B-47B5-87AC-B6FC2D33DFAB}.Debug|x64.ActiveCfg = Debug|Any CPU
		{E09D3BDA-2E6B-47B5-87AC-B6FC2D33DFAB}.Debug|x64.Build.0 = Debug|Any CPU
		{E09D3BDA-2E6B-47B5-87AC-B6FC2D33DFAB}.Debug|x86.ActiveCfg = Debug|Any CPU
		{E09D3BDA-2E6B-47B5-87AC-B6FC2D33DFAB}.Debug|x86.Build.0 = Debug|Any CPU
		{E09D3BDA-2E6B-47B5-87AC-B6FC2D33DFAB}.Release|Any CPU.ActiveCfg = Release|Any CPU
		{E09D3BDA-2E6B-47B5-87AC-B6FC2D33DFAB}.Release|Any CPU.Build.0 = Release|Any CPU
		{E09D3BDA-2E6B-47B5-87AC-B6FC2D33DFAB}.Release|x64.ActiveCfg = Release|Any CPU
		{E09D3BDA-2E6B-47B5-87AC-B6FC2D33DFAB}.Release|x64.Build.0 = Release|Any CPU
		{E09D3BDA-2E6B-47B5-87AC-B6FC2D33DFAB}.Release|x86.ActiveCfg = Release|Any CPU
		{E09D3BDA-2E6B-47B5-87AC-B6FC2D33DFAB}.Release|x86.Build.0 = Release|Any CPU
		{C46E5F53-4CAF-4C65-B173-CA8140FB41E0}.Debug|Any CPU.ActiveCfg = Debug|Any CPU
		{C46E5F53-4CAF-4C65-B173-CA8140FB41E0}.Debug|Any CPU.Build.0 = Debug|Any CPU
		{C46E5F53-4CAF-4C65-B173-CA8140FB41E0}.Debug|x64.ActiveCfg = Debug|Any CPU
		{C46E5F53-4CAF-4C65-B173-CA8140FB41E0}.Debug|x64.Build.0 = Debug|Any CPU
		{C46E5F53-4CAF-4C65-B173-CA8140FB41E0}.Debug|x86.ActiveCfg = Debug|Any CPU
		{C46E5F53-4CAF-4C65-B173-CA8140FB41E0}.Debug|x86.Build.0 = Debug|Any CPU
		{C46E5F53-4CAF-4C65-B173-CA8140FB41E0}.Release|Any CPU.ActiveCfg = Release|Any CPU
		{C46E5F53-4CAF-4C65-B173-CA8140FB41E0}.Release|Any CPU.Build.0 = Release|Any CPU
		{C46E5F53-4CAF-4C65-B173-CA8140FB41E0}.Release|x64.ActiveCfg = Release|Any CPU
		{C46E5F53-4CAF-4C65-B173-CA8140FB41E0}.Release|x64.Build.0 = Release|Any CPU
		{C46E5F53-4CAF-4C65-B173-CA8140FB41E0}.Release|x86.ActiveCfg = Release|Any CPU
		{C46E5F53-4CAF-4C65-B173-CA8140FB41E0}.Release|x86.Build.0 = Release|Any CPU
		{E1B1909E-3193-499B-91DB-1E13E6836929}.Debug|Any CPU.ActiveCfg = Debug|Any CPU
		{E1B1909E-3193-499B-91DB-1E13E6836929}.Debug|Any CPU.Build.0 = Debug|Any CPU
		{E1B1909E-3193-499B-91DB-1E13E6836929}.Debug|x64.ActiveCfg = Debug|Any CPU
		{E1B1909E-3193-499B-91DB-1E13E6836929}.Debug|x64.Build.0 = Debug|Any CPU
		{E1B1909E-3193-499B-91DB-1E13E6836929}.Debug|x86.ActiveCfg = Debug|Any CPU
		{E1B1909E-3193-499B-91DB-1E13E6836929}.Debug|x86.Build.0 = Debug|Any CPU
		{E1B1909E-3193-499B-91DB-1E13E6836929}.Release|Any CPU.ActiveCfg = Release|Any CPU
		{E1B1909E-3193-499B-91DB-1E13E6836929}.Release|Any CPU.Build.0 = Release|Any CPU
		{E1B1909E-3193-499B-91DB-1E13E6836929}.Release|x64.ActiveCfg = Release|Any CPU
		{E1B1909E-3193-499B-91DB-1E13E6836929}.Release|x64.Build.0 = Release|Any CPU
		{E1B1909E-3193-499B-91DB-1E13E6836929}.Release|x86.ActiveCfg = Release|Any CPU
		{E1B1909E-3193-499B-91DB-1E13E6836929}.Release|x86.Build.0 = Release|Any CPU
		{98E0B8AC-1193-4BFD-BF5C-6712C93ABD03}.Debug|Any CPU.ActiveCfg = Debug|Any CPU
		{98E0B8AC-1193-4BFD-BF5C-6712C93ABD03}.Debug|Any CPU.Build.0 = Debug|Any CPU
		{98E0B8AC-1193-4BFD-BF5C-6712C93ABD03}.Debug|x64.ActiveCfg = Debug|Any CPU
		{98E0B8AC-1193-4BFD-BF5C-6712C93ABD03}.Debug|x64.Build.0 = Debug|Any CPU
		{98E0B8AC-1193-4BFD-BF5C-6712C93ABD03}.Debug|x86.ActiveCfg = Debug|Any CPU
		{98E0B8AC-1193-4BFD-BF5C-6712C93ABD03}.Debug|x86.Build.0 = Debug|Any CPU
		{98E0B8AC-1193-4BFD-BF5C-6712C93ABD03}.Release|Any CPU.ActiveCfg = Release|Any CPU
		{98E0B8AC-1193-4BFD-BF5C-6712C93ABD03}.Release|Any CPU.Build.0 = Release|Any CPU
		{98E0B8AC-1193-4BFD-BF5C-6712C93ABD03}.Release|x64.ActiveCfg = Release|Any CPU
		{98E0B8AC-1193-4BFD-BF5C-6712C93ABD03}.Release|x64.Build.0 = Release|Any CPU
		{98E0B8AC-1193-4BFD-BF5C-6712C93ABD03}.Release|x86.ActiveCfg = Release|Any CPU
		{98E0B8AC-1193-4BFD-BF5C-6712C93ABD03}.Release|x86.Build.0 = Release|Any CPU
		{56534417-6C60-48A5-B355-12225C70431E}.Debug|Any CPU.ActiveCfg = Debug|Any CPU
		{56534417-6C60-48A5-B355-12225C70431E}.Debug|Any CPU.Build.0 = Debug|Any CPU
		{56534417-6C60-48A5-B355-12225C70431E}.Debug|x64.ActiveCfg = Debug|Any CPU
		{56534417-6C60-48A5-B355-12225C70431E}.Debug|x64.Build.0 = Debug|Any CPU
		{56534417-6C60-48A5-B355-12225C70431E}.Debug|x86.ActiveCfg = Debug|Any CPU
		{56534417-6C60-48A5-B355-12225C70431E}.Debug|x86.Build.0 = Debug|Any CPU
		{56534417-6C60-48A5-B355-12225C70431E}.Release|Any CPU.ActiveCfg = Release|Any CPU
		{56534417-6C60-48A5-B355-12225C70431E}.Release|Any CPU.Build.0 = Release|Any CPU
		{56534417-6C60-48A5-B355-12225C70431E}.Release|x64.ActiveCfg = Release|Any CPU
		{56534417-6C60-48A5-B355-12225C70431E}.Release|x64.Build.0 = Release|Any CPU
		{56534417-6C60-48A5-B355-12225C70431E}.Release|x86.ActiveCfg = Release|Any CPU
		{56534417-6C60-48A5-B355-12225C70431E}.Release|x86.Build.0 = Release|Any CPU
		{B86E0BA1-82AF-45F8-9BE8-FDDCB8EF7F13}.Debug|Any CPU.ActiveCfg = Debug|x86
		{B86E0BA1-82AF-45F8-9BE8-FDDCB8EF7F13}.Debug|x64.ActiveCfg = Debug|x86
		{B86E0BA1-82AF-45F8-9BE8-FDDCB8EF7F13}.Debug|x86.ActiveCfg = Debug|x86
		{B86E0BA1-82AF-45F8-9BE8-FDDCB8EF7F13}.Debug|x86.Build.0 = Debug|x86
		{B86E0BA1-82AF-45F8-9BE8-FDDCB8EF7F13}.Release|Any CPU.ActiveCfg = Release|x86
		{B86E0BA1-82AF-45F8-9BE8-FDDCB8EF7F13}.Release|x64.ActiveCfg = Release|x86
		{B86E0BA1-82AF-45F8-9BE8-FDDCB8EF7F13}.Release|x86.ActiveCfg = Release|x86
		{B86E0BA1-82AF-45F8-9BE8-FDDCB8EF7F13}.Release|x86.Build.0 = Release|x86
		{9174C912-E757-4ECD-9D6E-9604BEF74900}.Debug|Any CPU.ActiveCfg = Debug|Any CPU
		{9174C912-E757-4ECD-9D6E-9604BEF74900}.Debug|Any CPU.Build.0 = Debug|Any CPU
		{9174C912-E757-4ECD-9D6E-9604BEF74900}.Debug|x64.ActiveCfg = Debug|Any CPU
		{9174C912-E757-4ECD-9D6E-9604BEF74900}.Debug|x64.Build.0 = Debug|Any CPU
		{9174C912-E757-4ECD-9D6E-9604BEF74900}.Debug|x86.ActiveCfg = Debug|Any CPU
		{9174C912-E757-4ECD-9D6E-9604BEF74900}.Debug|x86.Build.0 = Debug|Any CPU
		{9174C912-E757-4ECD-9D6E-9604BEF74900}.Release|Any CPU.ActiveCfg = Release|Any CPU
		{9174C912-E757-4ECD-9D6E-9604BEF74900}.Release|Any CPU.Build.0 = Release|Any CPU
		{9174C912-E757-4ECD-9D6E-9604BEF74900}.Release|x64.ActiveCfg = Release|Any CPU
		{9174C912-E757-4ECD-9D6E-9604BEF74900}.Release|x64.Build.0 = Release|Any CPU
		{9174C912-E757-4ECD-9D6E-9604BEF74900}.Release|x86.ActiveCfg = Release|Any CPU
		{9174C912-E757-4ECD-9D6E-9604BEF74900}.Release|x86.Build.0 = Release|Any CPU
		{0FCAD5C4-CD55-4022-8907-8B9C912E9CA7}.Debug|Any CPU.ActiveCfg = Debug|Any CPU
		{0FCAD5C4-CD55-4022-8907-8B9C912E9CA7}.Debug|Any CPU.Build.0 = Debug|Any CPU
		{0FCAD5C4-CD55-4022-8907-8B9C912E9CA7}.Debug|x64.ActiveCfg = Debug|Any CPU
		{0FCAD5C4-CD55-4022-8907-8B9C912E9CA7}.Debug|x64.Build.0 = Debug|Any CPU
		{0FCAD5C4-CD55-4022-8907-8B9C912E9CA7}.Debug|x86.ActiveCfg = Debug|Any CPU
		{0FCAD5C4-CD55-4022-8907-8B9C912E9CA7}.Debug|x86.Build.0 = Debug|Any CPU
		{0FCAD5C4-CD55-4022-8907-8B9C912E9CA7}.Release|Any CPU.ActiveCfg = Release|Any CPU
		{0FCAD5C4-CD55-4022-8907-8B9C912E9CA7}.Release|Any CPU.Build.0 = Release|Any CPU
		{0FCAD5C4-CD55-4022-8907-8B9C912E9CA7}.Release|x64.ActiveCfg = Release|Any CPU
		{0FCAD5C4-CD55-4022-8907-8B9C912E9CA7}.Release|x64.Build.0 = Release|Any CPU
		{0FCAD5C4-CD55-4022-8907-8B9C912E9CA7}.Release|x86.ActiveCfg = Release|Any CPU
		{0FCAD5C4-CD55-4022-8907-8B9C912E9CA7}.Release|x86.Build.0 = Release|Any CPU
		{C1B7FFE8-4D64-485E-A504-D041B05D7132}.Debug|Any CPU.ActiveCfg = Debug|Any CPU
		{C1B7FFE8-4D64-485E-A504-D041B05D7132}.Debug|Any CPU.Build.0 = Debug|Any CPU
		{C1B7FFE8-4D64-485E-A504-D041B05D7132}.Debug|x64.ActiveCfg = Debug|Any CPU
		{C1B7FFE8-4D64-485E-A504-D041B05D7132}.Debug|x64.Build.0 = Debug|Any CPU
		{C1B7FFE8-4D64-485E-A504-D041B05D7132}.Debug|x86.ActiveCfg = Debug|Any CPU
		{C1B7FFE8-4D64-485E-A504-D041B05D7132}.Debug|x86.Build.0 = Debug|Any CPU
		{C1B7FFE8-4D64-485E-A504-D041B05D7132}.Release|Any CPU.ActiveCfg = Release|Any CPU
		{C1B7FFE8-4D64-485E-A504-D041B05D7132}.Release|Any CPU.Build.0 = Release|Any CPU
		{C1B7FFE8-4D64-485E-A504-D041B05D7132}.Release|x64.ActiveCfg = Release|Any CPU
		{C1B7FFE8-4D64-485E-A504-D041B05D7132}.Release|x64.Build.0 = Release|Any CPU
		{C1B7FFE8-4D64-485E-A504-D041B05D7132}.Release|x86.ActiveCfg = Release|Any CPU
		{C1B7FFE8-4D64-485E-A504-D041B05D7132}.Release|x86.Build.0 = Release|Any CPU
		{5FCB86D5-4B25-4039-858C-B5A06EB702E1}.Debug|Any CPU.ActiveCfg = Debug|Any CPU
		{5FCB86D5-4B25-4039-858C-B5A06EB702E1}.Debug|Any CPU.Build.0 = Debug|Any CPU
		{5FCB86D5-4B25-4039-858C-B5A06EB702E1}.Debug|x64.ActiveCfg = Debug|Any CPU
		{5FCB86D5-4B25-4039-858C-B5A06EB702E1}.Debug|x64.Build.0 = Debug|Any CPU
		{5FCB86D5-4B25-4039-858C-B5A06EB702E1}.Debug|x86.ActiveCfg = Debug|Any CPU
		{5FCB86D5-4B25-4039-858C-B5A06EB702E1}.Debug|x86.Build.0 = Debug|Any CPU
		{5FCB86D5-4B25-4039-858C-B5A06EB702E1}.Release|Any CPU.ActiveCfg = Release|Any CPU
		{5FCB86D5-4B25-4039-858C-B5A06EB702E1}.Release|Any CPU.Build.0 = Release|Any CPU
		{5FCB86D5-4B25-4039-858C-B5A06EB702E1}.Release|x64.ActiveCfg = Release|Any CPU
		{5FCB86D5-4B25-4039-858C-B5A06EB702E1}.Release|x64.Build.0 = Release|Any CPU
		{5FCB86D5-4B25-4039-858C-B5A06EB702E1}.Release|x86.ActiveCfg = Release|Any CPU
		{5FCB86D5-4B25-4039-858C-B5A06EB702E1}.Release|x86.Build.0 = Release|Any CPU
		{BEF9464F-FF58-4693-AF12-A6FA75033A5C}.Debug|Any CPU.ActiveCfg = Debug|Any CPU
		{BEF9464F-FF58-4693-AF12-A6FA75033A5C}.Debug|Any CPU.Build.0 = Debug|Any CPU
		{BEF9464F-FF58-4693-AF12-A6FA75033A5C}.Debug|x64.ActiveCfg = Debug|Any CPU
		{BEF9464F-FF58-4693-AF12-A6FA75033A5C}.Debug|x64.Build.0 = Debug|Any CPU
		{BEF9464F-FF58-4693-AF12-A6FA75033A5C}.Debug|x86.ActiveCfg = Debug|Any CPU
		{BEF9464F-FF58-4693-AF12-A6FA75033A5C}.Debug|x86.Build.0 = Debug|Any CPU
		{BEF9464F-FF58-4693-AF12-A6FA75033A5C}.Release|Any CPU.ActiveCfg = Release|Any CPU
		{BEF9464F-FF58-4693-AF12-A6FA75033A5C}.Release|Any CPU.Build.0 = Release|Any CPU
		{BEF9464F-FF58-4693-AF12-A6FA75033A5C}.Release|x64.ActiveCfg = Release|Any CPU
		{BEF9464F-FF58-4693-AF12-A6FA75033A5C}.Release|x64.Build.0 = Release|Any CPU
		{BEF9464F-FF58-4693-AF12-A6FA75033A5C}.Release|x86.ActiveCfg = Release|Any CPU
		{BEF9464F-FF58-4693-AF12-A6FA75033A5C}.Release|x86.Build.0 = Release|Any CPU
		{6D62DF0D-D9C3-49A7-A693-ACD0691BA69D}.Debug|Any CPU.ActiveCfg = Debug|Any CPU
		{6D62DF0D-D9C3-49A7-A693-ACD0691BA69D}.Debug|Any CPU.Build.0 = Debug|Any CPU
		{6D62DF0D-D9C3-49A7-A693-ACD0691BA69D}.Debug|x64.ActiveCfg = Debug|Any CPU
		{6D62DF0D-D9C3-49A7-A693-ACD0691BA69D}.Debug|x64.Build.0 = Debug|Any CPU
		{6D62DF0D-D9C3-49A7-A693-ACD0691BA69D}.Debug|x86.ActiveCfg = Debug|Any CPU
		{6D62DF0D-D9C3-49A7-A693-ACD0691BA69D}.Debug|x86.Build.0 = Debug|Any CPU
		{6D62DF0D-D9C3-49A7-A693-ACD0691BA69D}.Release|Any CPU.ActiveCfg = Release|Any CPU
		{6D62DF0D-D9C3-49A7-A693-ACD0691BA69D}.Release|Any CPU.Build.0 = Release|Any CPU
		{6D62DF0D-D9C3-49A7-A693-ACD0691BA69D}.Release|x64.ActiveCfg = Release|Any CPU
		{6D62DF0D-D9C3-49A7-A693-ACD0691BA69D}.Release|x64.Build.0 = Release|Any CPU
		{6D62DF0D-D9C3-49A7-A693-ACD0691BA69D}.Release|x86.ActiveCfg = Release|Any CPU
		{6D62DF0D-D9C3-49A7-A693-ACD0691BA69D}.Release|x86.Build.0 = Release|Any CPU
		{9DE5E0B5-C8BD-482C-85C3-B8E20F08453B}.Debug|Any CPU.ActiveCfg = Debug|Any CPU
		{9DE5E0B5-C8BD-482C-85C3-B8E20F08453B}.Debug|Any CPU.Build.0 = Debug|Any CPU
		{9DE5E0B5-C8BD-482C-85C3-B8E20F08453B}.Debug|x64.ActiveCfg = Debug|Any CPU
		{9DE5E0B5-C8BD-482C-85C3-B8E20F08453B}.Debug|x64.Build.0 = Debug|Any CPU
		{9DE5E0B5-C8BD-482C-85C3-B8E20F08453B}.Debug|x86.ActiveCfg = Debug|Any CPU
		{9DE5E0B5-C8BD-482C-85C3-B8E20F08453B}.Debug|x86.Build.0 = Debug|Any CPU
		{9DE5E0B5-C8BD-482C-85C3-B8E20F08453B}.Release|Any CPU.ActiveCfg = Release|Any CPU
		{9DE5E0B5-C8BD-482C-85C3-B8E20F08453B}.Release|Any CPU.Build.0 = Release|Any CPU
		{9DE5E0B5-C8BD-482C-85C3-B8E20F08453B}.Release|x64.ActiveCfg = Release|Any CPU
		{9DE5E0B5-C8BD-482C-85C3-B8E20F08453B}.Release|x64.Build.0 = Release|Any CPU
		{9DE5E0B5-C8BD-482C-85C3-B8E20F08453B}.Release|x86.ActiveCfg = Release|Any CPU
		{9DE5E0B5-C8BD-482C-85C3-B8E20F08453B}.Release|x86.Build.0 = Release|Any CPU
		{131842CE-DAF9-4C0E-8409-4A26EF7961A7}.Debug|Any CPU.ActiveCfg = Debug|x64
		{131842CE-DAF9-4C0E-8409-4A26EF7961A7}.Debug|Any CPU.Build.0 = Debug|x64
		{131842CE-DAF9-4C0E-8409-4A26EF7961A7}.Debug|x64.ActiveCfg = Debug|x64
		{131842CE-DAF9-4C0E-8409-4A26EF7961A7}.Debug|x64.Build.0 = Debug|x64
		{131842CE-DAF9-4C0E-8409-4A26EF7961A7}.Debug|x86.ActiveCfg = Debug|Win32
		{131842CE-DAF9-4C0E-8409-4A26EF7961A7}.Debug|x86.Build.0 = Debug|Win32
		{131842CE-DAF9-4C0E-8409-4A26EF7961A7}.Release|Any CPU.ActiveCfg = Release|x64
		{131842CE-DAF9-4C0E-8409-4A26EF7961A7}.Release|Any CPU.Build.0 = Release|x64
		{131842CE-DAF9-4C0E-8409-4A26EF7961A7}.Release|x64.ActiveCfg = Release|x64
		{131842CE-DAF9-4C0E-8409-4A26EF7961A7}.Release|x64.Build.0 = Release|x64
		{131842CE-DAF9-4C0E-8409-4A26EF7961A7}.Release|x86.ActiveCfg = Release|Win32
		{131842CE-DAF9-4C0E-8409-4A26EF7961A7}.Release|x86.Build.0 = Release|Win32
		{0D80F608-CF60-42F8-A5E1-4E0ACFA384AF}.Debug|Any CPU.ActiveCfg = Debug|Any CPU
		{0D80F608-CF60-42F8-A5E1-4E0ACFA384AF}.Debug|Any CPU.Build.0 = Debug|Any CPU
		{0D80F608-CF60-42F8-A5E1-4E0ACFA384AF}.Debug|x64.ActiveCfg = Debug|Any CPU
		{0D80F608-CF60-42F8-A5E1-4E0ACFA384AF}.Debug|x64.Build.0 = Debug|Any CPU
		{0D80F608-CF60-42F8-A5E1-4E0ACFA384AF}.Debug|x86.ActiveCfg = Debug|Any CPU
		{0D80F608-CF60-42F8-A5E1-4E0ACFA384AF}.Debug|x86.Build.0 = Debug|Any CPU
		{0D80F608-CF60-42F8-A5E1-4E0ACFA384AF}.Release|Any CPU.ActiveCfg = Release|Any CPU
		{0D80F608-CF60-42F8-A5E1-4E0ACFA384AF}.Release|Any CPU.Build.0 = Release|Any CPU
		{0D80F608-CF60-42F8-A5E1-4E0ACFA384AF}.Release|x64.ActiveCfg = Release|Any CPU
		{0D80F608-CF60-42F8-A5E1-4E0ACFA384AF}.Release|x64.Build.0 = Release|Any CPU
		{0D80F608-CF60-42F8-A5E1-4E0ACFA384AF}.Release|x86.ActiveCfg = Release|Any CPU
		{0D80F608-CF60-42F8-A5E1-4E0ACFA384AF}.Release|x86.Build.0 = Release|Any CPU
		{2AA8762F-3A84-4CD5-9AA0-77829A766769}.Debug|Any CPU.ActiveCfg = Debug|Any CPU
		{2AA8762F-3A84-4CD5-9AA0-77829A766769}.Debug|Any CPU.Build.0 = Debug|Any CPU
		{2AA8762F-3A84-4CD5-9AA0-77829A766769}.Debug|x64.ActiveCfg = Debug|Any CPU
		{2AA8762F-3A84-4CD5-9AA0-77829A766769}.Debug|x64.Build.0 = Debug|Any CPU
		{2AA8762F-3A84-4CD5-9AA0-77829A766769}.Debug|x86.ActiveCfg = Debug|Any CPU
		{2AA8762F-3A84-4CD5-9AA0-77829A766769}.Debug|x86.Build.0 = Debug|Any CPU
		{2AA8762F-3A84-4CD5-9AA0-77829A766769}.Release|Any CPU.ActiveCfg = Release|Any CPU
		{2AA8762F-3A84-4CD5-9AA0-77829A766769}.Release|Any CPU.Build.0 = Release|Any CPU
		{2AA8762F-3A84-4CD5-9AA0-77829A766769}.Release|x64.ActiveCfg = Release|Any CPU
		{2AA8762F-3A84-4CD5-9AA0-77829A766769}.Release|x64.Build.0 = Release|Any CPU
		{2AA8762F-3A84-4CD5-9AA0-77829A766769}.Release|x86.ActiveCfg = Release|Any CPU
		{2AA8762F-3A84-4CD5-9AA0-77829A766769}.Release|x86.Build.0 = Release|Any CPU
		{F2149709-A88B-4F36-ABCA-307CA96E9FD1}.Debug|Any CPU.ActiveCfg = Debug|Any CPU
		{F2149709-A88B-4F36-ABCA-307CA96E9FD1}.Debug|Any CPU.Build.0 = Debug|Any CPU
		{F2149709-A88B-4F36-ABCA-307CA96E9FD1}.Debug|x64.ActiveCfg = Debug|Any CPU
		{F2149709-A88B-4F36-ABCA-307CA96E9FD1}.Debug|x64.Build.0 = Debug|Any CPU
		{F2149709-A88B-4F36-ABCA-307CA96E9FD1}.Debug|x86.ActiveCfg = Debug|Any CPU
		{F2149709-A88B-4F36-ABCA-307CA96E9FD1}.Debug|x86.Build.0 = Debug|Any CPU
		{F2149709-A88B-4F36-ABCA-307CA96E9FD1}.Release|Any CPU.ActiveCfg = Release|Any CPU
		{F2149709-A88B-4F36-ABCA-307CA96E9FD1}.Release|Any CPU.Build.0 = Release|Any CPU
		{F2149709-A88B-4F36-ABCA-307CA96E9FD1}.Release|x64.ActiveCfg = Release|Any CPU
		{F2149709-A88B-4F36-ABCA-307CA96E9FD1}.Release|x64.Build.0 = Release|Any CPU
		{F2149709-A88B-4F36-ABCA-307CA96E9FD1}.Release|x86.ActiveCfg = Release|Any CPU
		{F2149709-A88B-4F36-ABCA-307CA96E9FD1}.Release|x86.Build.0 = Release|Any CPU
		{A5265B92-029A-423E-9006-A7C1F52476ED}.Debug|Any CPU.ActiveCfg = Debug|x86
		{A5265B92-029A-423E-9006-A7C1F52476ED}.Debug|x64.ActiveCfg = Debug|x86
		{A5265B92-029A-423E-9006-A7C1F52476ED}.Debug|x86.ActiveCfg = Debug|x86
		{A5265B92-029A-423E-9006-A7C1F52476ED}.Debug|x86.Build.0 = Debug|x86
		{A5265B92-029A-423E-9006-A7C1F52476ED}.Release|Any CPU.ActiveCfg = Release|x86
		{A5265B92-029A-423E-9006-A7C1F52476ED}.Release|x64.ActiveCfg = Release|x86
		{A5265B92-029A-423E-9006-A7C1F52476ED}.Release|x86.ActiveCfg = Release|x86
		{A5265B92-029A-423E-9006-A7C1F52476ED}.Release|x86.Build.0 = Release|x86
		{506141BE-1418-4D75-8E24-54A9280B0A66}.Debug|Any CPU.ActiveCfg = Debug|Any CPU
		{506141BE-1418-4D75-8E24-54A9280B0A66}.Debug|Any CPU.Build.0 = Debug|Any CPU
		{506141BE-1418-4D75-8E24-54A9280B0A66}.Debug|x64.ActiveCfg = Debug|Any CPU
		{506141BE-1418-4D75-8E24-54A9280B0A66}.Debug|x64.Build.0 = Debug|Any CPU
		{506141BE-1418-4D75-8E24-54A9280B0A66}.Debug|x86.ActiveCfg = Debug|Any CPU
		{506141BE-1418-4D75-8E24-54A9280B0A66}.Debug|x86.Build.0 = Debug|Any CPU
		{506141BE-1418-4D75-8E24-54A9280B0A66}.Release|Any CPU.ActiveCfg = Release|Any CPU
		{506141BE-1418-4D75-8E24-54A9280B0A66}.Release|Any CPU.Build.0 = Release|Any CPU
		{506141BE-1418-4D75-8E24-54A9280B0A66}.Release|x64.ActiveCfg = Release|Any CPU
		{506141BE-1418-4D75-8E24-54A9280B0A66}.Release|x64.Build.0 = Release|Any CPU
		{506141BE-1418-4D75-8E24-54A9280B0A66}.Release|x86.ActiveCfg = Release|Any CPU
		{506141BE-1418-4D75-8E24-54A9280B0A66}.Release|x86.Build.0 = Release|Any CPU
		{F951311C-D665-4987-95A4-72A2DE37E263}.Debug|Any CPU.ActiveCfg = Debug|Any CPU
		{F951311C-D665-4987-95A4-72A2DE37E263}.Debug|Any CPU.Build.0 = Debug|Any CPU
		{F951311C-D665-4987-95A4-72A2DE37E263}.Debug|x64.ActiveCfg = Debug|Any CPU
		{F951311C-D665-4987-95A4-72A2DE37E263}.Debug|x64.Build.0 = Debug|Any CPU
		{F951311C-D665-4987-95A4-72A2DE37E263}.Debug|x86.ActiveCfg = Debug|Any CPU
		{F951311C-D665-4987-95A4-72A2DE37E263}.Debug|x86.Build.0 = Debug|Any CPU
		{F951311C-D665-4987-95A4-72A2DE37E263}.Release|Any CPU.ActiveCfg = Release|Any CPU
		{F951311C-D665-4987-95A4-72A2DE37E263}.Release|Any CPU.Build.0 = Release|Any CPU
		{F951311C-D665-4987-95A4-72A2DE37E263}.Release|x64.ActiveCfg = Release|Any CPU
		{F951311C-D665-4987-95A4-72A2DE37E263}.Release|x64.Build.0 = Release|Any CPU
		{F951311C-D665-4987-95A4-72A2DE37E263}.Release|x86.ActiveCfg = Release|Any CPU
		{F951311C-D665-4987-95A4-72A2DE37E263}.Release|x86.Build.0 = Release|Any CPU
		{A3978461-5C39-43AE-9067-D755D51E7B26}.Debug|Any CPU.ActiveCfg = Debug|Any CPU
		{A3978461-5C39-43AE-9067-D755D51E7B26}.Debug|Any CPU.Build.0 = Debug|Any CPU
		{A3978461-5C39-43AE-9067-D755D51E7B26}.Debug|x64.ActiveCfg = Debug|Any CPU
		{A3978461-5C39-43AE-9067-D755D51E7B26}.Debug|x64.Build.0 = Debug|Any CPU
		{A3978461-5C39-43AE-9067-D755D51E7B26}.Debug|x86.ActiveCfg = Debug|Any CPU
		{A3978461-5C39-43AE-9067-D755D51E7B26}.Debug|x86.Build.0 = Debug|Any CPU
		{A3978461-5C39-43AE-9067-D755D51E7B26}.Release|Any CPU.ActiveCfg = Release|Any CPU
		{A3978461-5C39-43AE-9067-D755D51E7B26}.Release|Any CPU.Build.0 = Release|Any CPU
		{A3978461-5C39-43AE-9067-D755D51E7B26}.Release|x64.ActiveCfg = Release|Any CPU
		{A3978461-5C39-43AE-9067-D755D51E7B26}.Release|x64.Build.0 = Release|Any CPU
		{A3978461-5C39-43AE-9067-D755D51E7B26}.Release|x86.ActiveCfg = Release|Any CPU
		{A3978461-5C39-43AE-9067-D755D51E7B26}.Release|x86.Build.0 = Release|Any CPU
		{4297FA87-629A-4000-8169-D97E8E64890E}.Debug|Any CPU.ActiveCfg = Debug|Any CPU
		{4297FA87-629A-4000-8169-D97E8E64890E}.Debug|Any CPU.Build.0 = Debug|Any CPU
		{4297FA87-629A-4000-8169-D97E8E64890E}.Debug|x64.ActiveCfg = Debug|Any CPU
		{4297FA87-629A-4000-8169-D97E8E64890E}.Debug|x64.Build.0 = Debug|Any CPU
		{4297FA87-629A-4000-8169-D97E8E64890E}.Debug|x86.ActiveCfg = Debug|Any CPU
		{4297FA87-629A-4000-8169-D97E8E64890E}.Debug|x86.Build.0 = Debug|Any CPU
		{4297FA87-629A-4000-8169-D97E8E64890E}.Release|Any CPU.ActiveCfg = Release|Any CPU
		{4297FA87-629A-4000-8169-D97E8E64890E}.Release|Any CPU.Build.0 = Release|Any CPU
		{4297FA87-629A-4000-8169-D97E8E64890E}.Release|x64.ActiveCfg = Release|Any CPU
		{4297FA87-629A-4000-8169-D97E8E64890E}.Release|x64.Build.0 = Release|Any CPU
		{4297FA87-629A-4000-8169-D97E8E64890E}.Release|x86.ActiveCfg = Release|Any CPU
		{4297FA87-629A-4000-8169-D97E8E64890E}.Release|x86.Build.0 = Release|Any CPU
		{78203460-9937-45E5-81CC-3045DDC10527}.Debug|Any CPU.ActiveCfg = Debug|Any CPU
		{78203460-9937-45E5-81CC-3045DDC10527}.Debug|Any CPU.Build.0 = Debug|Any CPU
		{78203460-9937-45E5-81CC-3045DDC10527}.Debug|x64.ActiveCfg = Debug|Any CPU
		{78203460-9937-45E5-81CC-3045DDC10527}.Debug|x64.Build.0 = Debug|Any CPU
		{78203460-9937-45E5-81CC-3045DDC10527}.Debug|x86.ActiveCfg = Debug|Any CPU
		{78203460-9937-45E5-81CC-3045DDC10527}.Debug|x86.Build.0 = Debug|Any CPU
		{78203460-9937-45E5-81CC-3045DDC10527}.Release|Any CPU.ActiveCfg = Release|Any CPU
		{78203460-9937-45E5-81CC-3045DDC10527}.Release|Any CPU.Build.0 = Release|Any CPU
		{78203460-9937-45E5-81CC-3045DDC10527}.Release|x64.ActiveCfg = Release|Any CPU
		{78203460-9937-45E5-81CC-3045DDC10527}.Release|x64.Build.0 = Release|Any CPU
		{78203460-9937-45E5-81CC-3045DDC10527}.Release|x86.ActiveCfg = Release|Any CPU
		{78203460-9937-45E5-81CC-3045DDC10527}.Release|x86.Build.0 = Release|Any CPU
		{2CC10E50-392E-4B5D-98E4-D38F0061D363}.Debug|Any CPU.ActiveCfg = Debug|x64
		{2CC10E50-392E-4B5D-98E4-D38F0061D363}.Debug|Any CPU.Build.0 = Debug|x64
		{2CC10E50-392E-4B5D-98E4-D38F0061D363}.Debug|x64.ActiveCfg = Debug|x64
		{2CC10E50-392E-4B5D-98E4-D38F0061D363}.Debug|x64.Build.0 = Debug|x64
		{2CC10E50-392E-4B5D-98E4-D38F0061D363}.Debug|x86.ActiveCfg = Debug|Any CPU
		{2CC10E50-392E-4B5D-98E4-D38F0061D363}.Debug|x86.Build.0 = Debug|Any CPU
		{2CC10E50-392E-4B5D-98E4-D38F0061D363}.Release|Any CPU.ActiveCfg = Release|x64
		{2CC10E50-392E-4B5D-98E4-D38F0061D363}.Release|Any CPU.Build.0 = Release|x64
		{2CC10E50-392E-4B5D-98E4-D38F0061D363}.Release|x64.ActiveCfg = Release|x64
		{2CC10E50-392E-4B5D-98E4-D38F0061D363}.Release|x64.Build.0 = Release|x64
		{2CC10E50-392E-4B5D-98E4-D38F0061D363}.Release|x86.ActiveCfg = Release|Any CPU
		{2CC10E50-392E-4B5D-98E4-D38F0061D363}.Release|x86.Build.0 = Release|Any CPU
		{D73325D8-2406-47FF-9E7A-E295A847268B}.Debug|Any CPU.ActiveCfg = Debug|Any CPU
		{D73325D8-2406-47FF-9E7A-E295A847268B}.Debug|Any CPU.Build.0 = Debug|Any CPU
		{D73325D8-2406-47FF-9E7A-E295A847268B}.Debug|x64.ActiveCfg = Debug|Any CPU
		{D73325D8-2406-47FF-9E7A-E295A847268B}.Debug|x64.Build.0 = Debug|Any CPU
		{D73325D8-2406-47FF-9E7A-E295A847268B}.Debug|x86.ActiveCfg = Debug|Any CPU
		{D73325D8-2406-47FF-9E7A-E295A847268B}.Debug|x86.Build.0 = Debug|Any CPU
		{D73325D8-2406-47FF-9E7A-E295A847268B}.Release|Any CPU.ActiveCfg = Release|Any CPU
		{D73325D8-2406-47FF-9E7A-E295A847268B}.Release|Any CPU.Build.0 = Release|Any CPU
		{D73325D8-2406-47FF-9E7A-E295A847268B}.Release|x64.ActiveCfg = Release|Any CPU
		{D73325D8-2406-47FF-9E7A-E295A847268B}.Release|x64.Build.0 = Release|Any CPU
		{D73325D8-2406-47FF-9E7A-E295A847268B}.Release|x86.ActiveCfg = Release|Any CPU
		{D73325D8-2406-47FF-9E7A-E295A847268B}.Release|x86.Build.0 = Release|Any CPU
		{9A3D13C0-7685-4C5B-835C-9BFC9E42C0B0}.Debug|Any CPU.ActiveCfg = Debug|x86
		{9A3D13C0-7685-4C5B-835C-9BFC9E42C0B0}.Debug|x64.ActiveCfg = Debug|x86
		{9A3D13C0-7685-4C5B-835C-9BFC9E42C0B0}.Debug|x86.ActiveCfg = Debug|x86
		{9A3D13C0-7685-4C5B-835C-9BFC9E42C0B0}.Debug|x86.Build.0 = Debug|x86
		{9A3D13C0-7685-4C5B-835C-9BFC9E42C0B0}.Release|Any CPU.ActiveCfg = Release|x86
		{9A3D13C0-7685-4C5B-835C-9BFC9E42C0B0}.Release|x64.ActiveCfg = Release|x86
		{9A3D13C0-7685-4C5B-835C-9BFC9E42C0B0}.Release|x86.ActiveCfg = Release|x86
		{9A3D13C0-7685-4C5B-835C-9BFC9E42C0B0}.Release|x86.Build.0 = Release|x86
		{4AA5CE64-5BE2-414C-8AD9-E3110E490DC4}.Debug|Any CPU.ActiveCfg = Debug|x86
		{4AA5CE64-5BE2-414C-8AD9-E3110E490DC4}.Debug|x64.ActiveCfg = Debug|x86
		{4AA5CE64-5BE2-414C-8AD9-E3110E490DC4}.Debug|x86.ActiveCfg = Debug|x86
		{4AA5CE64-5BE2-414C-8AD9-E3110E490DC4}.Debug|x86.Build.0 = Debug|x86
		{4AA5CE64-5BE2-414C-8AD9-E3110E490DC4}.Release|Any CPU.ActiveCfg = Release|x86
		{4AA5CE64-5BE2-414C-8AD9-E3110E490DC4}.Release|x64.ActiveCfg = Release|x86
		{4AA5CE64-5BE2-414C-8AD9-E3110E490DC4}.Release|x86.ActiveCfg = Release|x86
		{4AA5CE64-5BE2-414C-8AD9-E3110E490DC4}.Release|x86.Build.0 = Release|x86
		{28C3629E-3FD8-4040-9CCE-6D62B9B1A5E3}.Debug|Any CPU.ActiveCfg = Debug|Any CPU
		{28C3629E-3FD8-4040-9CCE-6D62B9B1A5E3}.Debug|Any CPU.Build.0 = Debug|Any CPU
		{28C3629E-3FD8-4040-9CCE-6D62B9B1A5E3}.Debug|x64.ActiveCfg = Debug|Any CPU
		{28C3629E-3FD8-4040-9CCE-6D62B9B1A5E3}.Debug|x64.Build.0 = Debug|Any CPU
		{28C3629E-3FD8-4040-9CCE-6D62B9B1A5E3}.Debug|x86.ActiveCfg = Debug|Any CPU
		{28C3629E-3FD8-4040-9CCE-6D62B9B1A5E3}.Debug|x86.Build.0 = Debug|Any CPU
		{28C3629E-3FD8-4040-9CCE-6D62B9B1A5E3}.Release|Any CPU.ActiveCfg = Release|Any CPU
		{28C3629E-3FD8-4040-9CCE-6D62B9B1A5E3}.Release|Any CPU.Build.0 = Release|Any CPU
		{28C3629E-3FD8-4040-9CCE-6D62B9B1A5E3}.Release|x64.ActiveCfg = Release|Any CPU
		{28C3629E-3FD8-4040-9CCE-6D62B9B1A5E3}.Release|x64.Build.0 = Release|Any CPU
		{28C3629E-3FD8-4040-9CCE-6D62B9B1A5E3}.Release|x86.ActiveCfg = Release|Any CPU
		{28C3629E-3FD8-4040-9CCE-6D62B9B1A5E3}.Release|x86.Build.0 = Release|Any CPU
		{B0C3A5C2-F713-40C9-BF08-20A1014D74DE}.Debug|Any CPU.ActiveCfg = Debug|Any CPU
		{B0C3A5C2-F713-40C9-BF08-20A1014D74DE}.Debug|Any CPU.Build.0 = Debug|Any CPU
		{B0C3A5C2-F713-40C9-BF08-20A1014D74DE}.Debug|x64.ActiveCfg = Debug|Any CPU
		{B0C3A5C2-F713-40C9-BF08-20A1014D74DE}.Debug|x64.Build.0 = Debug|Any CPU
		{B0C3A5C2-F713-40C9-BF08-20A1014D74DE}.Debug|x86.ActiveCfg = Debug|Any CPU
		{B0C3A5C2-F713-40C9-BF08-20A1014D74DE}.Debug|x86.Build.0 = Debug|Any CPU
		{B0C3A5C2-F713-40C9-BF08-20A1014D74DE}.Release|Any CPU.ActiveCfg = Release|Any CPU
		{B0C3A5C2-F713-40C9-BF08-20A1014D74DE}.Release|Any CPU.Build.0 = Release|Any CPU
		{B0C3A5C2-F713-40C9-BF08-20A1014D74DE}.Release|x64.ActiveCfg = Release|Any CPU
		{B0C3A5C2-F713-40C9-BF08-20A1014D74DE}.Release|x64.Build.0 = Release|Any CPU
		{B0C3A5C2-F713-40C9-BF08-20A1014D74DE}.Release|x86.ActiveCfg = Release|Any CPU
		{B0C3A5C2-F713-40C9-BF08-20A1014D74DE}.Release|x86.Build.0 = Release|Any CPU
	EndGlobalSection
	GlobalSection(SolutionProperties) = preSolution
		HideSolutionNode = FALSE
	EndGlobalSection
	GlobalSection(NestedProjects) = preSolution
		{EE2504A4-4666-460B-8552-5B342718CB02} = {EE50720D-A0E5-45EE-B2EC-E065B569DB27}
		{5340191E-31E5-43A0-A485-B6678D391B10} = {EE50720D-A0E5-45EE-B2EC-E065B569DB27}
		{58D86BE4-FA8B-4F59-91FE-A9B348C70ED2} = {EE50720D-A0E5-45EE-B2EC-E065B569DB27}
		{AD8A000B-320D-4B11-B7FF-95C314A40E7B} = {EE50720D-A0E5-45EE-B2EC-E065B569DB27}
		{9066522E-780E-4409-B410-2525E6A621FC} = {EE50720D-A0E5-45EE-B2EC-E065B569DB27}
		{5504F3D6-08D3-401F-8214-409A60735185} = {EE50720D-A0E5-45EE-B2EC-E065B569DB27}
		{FC4AAD0A-13B9-49EE-A59C-F03142958170} = {EE50720D-A0E5-45EE-B2EC-E065B569DB27}
		{5EF2AD64-D6FE-446B-B350-8C7F0DF0834D} = {EE50720D-A0E5-45EE-B2EC-E065B569DB27}
		{95C6EA83-00BC-4E1E-8A80-67A69E542F21} = {EE50720D-A0E5-45EE-B2EC-E065B569DB27}
		{8B9B73CB-C7B4-4613-8ADA-5D8C1CF583E2} = {EE50720D-A0E5-45EE-B2EC-E065B569DB27}
		{E1B1909E-3193-499B-91DB-1E13E6836929} = {EE50720D-A0E5-45EE-B2EC-E065B569DB27}
		{56534417-6C60-48A5-B355-12225C70431E} = {EE50720D-A0E5-45EE-B2EC-E065B569DB27}
		{B86E0BA1-82AF-45F8-9BE8-FDDCB8EF7F13} = {84AF58FA-5E3E-45AB-9AB5-543C3CACD563}
		{9174C912-E757-4ECD-9D6E-9604BEF74900} = {EE50720D-A0E5-45EE-B2EC-E065B569DB27}
		{0FCAD5C4-CD55-4022-8907-8B9C912E9CA7} = {EE50720D-A0E5-45EE-B2EC-E065B569DB27}
		{C1B7FFE8-4D64-485E-A504-D041B05D7132} = {EE50720D-A0E5-45EE-B2EC-E065B569DB27}
		{5FCB86D5-4B25-4039-858C-B5A06EB702E1} = {EE50720D-A0E5-45EE-B2EC-E065B569DB27}
		{BEF9464F-FF58-4693-AF12-A6FA75033A5C} = {EE50720D-A0E5-45EE-B2EC-E065B569DB27}
		{0D80F608-CF60-42F8-A5E1-4E0ACFA384AF} = {EE50720D-A0E5-45EE-B2EC-E065B569DB27}
		{2AA8762F-3A84-4CD5-9AA0-77829A766769} = {EE50720D-A0E5-45EE-B2EC-E065B569DB27}
		{F2149709-A88B-4F36-ABCA-307CA96E9FD1} = {84AF58FA-5E3E-45AB-9AB5-543C3CACD563}
		{A5265B92-029A-423E-9006-A7C1F52476ED} = {84AF58FA-5E3E-45AB-9AB5-543C3CACD563}
		{A3978461-5C39-43AE-9067-D755D51E7B26} = {EE50720D-A0E5-45EE-B2EC-E065B569DB27}
		{4297FA87-629A-4000-8169-D97E8E64890E} = {EE50720D-A0E5-45EE-B2EC-E065B569DB27}
		{78203460-9937-45E5-81CC-3045DDC10527} = {EE50720D-A0E5-45EE-B2EC-E065B569DB27}
		{D73325D8-2406-47FF-9E7A-E295A847268B} = {EE50720D-A0E5-45EE-B2EC-E065B569DB27}
		{9A3D13C0-7685-4C5B-835C-9BFC9E42C0B0} = {84AF58FA-5E3E-45AB-9AB5-543C3CACD563}
		{4AA5CE64-5BE2-414C-8AD9-E3110E490DC4} = {84AF58FA-5E3E-45AB-9AB5-543C3CACD563}
	EndGlobalSection
EndGlobal
