
Microsoft Visual Studio Solution File, Format Version 12.00
# Visual Studio 15
VisualStudioVersion = 15.0.26430.4
MinimumVisualStudioVersion = 10.0.40219.1
Project("{FAE04EC0-301F-11D3-BF4B-00C04F79EFBC}") = "Microsoft.VisualStudio.R.Package", "Package\Impl\Microsoft.VisualStudio.R.Package.csproj", "{26035FE3-25AB-45EC-BB45-7FD0B6C1D545}"
EndProject
Project("{9A19103F-16F7-4668-BE54-9A1E7A4F7556}") = "Microsoft.Languages.Core", "Languages\Core\Impl\Microsoft.Languages.Core.csproj", "{25CD8690-6208-4740-B123-6DBCE6B9444A}"
EndProject
Project("{FAE04EC0-301F-11D3-BF4B-00C04F79EFBC}") = "Microsoft.Languages.Core.Test", "Languages\Core\Test\Microsoft.Languages.Core.Test.csproj", "{EE2504A4-4666-460B-8552-5B342718CB02}"
EndProject
Project("{9A19103F-16F7-4668-BE54-9A1E7A4F7556}") = "Microsoft.Languages.Editor", "Languages\Editor\Impl\Microsoft.Languages.Editor.csproj", "{62857E49-E586-4BAA-AE4D-1232093E7378}"
EndProject
Project("{9A19103F-16F7-4668-BE54-9A1E7A4F7556}") = "Microsoft.R.Core", "R\Core\Impl\Microsoft.R.Core.csproj", "{0C4BCE1D-3CB8-4E2A-9252-58784D7F26A5}"
EndProject
Project("{FAE04EC0-301F-11D3-BF4B-00C04F79EFBC}") = "Microsoft.R.Core.Test", "R\Core\Test\Microsoft.R.Core.Test.csproj", "{58D86BE4-FA8B-4F59-91FE-A9B348C70ED2}"
EndProject
Project("{FAE04EC0-301F-11D3-BF4B-00C04F79EFBC}") = "Microsoft.R.Host.Protocol.Test", "Host\Protocol\Test\Microsoft.R.Host.Protocol.Test.csproj", "{AD8A000B-320D-4B11-B7FF-95C314A40E7B}"
EndProject
Project("{9A19103F-16F7-4668-BE54-9A1E7A4F7556}") = "Microsoft.R.Interpreters", "R\Interpreters\Impl\Microsoft.R.Interpreters.csproj", "{8445A4FB-4443-432C-94E8-1408559B7F58}"
EndProject
Project("{FAE04EC0-301F-11D3-BF4B-00C04F79EFBC}") = "Microsoft.Common.Core.Test", "Common\Core\Test\Microsoft.Common.Core.Test.csproj", "{FC4AAD0A-13B9-49EE-A59C-F03142958170}"
EndProject
Project("{FAE04EC0-301F-11D3-BF4B-00C04F79EFBC}") = "Microsoft.UnitTests.Core", "UnitTests\Core\Impl\Microsoft.UnitTests.Core.csproj", "{5EF2AD64-D6FE-446B-B350-8C7F0DF0834D}"
EndProject
Project("{FAE04EC0-301F-11D3-BF4B-00C04F79EFBC}") = "Microsoft.UnitTests.Core.Test", "UnitTests\Core\Test\Microsoft.UnitTests.Core.Test.csproj", "{95C6EA83-00BC-4E1E-8A80-67A69E542F21}"
EndProject
Project("{FAE04EC0-301F-11D3-BF4B-00C04F79EFBC}") = "Microsoft.VisualStudio.ProjectSystem.FileSystemMirroring", "ProjectSystem\Impl\Microsoft.VisualStudio.ProjectSystem.FileSystemMirroring.csproj", "{41AA8769-0FBC-4A80-8498-21C833F0C2AC}"
EndProject
Project("{FAE04EC0-301F-11D3-BF4B-00C04F79EFBC}") = "Microsoft.VisualStudio.ProjectSystem.FileSystemMirroring.Test", "ProjectSystem\Test\Microsoft.VisualStudio.ProjectSystem.FileSystemMirroring.Test.csproj", "{8B9B73CB-C7B4-4613-8ADA-5D8C1CF583E2}"
EndProject
Project("{2150E333-8FDC-42A3-9474-1A3956D46DE8}") = "Test", "Test", "{EE50720D-A0E5-45EE-B2EC-E065B569DB27}"
EndProject
Project("{FAE04EC0-301F-11D3-BF4B-00C04F79EFBC}") = "Microsoft.R.Host.Client.Windows", "Windows\Host\Client\Impl\Microsoft.R.Host.Client.Windows.csproj", "{E09D3BDA-2E6B-47B5-87AC-B6FC2D33DFAB}"
EndProject
Project("{9A19103F-16F7-4668-BE54-9A1E7A4F7556}") = "Microsoft.R.Host.Protocol", "Host\Protocol\Impl\Microsoft.R.Host.Protocol.csproj", "{C46E5F53-4CAF-4C65-B173-CA8140FB41E0}"
EndProject
Project("{FAE04EC0-301F-11D3-BF4B-00C04F79EFBC}") = "Microsoft.R.Host.Client.Test", "Windows\Host\Client\Test\Microsoft.R.Host.Client.Test.csproj", "{E1B1909E-3193-499B-91DB-1E13E6836929}"
EndProject
Project("{FAE04EC0-301F-11D3-BF4B-00C04F79EFBC}") = "Microsoft.Languages.Editor.Application", "EditorTestApp\Microsoft.Languages.Editor.Application.csproj", "{9174C912-E757-4ECD-9D6E-9604BEF74900}"
EndProject
Project("{FAE04EC0-301F-11D3-BF4B-00C04F79EFBC}") = "Microsoft.VisualStudio.R.Package.Test", "Package\Test\Microsoft.VisualStudio.R.Package.Test.csproj", "{C1B7FFE8-4D64-485E-A504-D041B05D7132}"
EndProject
Project("{FAE04EC0-301F-11D3-BF4B-00C04F79EFBC}") = "Microsoft.VisualStudio.Editor.Mocks", "Mocks\Editor\Microsoft.VisualStudio.Editor.Mocks.csproj", "{5FCB86D5-4B25-4039-858C-B5A06EB702E1}"
EndProject
Project("{FAE04EC0-301F-11D3-BF4B-00C04F79EFBC}") = "Microsoft.VisualStudio.Shell.Mocks", "Mocks\VisualStudio\Microsoft.VisualStudio.Shell.Mocks.csproj", "{BEF9464F-FF58-4693-AF12-A6FA75033A5C}"
EndProject
Project("{FAE04EC0-301F-11D3-BF4B-00C04F79EFBC}") = "Microsoft.R.Debugger", "Debugger\Impl\Microsoft.R.Debugger.csproj", "{6D62DF0D-D9C3-49A7-A693-ACD0691BA69D}"
EndProject
Project("{FAE04EC0-301F-11D3-BF4B-00C04F79EFBC}") = "Microsoft.Common.Wpf", "Common\Wpf\Impl\Microsoft.Common.Wpf.csproj", "{9DE5E0B5-C8BD-482C-85C3-B8E20F08453B}"
EndProject
Project("{8BC9CEB8-8B4A-11D0-8D11-00A0C91BC942}") = "Microsoft.R.Host", "Host\Process\src\Microsoft.R.Host.vcxproj", "{DBBED91F-BF32-4C77-9445-8666532225BC}"
EndProject
Project("{FAE04EC0-301F-11D3-BF4B-00C04F79EFBC}") = "Microsoft.VisualStudio.R.Interactive.Test", "Package\TestApp\Microsoft.VisualStudio.R.Interactive.Test.csproj", "{0D80F608-CF60-42F8-A5E1-4E0ACFA384AF}"
EndProject
Project("{FAE04EC0-301F-11D3-BF4B-00C04F79EFBC}") = "Microsoft.R.Wpf", "R\Wpf\Impl\Microsoft.R.Wpf.csproj", "{F951311C-D665-4987-95A4-72A2DE37E263}"
EndProject
Project("{FAE04EC0-301F-11D3-BF4B-00C04F79EFBC}") = "Microsoft.Common.Wpf.Test", "Common\Wpf\Test\Microsoft.Common.Wpf.Test.csproj", "{A3978461-5C39-43AE-9067-D755D51E7B26}"
EndProject
Project("{FAE04EC0-301F-11D3-BF4B-00C04F79EFBC}") = "Microsoft.R.Host.UserProfile", "Host\UserProfile\Impl\Microsoft.R.Host.UserProfile.csproj", "{28C3629E-3FD8-4040-9CCE-6D62B9B1A5E3}"
EndProject
Project("{FAE04EC0-301F-11D3-BF4B-00C04F79EFBC}") = "Microsoft.VisualStudio.R.Sql", "R\Sql\Impl\Microsoft.VisualStudio.R.Sql.csproj", "{B0C3A5C2-F713-40C9-BF08-20A1014D74DE}"
EndProject
Project("{2150E333-8FDC-42A3-9474-1A3956D46DE8}") = "Windows", "Windows", "{BD32A9DB-6AC3-4495-8682-E04ACC4917D0}"
EndProject
Project("{FAE04EC0-301F-11D3-BF4B-00C04F79EFBC}") = "Microsoft.Languages.Editor.Windows", "Windows\Editor\Impl\Microsoft.Languages.Editor.Windows.csproj", "{D1895FA9-65F5-4048-A364-F6AB8D1DC981}"
EndProject
Project("{FAE04EC0-301F-11D3-BF4B-00C04F79EFBC}") = "Microsoft.Languages.Editor.Test", "Windows\Editor\Test\Microsoft.Languages.Editor.Test.csproj", "{5340191E-31E5-43A0-A485-B6678D391B10}"
EndProject
Project("{FAE04EC0-301F-11D3-BF4B-00C04F79EFBC}") = "Microsoft.R.Editor.Windows", "Windows\R\Editor\Impl\Microsoft.R.Editor.Windows.csproj", "{D6EEEF87-CE3A-4804-A409-39966B96C850}"
EndProject
Project("{FAE04EC0-301F-11D3-BF4B-00C04F79EFBC}") = "Microsoft.R.Editor.Test", "Windows\R\Editor\Test\Microsoft.R.Editor.Test.csproj", "{9066522E-780E-4409-B410-2525E6A621FC}"
EndProject
Project("{9A19103F-16F7-4668-BE54-9A1E7A4F7556}") = "Microsoft.R.Editor", "R\Editor\Impl\Microsoft.R.Editor.csproj", "{AE67EBA1-AFF1-4425-8C89-4F0045A6BFD9}"
EndProject
Project("{FAE04EC0-301F-11D3-BF4B-00C04F79EFBC}") = "Microsoft.Markdown.Editor.Windows", "Windows\Markdown\Editor\Impl\Microsoft.Markdown.Editor.Windows.csproj", "{98E0B8AC-1193-4BFD-BF5C-6712C93ABD03}"
EndProject
Project("{FAE04EC0-301F-11D3-BF4B-00C04F79EFBC}") = "Microsoft.Markdown.Editor.Test", "Windows\Markdown\Editor\Test\Microsoft.Markdown.Editor.Test.csproj", "{56534417-6C60-48A5-B355-12225C70431E}"
EndProject
Project("{FAE04EC0-301F-11D3-BF4B-00C04F79EFBC}") = "Microsoft.R.Components.Windows", "Windows\R\Components\Impl\Microsoft.R.Components.Windows.csproj", "{506141BE-1418-4D75-8E24-54A9280B0A66}"
EndProject
Project("{FAE04EC0-301F-11D3-BF4B-00C04F79EFBC}") = "Microsoft.R.Components.Test", "Windows\R\Components\Test\Microsoft.R.Components.Test.csproj", "{2AA8762F-3A84-4CD5-9AA0-77829A766769}"
EndProject
Project("{9A19103F-16F7-4668-BE54-9A1E7A4F7556}") = "Microsoft.R.Components", "R\Components\Impl\Microsoft.R.Components.csproj", "{C6648F60-513A-4052-9A34-61B156058EC3}"
EndProject
Project("{FAE04EC0-301F-11D3-BF4B-00C04F79EFBC}") = "Microsoft.R.Interpreters.Windows", "Windows\R\Interpreters\Impl\Microsoft.R.Interpreters.Windows.csproj", "{DE1EC50A-C588-45A9-B22C-981419CD7CD4}"
EndProject
Project("{FAE04EC0-301F-11D3-BF4B-00C04F79EFBC}") = "Microsoft.R.Host.Broker.Windows", "Windows\Host\Broker\Impl\Microsoft.R.Host.Broker.Windows.csproj", "{2CC10E50-392E-4B5D-98E4-D38F0061D363}"
EndProject
Project("{9A19103F-16F7-4668-BE54-9A1E7A4F7556}") = "Microsoft.R.Host.Broker", "Host\Broker\Impl\Microsoft.R.Host.Broker.csproj", "{29E4FC48-39FB-45A1-B641-3E98E7D6CEEF}"
EndProject
Project("{9A19103F-16F7-4668-BE54-9A1E7A4F7556}") = "Microsoft.R.Host.Client", "Host\Client\Impl\Microsoft.R.Host.Client.csproj", "{B81D01EB-AD08-4929-BE99-6623AF523A23}"
EndProject
Project("{FAE04EC0-301F-11D3-BF4B-00C04F79EFBC}") = "Microsoft.R.Common.Core.Windows", "Windows\Core\Impl\Microsoft.R.Common.Core.Windows.csproj", "{01E3D8C2-9C24-492B-B13B-C6D7068B6BF8}"
EndProject
Project("{FAE04EC0-301F-11D3-BF4B-00C04F79EFBC}") = "Microsoft.R.Editor.Application.Test", "Windows\R\Editor\Application.Test\Microsoft.R.Editor.Application.Test.csproj", "{0FCAD5C4-CD55-4022-8907-8B9C912E9CA7}"
EndProject
Project("{2150E333-8FDC-42A3-9474-1A3956D46DE8}") = "Linux", "Linux", "{3CF8DD8A-9533-498F-8B65-AF3F5AA580C7}"
EndProject
Project("{9A19103F-16F7-4668-BE54-9A1E7A4F7556}") = "Microsoft.R.Common.Core.Linux", "Linux\Core\Impl\Microsoft.R.Common.Core.Linux.csproj", "{AACC9A7C-A462-478A-9B1B-A0CD4294AEE9}"
EndProject
Project("{9A19103F-16F7-4668-BE54-9A1E7A4F7556}") = "Microsoft.R.Interpreters.Linux", "Linux\R\Interpreters\Impl\Microsoft.R.Interpreters.Linux.csproj", "{E5C4D728-E5B7-4656-B3DF-8E098D10D51F}"
EndProject
Project("{9A19103F-16F7-4668-BE54-9A1E7A4F7556}") = "Microsoft.R.Host.Broker.Linux", "Linux\Host\Broker\Impl\Microsoft.R.Host.Broker.Linux.csproj", "{544928BD-BCF6-4804-BD6F-50C6AECC2633}"
EndProject
Project("{9A19103F-16F7-4668-BE54-9A1E7A4F7556}") = "Microsoft.R.Common.Core.Linux.Test", "Linux\Core\Test\Microsoft.R.Common.Core.Linux.Test.csproj", "{8BF43E82-F9F5-48AC-916D-884691540E89}"
EndProject
Project("{9A19103F-16F7-4668-BE54-9A1E7A4F7556}") = "Microsoft.UnitTests.Core.Linux", "Linux\UnitTests\Core\Impl\Microsoft.UnitTests.Core.Linux.csproj", "{698762D4-3624-4563-BD8A-34EABC33A3E8}"
EndProject
Project("{9A19103F-16F7-4668-BE54-9A1E7A4F7556}") = "Microsoft.R.Interpreters.Linux.Test", "Linux\R\Interpreters\Test\Microsoft.R.Interpreters.Linux.Test.csproj", "{79EB7D57-84C8-4F36-BE4C-C2C5DBCA98FC}"
EndProject
Project("{8BC9CEB8-8B4A-11D0-8D11-00A0C91BC942}") = "Microsoft.R.Host.RunAsUser", "Linux\Native\RunAsUser\src\Microsoft.R.Host.RunAsUser.vcxproj", "{2F4D16A0-E6C3-4017-8CC3-41430AFB9D06}"
EndProject
Project("{2150E333-8FDC-42A3-9474-1A3956D46DE8}") = "Setup", "Setup", "{CB1B6145-674B-454F-A427-EEB18900BF65}"
EndProject
Project("{930C7802-8A8C-48F9-8165-68863BCCD9DD}") = "RHostRemote", "Windows\Setup\RHostRemote\RHostRemote.wixproj", "{4AA5CE64-5BE2-414C-8AD9-E3110E490DC4}"
EndProject
Project("{930C7802-8A8C-48F9-8165-68863BCCD9DD}") = "RemoteServices", "Windows\Setup\RemoteServices\RemoteServices.wixproj", "{9A3D13C0-7685-4C5B-835C-9BFC9E42C0B0}"
EndProject
Project("{FAE04EC0-301F-11D3-BF4B-00C04F79EFBC}") = "WixInstall", "Windows\Setup\WixInstall\WixInstall.csproj", "{02157F86-0C66-4EE3-899B-2B11FF79A66A}"
EndProject
Project("{9A19103F-16F7-4668-BE54-9A1E7A4F7556}") = "Microsoft.R.Common.Core", "Common\Core\Impl\Microsoft.R.Common.Core.csproj", "{C2A86AAB-A537-418D-A1EF-14540D340CB1}"
EndProject
Global
	GlobalSection(SolutionConfigurationPlatforms) = preSolution
		Debug|Any CPU = Debug|Any CPU
		Debug|x64 = Debug|x64
		Debug|x86 = Debug|x86
		Release|Any CPU = Release|Any CPU
		Release|x64 = Release|x64
		Release|x86 = Release|x86
	EndGlobalSection
	GlobalSection(ProjectConfigurationPlatforms) = postSolution
		{26035FE3-25AB-45EC-BB45-7FD0B6C1D545}.Debug|Any CPU.ActiveCfg = Debug|Any CPU
		{26035FE3-25AB-45EC-BB45-7FD0B6C1D545}.Debug|Any CPU.Build.0 = Debug|Any CPU
		{26035FE3-25AB-45EC-BB45-7FD0B6C1D545}.Debug|x64.ActiveCfg = Debug|Any CPU
		{26035FE3-25AB-45EC-BB45-7FD0B6C1D545}.Debug|x64.Build.0 = Debug|Any CPU
		{26035FE3-25AB-45EC-BB45-7FD0B6C1D545}.Debug|x86.ActiveCfg = Debug|Any CPU
		{26035FE3-25AB-45EC-BB45-7FD0B6C1D545}.Debug|x86.Build.0 = Debug|Any CPU
		{26035FE3-25AB-45EC-BB45-7FD0B6C1D545}.Release|Any CPU.ActiveCfg = Release|Any CPU
		{26035FE3-25AB-45EC-BB45-7FD0B6C1D545}.Release|Any CPU.Build.0 = Release|Any CPU
		{26035FE3-25AB-45EC-BB45-7FD0B6C1D545}.Release|x64.ActiveCfg = Release|Any CPU
		{26035FE3-25AB-45EC-BB45-7FD0B6C1D545}.Release|x64.Build.0 = Release|Any CPU
		{26035FE3-25AB-45EC-BB45-7FD0B6C1D545}.Release|x86.ActiveCfg = Release|Any CPU
		{26035FE3-25AB-45EC-BB45-7FD0B6C1D545}.Release|x86.Build.0 = Release|Any CPU
		{25CD8690-6208-4740-B123-6DBCE6B9444A}.Debug|Any CPU.ActiveCfg = Debug|Any CPU
		{25CD8690-6208-4740-B123-6DBCE6B9444A}.Debug|Any CPU.Build.0 = Debug|Any CPU
		{25CD8690-6208-4740-B123-6DBCE6B9444A}.Debug|x64.ActiveCfg = Debug|Any CPU
		{25CD8690-6208-4740-B123-6DBCE6B9444A}.Debug|x64.Build.0 = Debug|Any CPU
		{25CD8690-6208-4740-B123-6DBCE6B9444A}.Debug|x86.ActiveCfg = Debug|Any CPU
		{25CD8690-6208-4740-B123-6DBCE6B9444A}.Debug|x86.Build.0 = Debug|Any CPU
		{25CD8690-6208-4740-B123-6DBCE6B9444A}.Release|Any CPU.ActiveCfg = Release|Any CPU
		{25CD8690-6208-4740-B123-6DBCE6B9444A}.Release|Any CPU.Build.0 = Release|Any CPU
		{25CD8690-6208-4740-B123-6DBCE6B9444A}.Release|x64.ActiveCfg = Release|Any CPU
		{25CD8690-6208-4740-B123-6DBCE6B9444A}.Release|x64.Build.0 = Release|Any CPU
		{25CD8690-6208-4740-B123-6DBCE6B9444A}.Release|x86.ActiveCfg = Release|Any CPU
		{25CD8690-6208-4740-B123-6DBCE6B9444A}.Release|x86.Build.0 = Release|Any CPU
		{EE2504A4-4666-460B-8552-5B342718CB02}.Debug|Any CPU.ActiveCfg = Debug|Any CPU
		{EE2504A4-4666-460B-8552-5B342718CB02}.Debug|Any CPU.Build.0 = Debug|Any CPU
		{EE2504A4-4666-460B-8552-5B342718CB02}.Debug|x64.ActiveCfg = Debug|Any CPU
		{EE2504A4-4666-460B-8552-5B342718CB02}.Debug|x64.Build.0 = Debug|Any CPU
		{EE2504A4-4666-460B-8552-5B342718CB02}.Debug|x86.ActiveCfg = Debug|Any CPU
		{EE2504A4-4666-460B-8552-5B342718CB02}.Debug|x86.Build.0 = Debug|Any CPU
		{EE2504A4-4666-460B-8552-5B342718CB02}.Release|Any CPU.ActiveCfg = Release|Any CPU
		{EE2504A4-4666-460B-8552-5B342718CB02}.Release|Any CPU.Build.0 = Release|Any CPU
		{EE2504A4-4666-460B-8552-5B342718CB02}.Release|x64.ActiveCfg = Release|Any CPU
		{EE2504A4-4666-460B-8552-5B342718CB02}.Release|x64.Build.0 = Release|Any CPU
		{EE2504A4-4666-460B-8552-5B342718CB02}.Release|x86.ActiveCfg = Release|Any CPU
		{EE2504A4-4666-460B-8552-5B342718CB02}.Release|x86.Build.0 = Release|Any CPU
		{62857E49-E586-4BAA-AE4D-1232093E7378}.Debug|Any CPU.ActiveCfg = Debug|Any CPU
		{62857E49-E586-4BAA-AE4D-1232093E7378}.Debug|Any CPU.Build.0 = Debug|Any CPU
		{62857E49-E586-4BAA-AE4D-1232093E7378}.Debug|x64.ActiveCfg = Debug|Any CPU
		{62857E49-E586-4BAA-AE4D-1232093E7378}.Debug|x64.Build.0 = Debug|Any CPU
		{62857E49-E586-4BAA-AE4D-1232093E7378}.Debug|x86.ActiveCfg = Debug|Any CPU
		{62857E49-E586-4BAA-AE4D-1232093E7378}.Debug|x86.Build.0 = Debug|Any CPU
		{62857E49-E586-4BAA-AE4D-1232093E7378}.Release|Any CPU.ActiveCfg = Release|Any CPU
		{62857E49-E586-4BAA-AE4D-1232093E7378}.Release|Any CPU.Build.0 = Release|Any CPU
		{62857E49-E586-4BAA-AE4D-1232093E7378}.Release|x64.ActiveCfg = Release|Any CPU
		{62857E49-E586-4BAA-AE4D-1232093E7378}.Release|x64.Build.0 = Release|Any CPU
		{62857E49-E586-4BAA-AE4D-1232093E7378}.Release|x86.ActiveCfg = Release|Any CPU
		{62857E49-E586-4BAA-AE4D-1232093E7378}.Release|x86.Build.0 = Release|Any CPU
		{0C4BCE1D-3CB8-4E2A-9252-58784D7F26A5}.Debug|Any CPU.ActiveCfg = Debug|Any CPU
		{0C4BCE1D-3CB8-4E2A-9252-58784D7F26A5}.Debug|Any CPU.Build.0 = Debug|Any CPU
		{0C4BCE1D-3CB8-4E2A-9252-58784D7F26A5}.Debug|x64.ActiveCfg = Debug|Any CPU
		{0C4BCE1D-3CB8-4E2A-9252-58784D7F26A5}.Debug|x64.Build.0 = Debug|Any CPU
		{0C4BCE1D-3CB8-4E2A-9252-58784D7F26A5}.Debug|x86.ActiveCfg = Debug|Any CPU
		{0C4BCE1D-3CB8-4E2A-9252-58784D7F26A5}.Debug|x86.Build.0 = Debug|Any CPU
		{0C4BCE1D-3CB8-4E2A-9252-58784D7F26A5}.Release|Any CPU.ActiveCfg = Release|Any CPU
		{0C4BCE1D-3CB8-4E2A-9252-58784D7F26A5}.Release|Any CPU.Build.0 = Release|Any CPU
		{0C4BCE1D-3CB8-4E2A-9252-58784D7F26A5}.Release|x64.ActiveCfg = Release|Any CPU
		{0C4BCE1D-3CB8-4E2A-9252-58784D7F26A5}.Release|x64.Build.0 = Release|Any CPU
		{0C4BCE1D-3CB8-4E2A-9252-58784D7F26A5}.Release|x86.ActiveCfg = Release|Any CPU
		{0C4BCE1D-3CB8-4E2A-9252-58784D7F26A5}.Release|x86.Build.0 = Release|Any CPU
		{58D86BE4-FA8B-4F59-91FE-A9B348C70ED2}.Debug|Any CPU.ActiveCfg = Debug|Any CPU
		{58D86BE4-FA8B-4F59-91FE-A9B348C70ED2}.Debug|Any CPU.Build.0 = Debug|Any CPU
		{58D86BE4-FA8B-4F59-91FE-A9B348C70ED2}.Debug|x64.ActiveCfg = Debug|Any CPU
		{58D86BE4-FA8B-4F59-91FE-A9B348C70ED2}.Debug|x64.Build.0 = Debug|Any CPU
		{58D86BE4-FA8B-4F59-91FE-A9B348C70ED2}.Debug|x86.ActiveCfg = Debug|Any CPU
		{58D86BE4-FA8B-4F59-91FE-A9B348C70ED2}.Debug|x86.Build.0 = Debug|Any CPU
		{58D86BE4-FA8B-4F59-91FE-A9B348C70ED2}.Release|Any CPU.ActiveCfg = Release|Any CPU
		{58D86BE4-FA8B-4F59-91FE-A9B348C70ED2}.Release|Any CPU.Build.0 = Release|Any CPU
		{58D86BE4-FA8B-4F59-91FE-A9B348C70ED2}.Release|x64.ActiveCfg = Release|Any CPU
		{58D86BE4-FA8B-4F59-91FE-A9B348C70ED2}.Release|x64.Build.0 = Release|Any CPU
		{58D86BE4-FA8B-4F59-91FE-A9B348C70ED2}.Release|x86.ActiveCfg = Release|Any CPU
		{58D86BE4-FA8B-4F59-91FE-A9B348C70ED2}.Release|x86.Build.0 = Release|Any CPU
		{AD8A000B-320D-4B11-B7FF-95C314A40E7B}.Debug|Any CPU.ActiveCfg = Debug|Any CPU
		{AD8A000B-320D-4B11-B7FF-95C314A40E7B}.Debug|Any CPU.Build.0 = Debug|Any CPU
		{AD8A000B-320D-4B11-B7FF-95C314A40E7B}.Debug|x64.ActiveCfg = Debug|Any CPU
		{AD8A000B-320D-4B11-B7FF-95C314A40E7B}.Debug|x64.Build.0 = Debug|Any CPU
		{AD8A000B-320D-4B11-B7FF-95C314A40E7B}.Debug|x86.ActiveCfg = Debug|Any CPU
		{AD8A000B-320D-4B11-B7FF-95C314A40E7B}.Debug|x86.Build.0 = Debug|Any CPU
		{AD8A000B-320D-4B11-B7FF-95C314A40E7B}.Release|Any CPU.ActiveCfg = Release|Any CPU
		{AD8A000B-320D-4B11-B7FF-95C314A40E7B}.Release|Any CPU.Build.0 = Release|Any CPU
		{AD8A000B-320D-4B11-B7FF-95C314A40E7B}.Release|x64.ActiveCfg = Release|Any CPU
		{AD8A000B-320D-4B11-B7FF-95C314A40E7B}.Release|x64.Build.0 = Release|Any CPU
		{AD8A000B-320D-4B11-B7FF-95C314A40E7B}.Release|x86.ActiveCfg = Release|Any CPU
		{AD8A000B-320D-4B11-B7FF-95C314A40E7B}.Release|x86.Build.0 = Release|Any CPU
		{8445A4FB-4443-432C-94E8-1408559B7F58}.Debug|Any CPU.ActiveCfg = Debug|Any CPU
		{8445A4FB-4443-432C-94E8-1408559B7F58}.Debug|Any CPU.Build.0 = Debug|Any CPU
		{8445A4FB-4443-432C-94E8-1408559B7F58}.Debug|x64.ActiveCfg = Debug|Any CPU
		{8445A4FB-4443-432C-94E8-1408559B7F58}.Debug|x64.Build.0 = Debug|Any CPU
		{8445A4FB-4443-432C-94E8-1408559B7F58}.Debug|x86.ActiveCfg = Debug|Any CPU
		{8445A4FB-4443-432C-94E8-1408559B7F58}.Debug|x86.Build.0 = Debug|Any CPU
		{8445A4FB-4443-432C-94E8-1408559B7F58}.Release|Any CPU.ActiveCfg = Release|Any CPU
		{8445A4FB-4443-432C-94E8-1408559B7F58}.Release|Any CPU.Build.0 = Release|Any CPU
		{8445A4FB-4443-432C-94E8-1408559B7F58}.Release|x64.ActiveCfg = Release|Any CPU
		{8445A4FB-4443-432C-94E8-1408559B7F58}.Release|x64.Build.0 = Release|Any CPU
		{8445A4FB-4443-432C-94E8-1408559B7F58}.Release|x86.ActiveCfg = Release|Any CPU
		{8445A4FB-4443-432C-94E8-1408559B7F58}.Release|x86.Build.0 = Release|Any CPU
		{FC4AAD0A-13B9-49EE-A59C-F03142958170}.Debug|Any CPU.ActiveCfg = Debug|Any CPU
		{FC4AAD0A-13B9-49EE-A59C-F03142958170}.Debug|Any CPU.Build.0 = Debug|Any CPU
		{FC4AAD0A-13B9-49EE-A59C-F03142958170}.Debug|x64.ActiveCfg = Debug|Any CPU
		{FC4AAD0A-13B9-49EE-A59C-F03142958170}.Debug|x64.Build.0 = Debug|Any CPU
		{FC4AAD0A-13B9-49EE-A59C-F03142958170}.Debug|x86.ActiveCfg = Debug|Any CPU
		{FC4AAD0A-13B9-49EE-A59C-F03142958170}.Debug|x86.Build.0 = Debug|Any CPU
		{FC4AAD0A-13B9-49EE-A59C-F03142958170}.Release|Any CPU.ActiveCfg = Release|Any CPU
		{FC4AAD0A-13B9-49EE-A59C-F03142958170}.Release|Any CPU.Build.0 = Release|Any CPU
		{FC4AAD0A-13B9-49EE-A59C-F03142958170}.Release|x64.ActiveCfg = Release|Any CPU
		{FC4AAD0A-13B9-49EE-A59C-F03142958170}.Release|x64.Build.0 = Release|Any CPU
		{FC4AAD0A-13B9-49EE-A59C-F03142958170}.Release|x86.ActiveCfg = Release|Any CPU
		{FC4AAD0A-13B9-49EE-A59C-F03142958170}.Release|x86.Build.0 = Release|Any CPU
		{5EF2AD64-D6FE-446B-B350-8C7F0DF0834D}.Debug|Any CPU.ActiveCfg = Debug|Any CPU
		{5EF2AD64-D6FE-446B-B350-8C7F0DF0834D}.Debug|Any CPU.Build.0 = Debug|Any CPU
		{5EF2AD64-D6FE-446B-B350-8C7F0DF0834D}.Debug|x64.ActiveCfg = Debug|Any CPU
		{5EF2AD64-D6FE-446B-B350-8C7F0DF0834D}.Debug|x64.Build.0 = Debug|Any CPU
		{5EF2AD64-D6FE-446B-B350-8C7F0DF0834D}.Debug|x86.ActiveCfg = Debug|Any CPU
		{5EF2AD64-D6FE-446B-B350-8C7F0DF0834D}.Debug|x86.Build.0 = Debug|Any CPU
		{5EF2AD64-D6FE-446B-B350-8C7F0DF0834D}.Release|Any CPU.ActiveCfg = Release|Any CPU
		{5EF2AD64-D6FE-446B-B350-8C7F0DF0834D}.Release|Any CPU.Build.0 = Release|Any CPU
		{5EF2AD64-D6FE-446B-B350-8C7F0DF0834D}.Release|x64.ActiveCfg = Release|Any CPU
		{5EF2AD64-D6FE-446B-B350-8C7F0DF0834D}.Release|x64.Build.0 = Release|Any CPU
		{5EF2AD64-D6FE-446B-B350-8C7F0DF0834D}.Release|x86.ActiveCfg = Release|Any CPU
		{5EF2AD64-D6FE-446B-B350-8C7F0DF0834D}.Release|x86.Build.0 = Release|Any CPU
		{95C6EA83-00BC-4E1E-8A80-67A69E542F21}.Debug|Any CPU.ActiveCfg = Debug|Any CPU
		{95C6EA83-00BC-4E1E-8A80-67A69E542F21}.Debug|Any CPU.Build.0 = Debug|Any CPU
		{95C6EA83-00BC-4E1E-8A80-67A69E542F21}.Debug|x64.ActiveCfg = Debug|Any CPU
		{95C6EA83-00BC-4E1E-8A80-67A69E542F21}.Debug|x64.Build.0 = Debug|Any CPU
		{95C6EA83-00BC-4E1E-8A80-67A69E542F21}.Debug|x86.ActiveCfg = Debug|Any CPU
		{95C6EA83-00BC-4E1E-8A80-67A69E542F21}.Debug|x86.Build.0 = Debug|Any CPU
		{95C6EA83-00BC-4E1E-8A80-67A69E542F21}.Release|Any CPU.ActiveCfg = Release|Any CPU
		{95C6EA83-00BC-4E1E-8A80-67A69E542F21}.Release|Any CPU.Build.0 = Release|Any CPU
		{95C6EA83-00BC-4E1E-8A80-67A69E542F21}.Release|x64.ActiveCfg = Release|Any CPU
		{95C6EA83-00BC-4E1E-8A80-67A69E542F21}.Release|x64.Build.0 = Release|Any CPU
		{95C6EA83-00BC-4E1E-8A80-67A69E542F21}.Release|x86.ActiveCfg = Release|Any CPU
		{95C6EA83-00BC-4E1E-8A80-67A69E542F21}.Release|x86.Build.0 = Release|Any CPU
		{41AA8769-0FBC-4A80-8498-21C833F0C2AC}.Debug|Any CPU.ActiveCfg = Debug|Any CPU
		{41AA8769-0FBC-4A80-8498-21C833F0C2AC}.Debug|Any CPU.Build.0 = Debug|Any CPU
		{41AA8769-0FBC-4A80-8498-21C833F0C2AC}.Debug|x64.ActiveCfg = Debug|Any CPU
		{41AA8769-0FBC-4A80-8498-21C833F0C2AC}.Debug|x64.Build.0 = Debug|Any CPU
		{41AA8769-0FBC-4A80-8498-21C833F0C2AC}.Debug|x86.ActiveCfg = Debug|Any CPU
		{41AA8769-0FBC-4A80-8498-21C833F0C2AC}.Debug|x86.Build.0 = Debug|Any CPU
		{41AA8769-0FBC-4A80-8498-21C833F0C2AC}.Release|Any CPU.ActiveCfg = Release|Any CPU
		{41AA8769-0FBC-4A80-8498-21C833F0C2AC}.Release|Any CPU.Build.0 = Release|Any CPU
		{41AA8769-0FBC-4A80-8498-21C833F0C2AC}.Release|x64.ActiveCfg = Release|Any CPU
		{41AA8769-0FBC-4A80-8498-21C833F0C2AC}.Release|x64.Build.0 = Release|Any CPU
		{41AA8769-0FBC-4A80-8498-21C833F0C2AC}.Release|x86.ActiveCfg = Release|Any CPU
		{41AA8769-0FBC-4A80-8498-21C833F0C2AC}.Release|x86.Build.0 = Release|Any CPU
		{8B9B73CB-C7B4-4613-8ADA-5D8C1CF583E2}.Debug|Any CPU.ActiveCfg = Debug|Any CPU
		{8B9B73CB-C7B4-4613-8ADA-5D8C1CF583E2}.Debug|Any CPU.Build.0 = Debug|Any CPU
		{8B9B73CB-C7B4-4613-8ADA-5D8C1CF583E2}.Debug|x64.ActiveCfg = Debug|Any CPU
		{8B9B73CB-C7B4-4613-8ADA-5D8C1CF583E2}.Debug|x64.Build.0 = Debug|Any CPU
		{8B9B73CB-C7B4-4613-8ADA-5D8C1CF583E2}.Debug|x86.ActiveCfg = Debug|Any CPU
		{8B9B73CB-C7B4-4613-8ADA-5D8C1CF583E2}.Debug|x86.Build.0 = Debug|Any CPU
		{8B9B73CB-C7B4-4613-8ADA-5D8C1CF583E2}.Release|Any CPU.ActiveCfg = Release|Any CPU
		{8B9B73CB-C7B4-4613-8ADA-5D8C1CF583E2}.Release|Any CPU.Build.0 = Release|Any CPU
		{8B9B73CB-C7B4-4613-8ADA-5D8C1CF583E2}.Release|x64.ActiveCfg = Release|Any CPU
		{8B9B73CB-C7B4-4613-8ADA-5D8C1CF583E2}.Release|x64.Build.0 = Release|Any CPU
		{8B9B73CB-C7B4-4613-8ADA-5D8C1CF583E2}.Release|x86.ActiveCfg = Release|Any CPU
		{8B9B73CB-C7B4-4613-8ADA-5D8C1CF583E2}.Release|x86.Build.0 = Release|Any CPU
		{E09D3BDA-2E6B-47B5-87AC-B6FC2D33DFAB}.Debug|Any CPU.ActiveCfg = Debug|Any CPU
		{E09D3BDA-2E6B-47B5-87AC-B6FC2D33DFAB}.Debug|Any CPU.Build.0 = Debug|Any CPU
		{E09D3BDA-2E6B-47B5-87AC-B6FC2D33DFAB}.Debug|x64.ActiveCfg = Debug|Any CPU
		{E09D3BDA-2E6B-47B5-87AC-B6FC2D33DFAB}.Debug|x64.Build.0 = Debug|Any CPU
		{E09D3BDA-2E6B-47B5-87AC-B6FC2D33DFAB}.Debug|x86.ActiveCfg = Debug|Any CPU
		{E09D3BDA-2E6B-47B5-87AC-B6FC2D33DFAB}.Debug|x86.Build.0 = Debug|Any CPU
		{E09D3BDA-2E6B-47B5-87AC-B6FC2D33DFAB}.Release|Any CPU.ActiveCfg = Release|Any CPU
		{E09D3BDA-2E6B-47B5-87AC-B6FC2D33DFAB}.Release|Any CPU.Build.0 = Release|Any CPU
		{E09D3BDA-2E6B-47B5-87AC-B6FC2D33DFAB}.Release|x64.ActiveCfg = Release|Any CPU
		{E09D3BDA-2E6B-47B5-87AC-B6FC2D33DFAB}.Release|x64.Build.0 = Release|Any CPU
		{E09D3BDA-2E6B-47B5-87AC-B6FC2D33DFAB}.Release|x86.ActiveCfg = Release|Any CPU
		{E09D3BDA-2E6B-47B5-87AC-B6FC2D33DFAB}.Release|x86.Build.0 = Release|Any CPU
		{C46E5F53-4CAF-4C65-B173-CA8140FB41E0}.Debug|Any CPU.ActiveCfg = Debug|Any CPU
		{C46E5F53-4CAF-4C65-B173-CA8140FB41E0}.Debug|Any CPU.Build.0 = Debug|Any CPU
		{C46E5F53-4CAF-4C65-B173-CA8140FB41E0}.Debug|x64.ActiveCfg = Debug|Any CPU
		{C46E5F53-4CAF-4C65-B173-CA8140FB41E0}.Debug|x64.Build.0 = Debug|Any CPU
		{C46E5F53-4CAF-4C65-B173-CA8140FB41E0}.Debug|x86.ActiveCfg = Debug|Any CPU
		{C46E5F53-4CAF-4C65-B173-CA8140FB41E0}.Debug|x86.Build.0 = Debug|Any CPU
		{C46E5F53-4CAF-4C65-B173-CA8140FB41E0}.Release|Any CPU.ActiveCfg = Release|Any CPU
		{C46E5F53-4CAF-4C65-B173-CA8140FB41E0}.Release|Any CPU.Build.0 = Release|Any CPU
		{C46E5F53-4CAF-4C65-B173-CA8140FB41E0}.Release|x64.ActiveCfg = Release|Any CPU
		{C46E5F53-4CAF-4C65-B173-CA8140FB41E0}.Release|x64.Build.0 = Release|Any CPU
		{C46E5F53-4CAF-4C65-B173-CA8140FB41E0}.Release|x86.ActiveCfg = Release|Any CPU
		{C46E5F53-4CAF-4C65-B173-CA8140FB41E0}.Release|x86.Build.0 = Release|Any CPU
		{E1B1909E-3193-499B-91DB-1E13E6836929}.Debug|Any CPU.ActiveCfg = Debug|Any CPU
		{E1B1909E-3193-499B-91DB-1E13E6836929}.Debug|Any CPU.Build.0 = Debug|Any CPU
		{E1B1909E-3193-499B-91DB-1E13E6836929}.Debug|x64.ActiveCfg = Debug|Any CPU
		{E1B1909E-3193-499B-91DB-1E13E6836929}.Debug|x64.Build.0 = Debug|Any CPU
		{E1B1909E-3193-499B-91DB-1E13E6836929}.Debug|x86.ActiveCfg = Debug|Any CPU
		{E1B1909E-3193-499B-91DB-1E13E6836929}.Debug|x86.Build.0 = Debug|Any CPU
		{E1B1909E-3193-499B-91DB-1E13E6836929}.Release|Any CPU.ActiveCfg = Release|Any CPU
		{E1B1909E-3193-499B-91DB-1E13E6836929}.Release|Any CPU.Build.0 = Release|Any CPU
		{E1B1909E-3193-499B-91DB-1E13E6836929}.Release|x64.ActiveCfg = Release|Any CPU
		{E1B1909E-3193-499B-91DB-1E13E6836929}.Release|x64.Build.0 = Release|Any CPU
		{E1B1909E-3193-499B-91DB-1E13E6836929}.Release|x86.ActiveCfg = Release|Any CPU
		{E1B1909E-3193-499B-91DB-1E13E6836929}.Release|x86.Build.0 = Release|Any CPU
		{9174C912-E757-4ECD-9D6E-9604BEF74900}.Debug|Any CPU.ActiveCfg = Debug|Any CPU
		{9174C912-E757-4ECD-9D6E-9604BEF74900}.Debug|Any CPU.Build.0 = Debug|Any CPU
		{9174C912-E757-4ECD-9D6E-9604BEF74900}.Debug|x64.ActiveCfg = Debug|Any CPU
		{9174C912-E757-4ECD-9D6E-9604BEF74900}.Debug|x64.Build.0 = Debug|Any CPU
		{9174C912-E757-4ECD-9D6E-9604BEF74900}.Debug|x86.ActiveCfg = Debug|Any CPU
		{9174C912-E757-4ECD-9D6E-9604BEF74900}.Debug|x86.Build.0 = Debug|Any CPU
		{9174C912-E757-4ECD-9D6E-9604BEF74900}.Release|Any CPU.ActiveCfg = Release|Any CPU
		{9174C912-E757-4ECD-9D6E-9604BEF74900}.Release|Any CPU.Build.0 = Release|Any CPU
		{9174C912-E757-4ECD-9D6E-9604BEF74900}.Release|x64.ActiveCfg = Release|Any CPU
		{9174C912-E757-4ECD-9D6E-9604BEF74900}.Release|x64.Build.0 = Release|Any CPU
		{9174C912-E757-4ECD-9D6E-9604BEF74900}.Release|x86.ActiveCfg = Release|Any CPU
		{9174C912-E757-4ECD-9D6E-9604BEF74900}.Release|x86.Build.0 = Release|Any CPU
		{C1B7FFE8-4D64-485E-A504-D041B05D7132}.Debug|Any CPU.ActiveCfg = Debug|Any CPU
		{C1B7FFE8-4D64-485E-A504-D041B05D7132}.Debug|Any CPU.Build.0 = Debug|Any CPU
		{C1B7FFE8-4D64-485E-A504-D041B05D7132}.Debug|x64.ActiveCfg = Debug|Any CPU
		{C1B7FFE8-4D64-485E-A504-D041B05D7132}.Debug|x64.Build.0 = Debug|Any CPU
		{C1B7FFE8-4D64-485E-A504-D041B05D7132}.Debug|x86.ActiveCfg = Debug|Any CPU
		{C1B7FFE8-4D64-485E-A504-D041B05D7132}.Debug|x86.Build.0 = Debug|Any CPU
		{C1B7FFE8-4D64-485E-A504-D041B05D7132}.Release|Any CPU.ActiveCfg = Release|Any CPU
		{C1B7FFE8-4D64-485E-A504-D041B05D7132}.Release|Any CPU.Build.0 = Release|Any CPU
		{C1B7FFE8-4D64-485E-A504-D041B05D7132}.Release|x64.ActiveCfg = Release|Any CPU
		{C1B7FFE8-4D64-485E-A504-D041B05D7132}.Release|x64.Build.0 = Release|Any CPU
		{C1B7FFE8-4D64-485E-A504-D041B05D7132}.Release|x86.ActiveCfg = Release|Any CPU
		{C1B7FFE8-4D64-485E-A504-D041B05D7132}.Release|x86.Build.0 = Release|Any CPU
		{5FCB86D5-4B25-4039-858C-B5A06EB702E1}.Debug|Any CPU.ActiveCfg = Debug|Any CPU
		{5FCB86D5-4B25-4039-858C-B5A06EB702E1}.Debug|Any CPU.Build.0 = Debug|Any CPU
		{5FCB86D5-4B25-4039-858C-B5A06EB702E1}.Debug|x64.ActiveCfg = Debug|Any CPU
		{5FCB86D5-4B25-4039-858C-B5A06EB702E1}.Debug|x64.Build.0 = Debug|Any CPU
		{5FCB86D5-4B25-4039-858C-B5A06EB702E1}.Debug|x86.ActiveCfg = Debug|Any CPU
		{5FCB86D5-4B25-4039-858C-B5A06EB702E1}.Debug|x86.Build.0 = Debug|Any CPU
		{5FCB86D5-4B25-4039-858C-B5A06EB702E1}.Release|Any CPU.ActiveCfg = Release|Any CPU
		{5FCB86D5-4B25-4039-858C-B5A06EB702E1}.Release|Any CPU.Build.0 = Release|Any CPU
		{5FCB86D5-4B25-4039-858C-B5A06EB702E1}.Release|x64.ActiveCfg = Release|Any CPU
		{5FCB86D5-4B25-4039-858C-B5A06EB702E1}.Release|x64.Build.0 = Release|Any CPU
		{5FCB86D5-4B25-4039-858C-B5A06EB702E1}.Release|x86.ActiveCfg = Release|Any CPU
		{5FCB86D5-4B25-4039-858C-B5A06EB702E1}.Release|x86.Build.0 = Release|Any CPU
		{BEF9464F-FF58-4693-AF12-A6FA75033A5C}.Debug|Any CPU.ActiveCfg = Debug|Any CPU
		{BEF9464F-FF58-4693-AF12-A6FA75033A5C}.Debug|Any CPU.Build.0 = Debug|Any CPU
		{BEF9464F-FF58-4693-AF12-A6FA75033A5C}.Debug|x64.ActiveCfg = Debug|Any CPU
		{BEF9464F-FF58-4693-AF12-A6FA75033A5C}.Debug|x64.Build.0 = Debug|Any CPU
		{BEF9464F-FF58-4693-AF12-A6FA75033A5C}.Debug|x86.ActiveCfg = Debug|Any CPU
		{BEF9464F-FF58-4693-AF12-A6FA75033A5C}.Debug|x86.Build.0 = Debug|Any CPU
		{BEF9464F-FF58-4693-AF12-A6FA75033A5C}.Release|Any CPU.ActiveCfg = Release|Any CPU
		{BEF9464F-FF58-4693-AF12-A6FA75033A5C}.Release|Any CPU.Build.0 = Release|Any CPU
		{BEF9464F-FF58-4693-AF12-A6FA75033A5C}.Release|x64.ActiveCfg = Release|Any CPU
		{BEF9464F-FF58-4693-AF12-A6FA75033A5C}.Release|x64.Build.0 = Release|Any CPU
		{BEF9464F-FF58-4693-AF12-A6FA75033A5C}.Release|x86.ActiveCfg = Release|Any CPU
		{BEF9464F-FF58-4693-AF12-A6FA75033A5C}.Release|x86.Build.0 = Release|Any CPU
		{6D62DF0D-D9C3-49A7-A693-ACD0691BA69D}.Debug|Any CPU.ActiveCfg = Debug|Any CPU
		{6D62DF0D-D9C3-49A7-A693-ACD0691BA69D}.Debug|Any CPU.Build.0 = Debug|Any CPU
		{6D62DF0D-D9C3-49A7-A693-ACD0691BA69D}.Debug|x64.ActiveCfg = Debug|Any CPU
		{6D62DF0D-D9C3-49A7-A693-ACD0691BA69D}.Debug|x64.Build.0 = Debug|Any CPU
		{6D62DF0D-D9C3-49A7-A693-ACD0691BA69D}.Debug|x86.ActiveCfg = Debug|Any CPU
		{6D62DF0D-D9C3-49A7-A693-ACD0691BA69D}.Debug|x86.Build.0 = Debug|Any CPU
		{6D62DF0D-D9C3-49A7-A693-ACD0691BA69D}.Release|Any CPU.ActiveCfg = Release|Any CPU
		{6D62DF0D-D9C3-49A7-A693-ACD0691BA69D}.Release|Any CPU.Build.0 = Release|Any CPU
		{6D62DF0D-D9C3-49A7-A693-ACD0691BA69D}.Release|x64.ActiveCfg = Release|Any CPU
		{6D62DF0D-D9C3-49A7-A693-ACD0691BA69D}.Release|x64.Build.0 = Release|Any CPU
		{6D62DF0D-D9C3-49A7-A693-ACD0691BA69D}.Release|x86.ActiveCfg = Release|Any CPU
		{6D62DF0D-D9C3-49A7-A693-ACD0691BA69D}.Release|x86.Build.0 = Release|Any CPU
		{9DE5E0B5-C8BD-482C-85C3-B8E20F08453B}.Debug|Any CPU.ActiveCfg = Debug|Any CPU
		{9DE5E0B5-C8BD-482C-85C3-B8E20F08453B}.Debug|Any CPU.Build.0 = Debug|Any CPU
		{9DE5E0B5-C8BD-482C-85C3-B8E20F08453B}.Debug|x64.ActiveCfg = Debug|Any CPU
		{9DE5E0B5-C8BD-482C-85C3-B8E20F08453B}.Debug|x64.Build.0 = Debug|Any CPU
		{9DE5E0B5-C8BD-482C-85C3-B8E20F08453B}.Debug|x86.ActiveCfg = Debug|Any CPU
		{9DE5E0B5-C8BD-482C-85C3-B8E20F08453B}.Debug|x86.Build.0 = Debug|Any CPU
		{9DE5E0B5-C8BD-482C-85C3-B8E20F08453B}.Release|Any CPU.ActiveCfg = Release|Any CPU
		{9DE5E0B5-C8BD-482C-85C3-B8E20F08453B}.Release|Any CPU.Build.0 = Release|Any CPU
		{9DE5E0B5-C8BD-482C-85C3-B8E20F08453B}.Release|x64.ActiveCfg = Release|Any CPU
		{9DE5E0B5-C8BD-482C-85C3-B8E20F08453B}.Release|x64.Build.0 = Release|Any CPU
		{9DE5E0B5-C8BD-482C-85C3-B8E20F08453B}.Release|x86.ActiveCfg = Release|Any CPU
		{9DE5E0B5-C8BD-482C-85C3-B8E20F08453B}.Release|x86.Build.0 = Release|Any CPU
		{DBBED91F-BF32-4C77-9445-8666532225BC}.Debug|Any CPU.ActiveCfg = Debug|x64
		{DBBED91F-BF32-4C77-9445-8666532225BC}.Debug|Any CPU.Build.0 = Debug|x64
		{DBBED91F-BF32-4C77-9445-8666532225BC}.Debug|x64.ActiveCfg = Debug|x64
		{DBBED91F-BF32-4C77-9445-8666532225BC}.Debug|x64.Build.0 = Debug|x64
		{DBBED91F-BF32-4C77-9445-8666532225BC}.Debug|x86.ActiveCfg = Debug|Win32
		{DBBED91F-BF32-4C77-9445-8666532225BC}.Debug|x86.Build.0 = Debug|Win32
		{DBBED91F-BF32-4C77-9445-8666532225BC}.Release|Any CPU.ActiveCfg = Release|x64
		{DBBED91F-BF32-4C77-9445-8666532225BC}.Release|Any CPU.Build.0 = Release|x64
		{DBBED91F-BF32-4C77-9445-8666532225BC}.Release|x64.ActiveCfg = Release|x64
		{DBBED91F-BF32-4C77-9445-8666532225BC}.Release|x64.Build.0 = Release|x64
		{DBBED91F-BF32-4C77-9445-8666532225BC}.Release|x86.ActiveCfg = Release|Win32
		{DBBED91F-BF32-4C77-9445-8666532225BC}.Release|x86.Build.0 = Release|Win32
		{0D80F608-CF60-42F8-A5E1-4E0ACFA384AF}.Debug|Any CPU.ActiveCfg = Debug|Any CPU
		{0D80F608-CF60-42F8-A5E1-4E0ACFA384AF}.Debug|Any CPU.Build.0 = Debug|Any CPU
		{0D80F608-CF60-42F8-A5E1-4E0ACFA384AF}.Debug|x64.ActiveCfg = Debug|Any CPU
		{0D80F608-CF60-42F8-A5E1-4E0ACFA384AF}.Debug|x64.Build.0 = Debug|Any CPU
		{0D80F608-CF60-42F8-A5E1-4E0ACFA384AF}.Debug|x86.ActiveCfg = Debug|Any CPU
		{0D80F608-CF60-42F8-A5E1-4E0ACFA384AF}.Debug|x86.Build.0 = Debug|Any CPU
		{0D80F608-CF60-42F8-A5E1-4E0ACFA384AF}.Release|Any CPU.ActiveCfg = Release|Any CPU
		{0D80F608-CF60-42F8-A5E1-4E0ACFA384AF}.Release|Any CPU.Build.0 = Release|Any CPU
		{0D80F608-CF60-42F8-A5E1-4E0ACFA384AF}.Release|x64.ActiveCfg = Release|Any CPU
		{0D80F608-CF60-42F8-A5E1-4E0ACFA384AF}.Release|x64.Build.0 = Release|Any CPU
		{0D80F608-CF60-42F8-A5E1-4E0ACFA384AF}.Release|x86.ActiveCfg = Release|Any CPU
		{0D80F608-CF60-42F8-A5E1-4E0ACFA384AF}.Release|x86.Build.0 = Release|Any CPU
		{F951311C-D665-4987-95A4-72A2DE37E263}.Debug|Any CPU.ActiveCfg = Debug|Any CPU
		{F951311C-D665-4987-95A4-72A2DE37E263}.Debug|Any CPU.Build.0 = Debug|Any CPU
		{F951311C-D665-4987-95A4-72A2DE37E263}.Debug|x64.ActiveCfg = Debug|Any CPU
		{F951311C-D665-4987-95A4-72A2DE37E263}.Debug|x64.Build.0 = Debug|Any CPU
		{F951311C-D665-4987-95A4-72A2DE37E263}.Debug|x86.ActiveCfg = Debug|Any CPU
		{F951311C-D665-4987-95A4-72A2DE37E263}.Debug|x86.Build.0 = Debug|Any CPU
		{F951311C-D665-4987-95A4-72A2DE37E263}.Release|Any CPU.ActiveCfg = Release|Any CPU
		{F951311C-D665-4987-95A4-72A2DE37E263}.Release|Any CPU.Build.0 = Release|Any CPU
		{F951311C-D665-4987-95A4-72A2DE37E263}.Release|x64.ActiveCfg = Release|Any CPU
		{F951311C-D665-4987-95A4-72A2DE37E263}.Release|x64.Build.0 = Release|Any CPU
		{F951311C-D665-4987-95A4-72A2DE37E263}.Release|x86.ActiveCfg = Release|Any CPU
		{F951311C-D665-4987-95A4-72A2DE37E263}.Release|x86.Build.0 = Release|Any CPU
		{A3978461-5C39-43AE-9067-D755D51E7B26}.Debug|Any CPU.ActiveCfg = Debug|Any CPU
		{A3978461-5C39-43AE-9067-D755D51E7B26}.Debug|Any CPU.Build.0 = Debug|Any CPU
		{A3978461-5C39-43AE-9067-D755D51E7B26}.Debug|x64.ActiveCfg = Debug|Any CPU
		{A3978461-5C39-43AE-9067-D755D51E7B26}.Debug|x64.Build.0 = Debug|Any CPU
		{A3978461-5C39-43AE-9067-D755D51E7B26}.Debug|x86.ActiveCfg = Debug|Any CPU
		{A3978461-5C39-43AE-9067-D755D51E7B26}.Debug|x86.Build.0 = Debug|Any CPU
		{A3978461-5C39-43AE-9067-D755D51E7B26}.Release|Any CPU.ActiveCfg = Release|Any CPU
		{A3978461-5C39-43AE-9067-D755D51E7B26}.Release|Any CPU.Build.0 = Release|Any CPU
		{A3978461-5C39-43AE-9067-D755D51E7B26}.Release|x64.ActiveCfg = Release|Any CPU
		{A3978461-5C39-43AE-9067-D755D51E7B26}.Release|x64.Build.0 = Release|Any CPU
		{A3978461-5C39-43AE-9067-D755D51E7B26}.Release|x86.ActiveCfg = Release|Any CPU
		{A3978461-5C39-43AE-9067-D755D51E7B26}.Release|x86.Build.0 = Release|Any CPU
		{28C3629E-3FD8-4040-9CCE-6D62B9B1A5E3}.Debug|Any CPU.ActiveCfg = Debug|Any CPU
		{28C3629E-3FD8-4040-9CCE-6D62B9B1A5E3}.Debug|Any CPU.Build.0 = Debug|Any CPU
		{28C3629E-3FD8-4040-9CCE-6D62B9B1A5E3}.Debug|x64.ActiveCfg = Debug|Any CPU
		{28C3629E-3FD8-4040-9CCE-6D62B9B1A5E3}.Debug|x64.Build.0 = Debug|Any CPU
		{28C3629E-3FD8-4040-9CCE-6D62B9B1A5E3}.Debug|x86.ActiveCfg = Debug|Any CPU
		{28C3629E-3FD8-4040-9CCE-6D62B9B1A5E3}.Debug|x86.Build.0 = Debug|Any CPU
		{28C3629E-3FD8-4040-9CCE-6D62B9B1A5E3}.Release|Any CPU.ActiveCfg = Release|Any CPU
		{28C3629E-3FD8-4040-9CCE-6D62B9B1A5E3}.Release|Any CPU.Build.0 = Release|Any CPU
		{28C3629E-3FD8-4040-9CCE-6D62B9B1A5E3}.Release|x64.ActiveCfg = Release|Any CPU
		{28C3629E-3FD8-4040-9CCE-6D62B9B1A5E3}.Release|x64.Build.0 = Release|Any CPU
		{28C3629E-3FD8-4040-9CCE-6D62B9B1A5E3}.Release|x86.ActiveCfg = Release|Any CPU
		{28C3629E-3FD8-4040-9CCE-6D62B9B1A5E3}.Release|x86.Build.0 = Release|Any CPU
		{B0C3A5C2-F713-40C9-BF08-20A1014D74DE}.Debug|Any CPU.ActiveCfg = Debug|Any CPU
		{B0C3A5C2-F713-40C9-BF08-20A1014D74DE}.Debug|Any CPU.Build.0 = Debug|Any CPU
		{B0C3A5C2-F713-40C9-BF08-20A1014D74DE}.Debug|x64.ActiveCfg = Debug|Any CPU
		{B0C3A5C2-F713-40C9-BF08-20A1014D74DE}.Debug|x64.Build.0 = Debug|Any CPU
		{B0C3A5C2-F713-40C9-BF08-20A1014D74DE}.Debug|x86.ActiveCfg = Debug|Any CPU
		{B0C3A5C2-F713-40C9-BF08-20A1014D74DE}.Debug|x86.Build.0 = Debug|Any CPU
		{B0C3A5C2-F713-40C9-BF08-20A1014D74DE}.Release|Any CPU.ActiveCfg = Release|Any CPU
		{B0C3A5C2-F713-40C9-BF08-20A1014D74DE}.Release|Any CPU.Build.0 = Release|Any CPU
		{B0C3A5C2-F713-40C9-BF08-20A1014D74DE}.Release|x64.ActiveCfg = Release|Any CPU
		{B0C3A5C2-F713-40C9-BF08-20A1014D74DE}.Release|x64.Build.0 = Release|Any CPU
		{B0C3A5C2-F713-40C9-BF08-20A1014D74DE}.Release|x86.ActiveCfg = Release|Any CPU
		{B0C3A5C2-F713-40C9-BF08-20A1014D74DE}.Release|x86.Build.0 = Release|Any CPU
		{D1895FA9-65F5-4048-A364-F6AB8D1DC981}.Debug|Any CPU.ActiveCfg = Debug|Any CPU
		{D1895FA9-65F5-4048-A364-F6AB8D1DC981}.Debug|Any CPU.Build.0 = Debug|Any CPU
		{D1895FA9-65F5-4048-A364-F6AB8D1DC981}.Debug|x64.ActiveCfg = Debug|Any CPU
		{D1895FA9-65F5-4048-A364-F6AB8D1DC981}.Debug|x64.Build.0 = Debug|Any CPU
		{D1895FA9-65F5-4048-A364-F6AB8D1DC981}.Debug|x86.ActiveCfg = Debug|Any CPU
		{D1895FA9-65F5-4048-A364-F6AB8D1DC981}.Debug|x86.Build.0 = Debug|Any CPU
		{D1895FA9-65F5-4048-A364-F6AB8D1DC981}.Release|Any CPU.ActiveCfg = Release|Any CPU
		{D1895FA9-65F5-4048-A364-F6AB8D1DC981}.Release|Any CPU.Build.0 = Release|Any CPU
		{D1895FA9-65F5-4048-A364-F6AB8D1DC981}.Release|x64.ActiveCfg = Release|Any CPU
		{D1895FA9-65F5-4048-A364-F6AB8D1DC981}.Release|x64.Build.0 = Release|Any CPU
		{D1895FA9-65F5-4048-A364-F6AB8D1DC981}.Release|x86.ActiveCfg = Release|Any CPU
		{D1895FA9-65F5-4048-A364-F6AB8D1DC981}.Release|x86.Build.0 = Release|Any CPU
		{5340191E-31E5-43A0-A485-B6678D391B10}.Debug|Any CPU.ActiveCfg = Debug|Any CPU
		{5340191E-31E5-43A0-A485-B6678D391B10}.Debug|Any CPU.Build.0 = Debug|Any CPU
		{5340191E-31E5-43A0-A485-B6678D391B10}.Debug|x64.ActiveCfg = Debug|Any CPU
		{5340191E-31E5-43A0-A485-B6678D391B10}.Debug|x64.Build.0 = Debug|Any CPU
		{5340191E-31E5-43A0-A485-B6678D391B10}.Debug|x86.ActiveCfg = Debug|Any CPU
		{5340191E-31E5-43A0-A485-B6678D391B10}.Debug|x86.Build.0 = Debug|Any CPU
		{5340191E-31E5-43A0-A485-B6678D391B10}.Release|Any CPU.ActiveCfg = Release|Any CPU
		{5340191E-31E5-43A0-A485-B6678D391B10}.Release|Any CPU.Build.0 = Release|Any CPU
		{5340191E-31E5-43A0-A485-B6678D391B10}.Release|x64.ActiveCfg = Release|Any CPU
		{5340191E-31E5-43A0-A485-B6678D391B10}.Release|x64.Build.0 = Release|Any CPU
		{5340191E-31E5-43A0-A485-B6678D391B10}.Release|x86.ActiveCfg = Release|Any CPU
		{5340191E-31E5-43A0-A485-B6678D391B10}.Release|x86.Build.0 = Release|Any CPU
		{D6EEEF87-CE3A-4804-A409-39966B96C850}.Debug|Any CPU.ActiveCfg = Debug|Any CPU
		{D6EEEF87-CE3A-4804-A409-39966B96C850}.Debug|Any CPU.Build.0 = Debug|Any CPU
		{D6EEEF87-CE3A-4804-A409-39966B96C850}.Debug|x64.ActiveCfg = Debug|Any CPU
		{D6EEEF87-CE3A-4804-A409-39966B96C850}.Debug|x64.Build.0 = Debug|Any CPU
		{D6EEEF87-CE3A-4804-A409-39966B96C850}.Debug|x86.ActiveCfg = Debug|Any CPU
		{D6EEEF87-CE3A-4804-A409-39966B96C850}.Debug|x86.Build.0 = Debug|Any CPU
		{D6EEEF87-CE3A-4804-A409-39966B96C850}.Release|Any CPU.ActiveCfg = Release|Any CPU
		{D6EEEF87-CE3A-4804-A409-39966B96C850}.Release|Any CPU.Build.0 = Release|Any CPU
		{D6EEEF87-CE3A-4804-A409-39966B96C850}.Release|x64.ActiveCfg = Release|Any CPU
		{D6EEEF87-CE3A-4804-A409-39966B96C850}.Release|x64.Build.0 = Release|Any CPU
		{D6EEEF87-CE3A-4804-A409-39966B96C850}.Release|x86.ActiveCfg = Release|Any CPU
		{D6EEEF87-CE3A-4804-A409-39966B96C850}.Release|x86.Build.0 = Release|Any CPU
		{9066522E-780E-4409-B410-2525E6A621FC}.Debug|Any CPU.ActiveCfg = Debug|Any CPU
		{9066522E-780E-4409-B410-2525E6A621FC}.Debug|Any CPU.Build.0 = Debug|Any CPU
		{9066522E-780E-4409-B410-2525E6A621FC}.Debug|x64.ActiveCfg = Debug|Any CPU
		{9066522E-780E-4409-B410-2525E6A621FC}.Debug|x64.Build.0 = Debug|Any CPU
		{9066522E-780E-4409-B410-2525E6A621FC}.Debug|x86.ActiveCfg = Debug|Any CPU
		{9066522E-780E-4409-B410-2525E6A621FC}.Debug|x86.Build.0 = Debug|Any CPU
		{9066522E-780E-4409-B410-2525E6A621FC}.Release|Any CPU.ActiveCfg = Release|Any CPU
		{9066522E-780E-4409-B410-2525E6A621FC}.Release|Any CPU.Build.0 = Release|Any CPU
		{9066522E-780E-4409-B410-2525E6A621FC}.Release|x64.ActiveCfg = Release|Any CPU
		{9066522E-780E-4409-B410-2525E6A621FC}.Release|x64.Build.0 = Release|Any CPU
		{9066522E-780E-4409-B410-2525E6A621FC}.Release|x86.ActiveCfg = Release|Any CPU
		{9066522E-780E-4409-B410-2525E6A621FC}.Release|x86.Build.0 = Release|Any CPU
		{AE67EBA1-AFF1-4425-8C89-4F0045A6BFD9}.Debug|Any CPU.ActiveCfg = Debug|Any CPU
		{AE67EBA1-AFF1-4425-8C89-4F0045A6BFD9}.Debug|Any CPU.Build.0 = Debug|Any CPU
		{AE67EBA1-AFF1-4425-8C89-4F0045A6BFD9}.Debug|x64.ActiveCfg = Debug|Any CPU
		{AE67EBA1-AFF1-4425-8C89-4F0045A6BFD9}.Debug|x64.Build.0 = Debug|Any CPU
		{AE67EBA1-AFF1-4425-8C89-4F0045A6BFD9}.Debug|x86.ActiveCfg = Debug|Any CPU
		{AE67EBA1-AFF1-4425-8C89-4F0045A6BFD9}.Debug|x86.Build.0 = Debug|Any CPU
		{AE67EBA1-AFF1-4425-8C89-4F0045A6BFD9}.Release|Any CPU.ActiveCfg = Release|Any CPU
		{AE67EBA1-AFF1-4425-8C89-4F0045A6BFD9}.Release|Any CPU.Build.0 = Release|Any CPU
		{AE67EBA1-AFF1-4425-8C89-4F0045A6BFD9}.Release|x64.ActiveCfg = Release|Any CPU
		{AE67EBA1-AFF1-4425-8C89-4F0045A6BFD9}.Release|x64.Build.0 = Release|Any CPU
		{AE67EBA1-AFF1-4425-8C89-4F0045A6BFD9}.Release|x86.ActiveCfg = Release|Any CPU
		{AE67EBA1-AFF1-4425-8C89-4F0045A6BFD9}.Release|x86.Build.0 = Release|Any CPU
		{98E0B8AC-1193-4BFD-BF5C-6712C93ABD03}.Debug|Any CPU.ActiveCfg = Debug|Any CPU
		{98E0B8AC-1193-4BFD-BF5C-6712C93ABD03}.Debug|Any CPU.Build.0 = Debug|Any CPU
		{98E0B8AC-1193-4BFD-BF5C-6712C93ABD03}.Debug|x64.ActiveCfg = Debug|Any CPU
		{98E0B8AC-1193-4BFD-BF5C-6712C93ABD03}.Debug|x64.Build.0 = Debug|Any CPU
		{98E0B8AC-1193-4BFD-BF5C-6712C93ABD03}.Debug|x86.ActiveCfg = Debug|Any CPU
		{98E0B8AC-1193-4BFD-BF5C-6712C93ABD03}.Debug|x86.Build.0 = Debug|Any CPU
		{98E0B8AC-1193-4BFD-BF5C-6712C93ABD03}.Release|Any CPU.ActiveCfg = Release|Any CPU
		{98E0B8AC-1193-4BFD-BF5C-6712C93ABD03}.Release|Any CPU.Build.0 = Release|Any CPU
		{98E0B8AC-1193-4BFD-BF5C-6712C93ABD03}.Release|x64.ActiveCfg = Release|Any CPU
		{98E0B8AC-1193-4BFD-BF5C-6712C93ABD03}.Release|x64.Build.0 = Release|Any CPU
		{98E0B8AC-1193-4BFD-BF5C-6712C93ABD03}.Release|x86.ActiveCfg = Release|Any CPU
		{98E0B8AC-1193-4BFD-BF5C-6712C93ABD03}.Release|x86.Build.0 = Release|Any CPU
		{56534417-6C60-48A5-B355-12225C70431E}.Debug|Any CPU.ActiveCfg = Debug|Any CPU
		{56534417-6C60-48A5-B355-12225C70431E}.Debug|Any CPU.Build.0 = Debug|Any CPU
		{56534417-6C60-48A5-B355-12225C70431E}.Debug|x64.ActiveCfg = Debug|Any CPU
		{56534417-6C60-48A5-B355-12225C70431E}.Debug|x64.Build.0 = Debug|Any CPU
		{56534417-6C60-48A5-B355-12225C70431E}.Debug|x86.ActiveCfg = Debug|Any CPU
		{56534417-6C60-48A5-B355-12225C70431E}.Debug|x86.Build.0 = Debug|Any CPU
		{56534417-6C60-48A5-B355-12225C70431E}.Release|Any CPU.ActiveCfg = Release|Any CPU
		{56534417-6C60-48A5-B355-12225C70431E}.Release|Any CPU.Build.0 = Release|Any CPU
		{56534417-6C60-48A5-B355-12225C70431E}.Release|x64.ActiveCfg = Release|Any CPU
		{56534417-6C60-48A5-B355-12225C70431E}.Release|x64.Build.0 = Release|Any CPU
		{56534417-6C60-48A5-B355-12225C70431E}.Release|x86.ActiveCfg = Release|Any CPU
		{56534417-6C60-48A5-B355-12225C70431E}.Release|x86.Build.0 = Release|Any CPU
		{506141BE-1418-4D75-8E24-54A9280B0A66}.Debug|Any CPU.ActiveCfg = Debug|Any CPU
		{506141BE-1418-4D75-8E24-54A9280B0A66}.Debug|Any CPU.Build.0 = Debug|Any CPU
		{506141BE-1418-4D75-8E24-54A9280B0A66}.Debug|x64.ActiveCfg = Debug|Any CPU
		{506141BE-1418-4D75-8E24-54A9280B0A66}.Debug|x64.Build.0 = Debug|Any CPU
		{506141BE-1418-4D75-8E24-54A9280B0A66}.Debug|x86.ActiveCfg = Debug|Any CPU
		{506141BE-1418-4D75-8E24-54A9280B0A66}.Debug|x86.Build.0 = Debug|Any CPU
		{506141BE-1418-4D75-8E24-54A9280B0A66}.Release|Any CPU.ActiveCfg = Release|Any CPU
		{506141BE-1418-4D75-8E24-54A9280B0A66}.Release|Any CPU.Build.0 = Release|Any CPU
		{506141BE-1418-4D75-8E24-54A9280B0A66}.Release|x64.ActiveCfg = Release|Any CPU
		{506141BE-1418-4D75-8E24-54A9280B0A66}.Release|x64.Build.0 = Release|Any CPU
		{506141BE-1418-4D75-8E24-54A9280B0A66}.Release|x86.ActiveCfg = Release|Any CPU
		{506141BE-1418-4D75-8E24-54A9280B0A66}.Release|x86.Build.0 = Release|Any CPU
		{2AA8762F-3A84-4CD5-9AA0-77829A766769}.Debug|Any CPU.ActiveCfg = Debug|Any CPU
		{2AA8762F-3A84-4CD5-9AA0-77829A766769}.Debug|Any CPU.Build.0 = Debug|Any CPU
		{2AA8762F-3A84-4CD5-9AA0-77829A766769}.Debug|x64.ActiveCfg = Debug|Any CPU
		{2AA8762F-3A84-4CD5-9AA0-77829A766769}.Debug|x64.Build.0 = Debug|Any CPU
		{2AA8762F-3A84-4CD5-9AA0-77829A766769}.Debug|x86.ActiveCfg = Debug|Any CPU
		{2AA8762F-3A84-4CD5-9AA0-77829A766769}.Debug|x86.Build.0 = Debug|Any CPU
		{2AA8762F-3A84-4CD5-9AA0-77829A766769}.Release|Any CPU.ActiveCfg = Release|Any CPU
		{2AA8762F-3A84-4CD5-9AA0-77829A766769}.Release|Any CPU.Build.0 = Release|Any CPU
		{2AA8762F-3A84-4CD5-9AA0-77829A766769}.Release|x64.ActiveCfg = Release|Any CPU
		{2AA8762F-3A84-4CD5-9AA0-77829A766769}.Release|x64.Build.0 = Release|Any CPU
		{2AA8762F-3A84-4CD5-9AA0-77829A766769}.Release|x86.ActiveCfg = Release|Any CPU
		{2AA8762F-3A84-4CD5-9AA0-77829A766769}.Release|x86.Build.0 = Release|Any CPU
		{C6648F60-513A-4052-9A34-61B156058EC3}.Debug|Any CPU.ActiveCfg = Debug|Any CPU
		{C6648F60-513A-4052-9A34-61B156058EC3}.Debug|Any CPU.Build.0 = Debug|Any CPU
		{C6648F60-513A-4052-9A34-61B156058EC3}.Debug|x64.ActiveCfg = Debug|Any CPU
		{C6648F60-513A-4052-9A34-61B156058EC3}.Debug|x64.Build.0 = Debug|Any CPU
		{C6648F60-513A-4052-9A34-61B156058EC3}.Debug|x86.ActiveCfg = Debug|Any CPU
		{C6648F60-513A-4052-9A34-61B156058EC3}.Debug|x86.Build.0 = Debug|Any CPU
		{C6648F60-513A-4052-9A34-61B156058EC3}.Release|Any CPU.ActiveCfg = Release|Any CPU
		{C6648F60-513A-4052-9A34-61B156058EC3}.Release|Any CPU.Build.0 = Release|Any CPU
		{C6648F60-513A-4052-9A34-61B156058EC3}.Release|x64.ActiveCfg = Release|Any CPU
		{C6648F60-513A-4052-9A34-61B156058EC3}.Release|x64.Build.0 = Release|Any CPU
		{C6648F60-513A-4052-9A34-61B156058EC3}.Release|x86.ActiveCfg = Release|Any CPU
		{C6648F60-513A-4052-9A34-61B156058EC3}.Release|x86.Build.0 = Release|Any CPU
		{DE1EC50A-C588-45A9-B22C-981419CD7CD4}.Debug|Any CPU.ActiveCfg = Debug|Any CPU
		{DE1EC50A-C588-45A9-B22C-981419CD7CD4}.Debug|Any CPU.Build.0 = Debug|Any CPU
		{DE1EC50A-C588-45A9-B22C-981419CD7CD4}.Debug|x64.ActiveCfg = Debug|Any CPU
		{DE1EC50A-C588-45A9-B22C-981419CD7CD4}.Debug|x64.Build.0 = Debug|Any CPU
		{DE1EC50A-C588-45A9-B22C-981419CD7CD4}.Debug|x86.ActiveCfg = Debug|Any CPU
		{DE1EC50A-C588-45A9-B22C-981419CD7CD4}.Debug|x86.Build.0 = Debug|Any CPU
		{DE1EC50A-C588-45A9-B22C-981419CD7CD4}.Release|Any CPU.ActiveCfg = Release|Any CPU
		{DE1EC50A-C588-45A9-B22C-981419CD7CD4}.Release|Any CPU.Build.0 = Release|Any CPU
		{DE1EC50A-C588-45A9-B22C-981419CD7CD4}.Release|x64.ActiveCfg = Release|Any CPU
		{DE1EC50A-C588-45A9-B22C-981419CD7CD4}.Release|x64.Build.0 = Release|Any CPU
		{DE1EC50A-C588-45A9-B22C-981419CD7CD4}.Release|x86.ActiveCfg = Release|Any CPU
		{DE1EC50A-C588-45A9-B22C-981419CD7CD4}.Release|x86.Build.0 = Release|Any CPU
		{2CC10E50-392E-4B5D-98E4-D38F0061D363}.Debug|Any CPU.ActiveCfg = Debug|Any CPU
		{2CC10E50-392E-4B5D-98E4-D38F0061D363}.Debug|Any CPU.Build.0 = Debug|Any CPU
		{2CC10E50-392E-4B5D-98E4-D38F0061D363}.Debug|x64.ActiveCfg = Debug|Any CPU
		{2CC10E50-392E-4B5D-98E4-D38F0061D363}.Debug|x64.Build.0 = Debug|Any CPU
		{2CC10E50-392E-4B5D-98E4-D38F0061D363}.Debug|x86.ActiveCfg = Debug|Any CPU
		{2CC10E50-392E-4B5D-98E4-D38F0061D363}.Debug|x86.Build.0 = Debug|Any CPU
		{2CC10E50-392E-4B5D-98E4-D38F0061D363}.Release|Any CPU.ActiveCfg = Release|Any CPU
		{2CC10E50-392E-4B5D-98E4-D38F0061D363}.Release|Any CPU.Build.0 = Release|Any CPU
		{2CC10E50-392E-4B5D-98E4-D38F0061D363}.Release|x64.ActiveCfg = Release|Any CPU
		{2CC10E50-392E-4B5D-98E4-D38F0061D363}.Release|x64.Build.0 = Release|Any CPU
		{2CC10E50-392E-4B5D-98E4-D38F0061D363}.Release|x86.ActiveCfg = Release|Any CPU
		{2CC10E50-392E-4B5D-98E4-D38F0061D363}.Release|x86.Build.0 = Release|Any CPU
		{29E4FC48-39FB-45A1-B641-3E98E7D6CEEF}.Debug|Any CPU.ActiveCfg = Debug|Any CPU
		{29E4FC48-39FB-45A1-B641-3E98E7D6CEEF}.Debug|Any CPU.Build.0 = Debug|Any CPU
		{29E4FC48-39FB-45A1-B641-3E98E7D6CEEF}.Debug|x64.ActiveCfg = Debug|Any CPU
		{29E4FC48-39FB-45A1-B641-3E98E7D6CEEF}.Debug|x64.Build.0 = Debug|Any CPU
		{29E4FC48-39FB-45A1-B641-3E98E7D6CEEF}.Debug|x86.ActiveCfg = Debug|Any CPU
		{29E4FC48-39FB-45A1-B641-3E98E7D6CEEF}.Debug|x86.Build.0 = Debug|Any CPU
		{29E4FC48-39FB-45A1-B641-3E98E7D6CEEF}.Release|Any CPU.ActiveCfg = Release|Any CPU
		{29E4FC48-39FB-45A1-B641-3E98E7D6CEEF}.Release|Any CPU.Build.0 = Release|Any CPU
		{29E4FC48-39FB-45A1-B641-3E98E7D6CEEF}.Release|x64.ActiveCfg = Release|Any CPU
		{29E4FC48-39FB-45A1-B641-3E98E7D6CEEF}.Release|x64.Build.0 = Release|Any CPU
		{29E4FC48-39FB-45A1-B641-3E98E7D6CEEF}.Release|x86.ActiveCfg = Release|Any CPU
		{29E4FC48-39FB-45A1-B641-3E98E7D6CEEF}.Release|x86.Build.0 = Release|Any CPU
		{B81D01EB-AD08-4929-BE99-6623AF523A23}.Debug|Any CPU.ActiveCfg = Debug|Any CPU
		{B81D01EB-AD08-4929-BE99-6623AF523A23}.Debug|Any CPU.Build.0 = Debug|Any CPU
		{B81D01EB-AD08-4929-BE99-6623AF523A23}.Debug|x64.ActiveCfg = Debug|Any CPU
		{B81D01EB-AD08-4929-BE99-6623AF523A23}.Debug|x64.Build.0 = Debug|Any CPU
		{B81D01EB-AD08-4929-BE99-6623AF523A23}.Debug|x86.ActiveCfg = Debug|Any CPU
		{B81D01EB-AD08-4929-BE99-6623AF523A23}.Debug|x86.Build.0 = Debug|Any CPU
		{B81D01EB-AD08-4929-BE99-6623AF523A23}.Release|Any CPU.ActiveCfg = Release|Any CPU
		{B81D01EB-AD08-4929-BE99-6623AF523A23}.Release|Any CPU.Build.0 = Release|Any CPU
		{B81D01EB-AD08-4929-BE99-6623AF523A23}.Release|x64.ActiveCfg = Release|Any CPU
		{B81D01EB-AD08-4929-BE99-6623AF523A23}.Release|x64.Build.0 = Release|Any CPU
		{B81D01EB-AD08-4929-BE99-6623AF523A23}.Release|x86.ActiveCfg = Release|Any CPU
		{B81D01EB-AD08-4929-BE99-6623AF523A23}.Release|x86.Build.0 = Release|Any CPU
		{01E3D8C2-9C24-492B-B13B-C6D7068B6BF8}.Debug|Any CPU.ActiveCfg = Debug|Any CPU
		{01E3D8C2-9C24-492B-B13B-C6D7068B6BF8}.Debug|Any CPU.Build.0 = Debug|Any CPU
		{01E3D8C2-9C24-492B-B13B-C6D7068B6BF8}.Debug|x64.ActiveCfg = Debug|Any CPU
		{01E3D8C2-9C24-492B-B13B-C6D7068B6BF8}.Debug|x64.Build.0 = Debug|Any CPU
		{01E3D8C2-9C24-492B-B13B-C6D7068B6BF8}.Debug|x86.ActiveCfg = Debug|Any CPU
		{01E3D8C2-9C24-492B-B13B-C6D7068B6BF8}.Debug|x86.Build.0 = Debug|Any CPU
		{01E3D8C2-9C24-492B-B13B-C6D7068B6BF8}.Release|Any CPU.ActiveCfg = Release|Any CPU
		{01E3D8C2-9C24-492B-B13B-C6D7068B6BF8}.Release|Any CPU.Build.0 = Release|Any CPU
		{01E3D8C2-9C24-492B-B13B-C6D7068B6BF8}.Release|x64.ActiveCfg = Release|Any CPU
		{01E3D8C2-9C24-492B-B13B-C6D7068B6BF8}.Release|x64.Build.0 = Release|Any CPU
		{01E3D8C2-9C24-492B-B13B-C6D7068B6BF8}.Release|x86.ActiveCfg = Release|Any CPU
		{01E3D8C2-9C24-492B-B13B-C6D7068B6BF8}.Release|x86.Build.0 = Release|Any CPU
		{0FCAD5C4-CD55-4022-8907-8B9C912E9CA7}.Debug|Any CPU.ActiveCfg = Debug|Any CPU
		{0FCAD5C4-CD55-4022-8907-8B9C912E9CA7}.Debug|Any CPU.Build.0 = Debug|Any CPU
		{0FCAD5C4-CD55-4022-8907-8B9C912E9CA7}.Debug|x64.ActiveCfg = Debug|Any CPU
		{0FCAD5C4-CD55-4022-8907-8B9C912E9CA7}.Debug|x64.Build.0 = Debug|Any CPU
		{0FCAD5C4-CD55-4022-8907-8B9C912E9CA7}.Debug|x86.ActiveCfg = Debug|Any CPU
		{0FCAD5C4-CD55-4022-8907-8B9C912E9CA7}.Debug|x86.Build.0 = Debug|Any CPU
		{0FCAD5C4-CD55-4022-8907-8B9C912E9CA7}.Release|Any CPU.ActiveCfg = Release|Any CPU
		{0FCAD5C4-CD55-4022-8907-8B9C912E9CA7}.Release|Any CPU.Build.0 = Release|Any CPU
		{0FCAD5C4-CD55-4022-8907-8B9C912E9CA7}.Release|x64.ActiveCfg = Release|Any CPU
		{0FCAD5C4-CD55-4022-8907-8B9C912E9CA7}.Release|x64.Build.0 = Release|Any CPU
		{0FCAD5C4-CD55-4022-8907-8B9C912E9CA7}.Release|x86.ActiveCfg = Release|Any CPU
		{0FCAD5C4-CD55-4022-8907-8B9C912E9CA7}.Release|x86.Build.0 = Release|Any CPU
		{AACC9A7C-A462-478A-9B1B-A0CD4294AEE9}.Debug|Any CPU.ActiveCfg = Debug|Any CPU
		{AACC9A7C-A462-478A-9B1B-A0CD4294AEE9}.Debug|Any CPU.Build.0 = Debug|Any CPU
		{AACC9A7C-A462-478A-9B1B-A0CD4294AEE9}.Debug|x64.ActiveCfg = Debug|Any CPU
		{AACC9A7C-A462-478A-9B1B-A0CD4294AEE9}.Debug|x64.Build.0 = Debug|Any CPU
		{AACC9A7C-A462-478A-9B1B-A0CD4294AEE9}.Debug|x86.ActiveCfg = Debug|Any CPU
		{AACC9A7C-A462-478A-9B1B-A0CD4294AEE9}.Debug|x86.Build.0 = Debug|Any CPU
		{AACC9A7C-A462-478A-9B1B-A0CD4294AEE9}.Release|Any CPU.ActiveCfg = Release|Any CPU
		{AACC9A7C-A462-478A-9B1B-A0CD4294AEE9}.Release|Any CPU.Build.0 = Release|Any CPU
		{AACC9A7C-A462-478A-9B1B-A0CD4294AEE9}.Release|x64.ActiveCfg = Release|Any CPU
		{AACC9A7C-A462-478A-9B1B-A0CD4294AEE9}.Release|x64.Build.0 = Release|Any CPU
		{AACC9A7C-A462-478A-9B1B-A0CD4294AEE9}.Release|x86.ActiveCfg = Release|Any CPU
		{AACC9A7C-A462-478A-9B1B-A0CD4294AEE9}.Release|x86.Build.0 = Release|Any CPU
		{E5C4D728-E5B7-4656-B3DF-8E098D10D51F}.Debug|Any CPU.ActiveCfg = Debug|Any CPU
		{E5C4D728-E5B7-4656-B3DF-8E098D10D51F}.Debug|Any CPU.Build.0 = Debug|Any CPU
		{E5C4D728-E5B7-4656-B3DF-8E098D10D51F}.Debug|x64.ActiveCfg = Debug|Any CPU
		{E5C4D728-E5B7-4656-B3DF-8E098D10D51F}.Debug|x64.Build.0 = Debug|Any CPU
		{E5C4D728-E5B7-4656-B3DF-8E098D10D51F}.Debug|x86.ActiveCfg = Debug|Any CPU
		{E5C4D728-E5B7-4656-B3DF-8E098D10D51F}.Debug|x86.Build.0 = Debug|Any CPU
		{E5C4D728-E5B7-4656-B3DF-8E098D10D51F}.Release|Any CPU.ActiveCfg = Release|Any CPU
		{E5C4D728-E5B7-4656-B3DF-8E098D10D51F}.Release|Any CPU.Build.0 = Release|Any CPU
		{E5C4D728-E5B7-4656-B3DF-8E098D10D51F}.Release|x64.ActiveCfg = Release|Any CPU
		{E5C4D728-E5B7-4656-B3DF-8E098D10D51F}.Release|x64.Build.0 = Release|Any CPU
		{E5C4D728-E5B7-4656-B3DF-8E098D10D51F}.Release|x86.ActiveCfg = Release|Any CPU
		{E5C4D728-E5B7-4656-B3DF-8E098D10D51F}.Release|x86.Build.0 = Release|Any CPU
		{544928BD-BCF6-4804-BD6F-50C6AECC2633}.Debug|Any CPU.ActiveCfg = Debug|Any CPU
		{544928BD-BCF6-4804-BD6F-50C6AECC2633}.Debug|Any CPU.Build.0 = Debug|Any CPU
		{544928BD-BCF6-4804-BD6F-50C6AECC2633}.Debug|x64.ActiveCfg = Debug|Any CPU
		{544928BD-BCF6-4804-BD6F-50C6AECC2633}.Debug|x64.Build.0 = Debug|Any CPU
		{544928BD-BCF6-4804-BD6F-50C6AECC2633}.Debug|x86.ActiveCfg = Debug|Any CPU
		{544928BD-BCF6-4804-BD6F-50C6AECC2633}.Debug|x86.Build.0 = Debug|Any CPU
		{544928BD-BCF6-4804-BD6F-50C6AECC2633}.Release|Any CPU.ActiveCfg = Release|Any CPU
		{544928BD-BCF6-4804-BD6F-50C6AECC2633}.Release|Any CPU.Build.0 = Release|Any CPU
		{544928BD-BCF6-4804-BD6F-50C6AECC2633}.Release|x64.ActiveCfg = Release|Any CPU
		{544928BD-BCF6-4804-BD6F-50C6AECC2633}.Release|x64.Build.0 = Release|Any CPU
		{544928BD-BCF6-4804-BD6F-50C6AECC2633}.Release|x86.ActiveCfg = Release|Any CPU
		{544928BD-BCF6-4804-BD6F-50C6AECC2633}.Release|x86.Build.0 = Release|Any CPU
		{8BF43E82-F9F5-48AC-916D-884691540E89}.Debug|Any CPU.ActiveCfg = Debug|Any CPU
		{8BF43E82-F9F5-48AC-916D-884691540E89}.Debug|Any CPU.Build.0 = Debug|Any CPU
		{8BF43E82-F9F5-48AC-916D-884691540E89}.Debug|x64.ActiveCfg = Debug|Any CPU
		{8BF43E82-F9F5-48AC-916D-884691540E89}.Debug|x64.Build.0 = Debug|Any CPU
		{8BF43E82-F9F5-48AC-916D-884691540E89}.Debug|x86.ActiveCfg = Debug|Any CPU
		{8BF43E82-F9F5-48AC-916D-884691540E89}.Debug|x86.Build.0 = Debug|Any CPU
		{8BF43E82-F9F5-48AC-916D-884691540E89}.Release|Any CPU.ActiveCfg = Release|Any CPU
		{8BF43E82-F9F5-48AC-916D-884691540E89}.Release|Any CPU.Build.0 = Release|Any CPU
		{8BF43E82-F9F5-48AC-916D-884691540E89}.Release|x64.ActiveCfg = Release|Any CPU
		{8BF43E82-F9F5-48AC-916D-884691540E89}.Release|x64.Build.0 = Release|Any CPU
		{8BF43E82-F9F5-48AC-916D-884691540E89}.Release|x86.ActiveCfg = Release|Any CPU
		{8BF43E82-F9F5-48AC-916D-884691540E89}.Release|x86.Build.0 = Release|Any CPU
		{698762D4-3624-4563-BD8A-34EABC33A3E8}.Debug|Any CPU.ActiveCfg = Debug|Any CPU
		{698762D4-3624-4563-BD8A-34EABC33A3E8}.Debug|Any CPU.Build.0 = Debug|Any CPU
		{698762D4-3624-4563-BD8A-34EABC33A3E8}.Debug|x64.ActiveCfg = Debug|Any CPU
		{698762D4-3624-4563-BD8A-34EABC33A3E8}.Debug|x64.Build.0 = Debug|Any CPU
		{698762D4-3624-4563-BD8A-34EABC33A3E8}.Debug|x86.ActiveCfg = Debug|Any CPU
		{698762D4-3624-4563-BD8A-34EABC33A3E8}.Debug|x86.Build.0 = Debug|Any CPU
		{698762D4-3624-4563-BD8A-34EABC33A3E8}.Release|Any CPU.ActiveCfg = Release|Any CPU
		{698762D4-3624-4563-BD8A-34EABC33A3E8}.Release|Any CPU.Build.0 = Release|Any CPU
		{698762D4-3624-4563-BD8A-34EABC33A3E8}.Release|x64.ActiveCfg = Release|Any CPU
		{698762D4-3624-4563-BD8A-34EABC33A3E8}.Release|x64.Build.0 = Release|Any CPU
		{698762D4-3624-4563-BD8A-34EABC33A3E8}.Release|x86.ActiveCfg = Release|Any CPU
		{698762D4-3624-4563-BD8A-34EABC33A3E8}.Release|x86.Build.0 = Release|Any CPU
		{79EB7D57-84C8-4F36-BE4C-C2C5DBCA98FC}.Debug|Any CPU.ActiveCfg = Debug|Any CPU
		{79EB7D57-84C8-4F36-BE4C-C2C5DBCA98FC}.Debug|Any CPU.Build.0 = Debug|Any CPU
		{79EB7D57-84C8-4F36-BE4C-C2C5DBCA98FC}.Debug|x64.ActiveCfg = Debug|Any CPU
		{79EB7D57-84C8-4F36-BE4C-C2C5DBCA98FC}.Debug|x64.Build.0 = Debug|Any CPU
		{79EB7D57-84C8-4F36-BE4C-C2C5DBCA98FC}.Debug|x86.ActiveCfg = Debug|Any CPU
		{79EB7D57-84C8-4F36-BE4C-C2C5DBCA98FC}.Debug|x86.Build.0 = Debug|Any CPU
		{79EB7D57-84C8-4F36-BE4C-C2C5DBCA98FC}.Release|Any CPU.ActiveCfg = Release|Any CPU
		{79EB7D57-84C8-4F36-BE4C-C2C5DBCA98FC}.Release|Any CPU.Build.0 = Release|Any CPU
		{79EB7D57-84C8-4F36-BE4C-C2C5DBCA98FC}.Release|x64.ActiveCfg = Release|Any CPU
		{79EB7D57-84C8-4F36-BE4C-C2C5DBCA98FC}.Release|x64.Build.0 = Release|Any CPU
		{79EB7D57-84C8-4F36-BE4C-C2C5DBCA98FC}.Release|x86.ActiveCfg = Release|Any CPU
		{79EB7D57-84C8-4F36-BE4C-C2C5DBCA98FC}.Release|x86.Build.0 = Release|Any CPU
		{2F4D16A0-E6C3-4017-8CC3-41430AFB9D06}.Debug|Any CPU.ActiveCfg = Debug|Win32
		{2F4D16A0-E6C3-4017-8CC3-41430AFB9D06}.Debug|x64.ActiveCfg = Debug|x64
		{2F4D16A0-E6C3-4017-8CC3-41430AFB9D06}.Debug|x64.Build.0 = Debug|x64
		{2F4D16A0-E6C3-4017-8CC3-41430AFB9D06}.Debug|x86.ActiveCfg = Debug|Win32
		{2F4D16A0-E6C3-4017-8CC3-41430AFB9D06}.Debug|x86.Build.0 = Debug|Win32
		{2F4D16A0-E6C3-4017-8CC3-41430AFB9D06}.Release|Any CPU.ActiveCfg = Release|Win32
		{2F4D16A0-E6C3-4017-8CC3-41430AFB9D06}.Release|x64.ActiveCfg = Release|x64
		{2F4D16A0-E6C3-4017-8CC3-41430AFB9D06}.Release|x64.Build.0 = Release|x64
		{2F4D16A0-E6C3-4017-8CC3-41430AFB9D06}.Release|x86.ActiveCfg = Release|Win32
		{2F4D16A0-E6C3-4017-8CC3-41430AFB9D06}.Release|x86.Build.0 = Release|Win32
		{4AA5CE64-5BE2-414C-8AD9-E3110E490DC4}.Debug|Any CPU.ActiveCfg = Debug|x86
		{4AA5CE64-5BE2-414C-8AD9-E3110E490DC4}.Debug|x64.ActiveCfg = Debug|x86
		{4AA5CE64-5BE2-414C-8AD9-E3110E490DC4}.Debug|x86.ActiveCfg = Debug|x86
		{4AA5CE64-5BE2-414C-8AD9-E3110E490DC4}.Debug|x86.Build.0 = Debug|x86
		{4AA5CE64-5BE2-414C-8AD9-E3110E490DC4}.Release|Any CPU.ActiveCfg = Release|x86
		{4AA5CE64-5BE2-414C-8AD9-E3110E490DC4}.Release|Any CPU.Build.0 = Release|x86
		{4AA5CE64-5BE2-414C-8AD9-E3110E490DC4}.Release|x64.ActiveCfg = Release|x86
		{4AA5CE64-5BE2-414C-8AD9-E3110E490DC4}.Release|x86.ActiveCfg = Release|x86
		{4AA5CE64-5BE2-414C-8AD9-E3110E490DC4}.Release|x86.Build.0 = Release|x86
		{9A3D13C0-7685-4C5B-835C-9BFC9E42C0B0}.Debug|Any CPU.ActiveCfg = Debug|x86
		{9A3D13C0-7685-4C5B-835C-9BFC9E42C0B0}.Debug|x64.ActiveCfg = Debug|x86
		{9A3D13C0-7685-4C5B-835C-9BFC9E42C0B0}.Debug|x86.ActiveCfg = Debug|x86
		{9A3D13C0-7685-4C5B-835C-9BFC9E42C0B0}.Debug|x86.Build.0 = Debug|x86
		{9A3D13C0-7685-4C5B-835C-9BFC9E42C0B0}.Release|Any CPU.ActiveCfg = Release|x86
		{9A3D13C0-7685-4C5B-835C-9BFC9E42C0B0}.Release|Any CPU.Build.0 = Release|x86
		{9A3D13C0-7685-4C5B-835C-9BFC9E42C0B0}.Release|x64.ActiveCfg = Release|x86
		{9A3D13C0-7685-4C5B-835C-9BFC9E42C0B0}.Release|x86.ActiveCfg = Release|x86
		{9A3D13C0-7685-4C5B-835C-9BFC9E42C0B0}.Release|x86.Build.0 = Release|x86
		{02157F86-0C66-4EE3-899B-2B11FF79A66A}.Debug|Any CPU.ActiveCfg = Debug|Any CPU
		{02157F86-0C66-4EE3-899B-2B11FF79A66A}.Debug|Any CPU.Build.0 = Debug|Any CPU
		{02157F86-0C66-4EE3-899B-2B11FF79A66A}.Debug|x64.ActiveCfg = Debug|Any CPU
		{02157F86-0C66-4EE3-899B-2B11FF79A66A}.Debug|x64.Build.0 = Debug|Any CPU
		{02157F86-0C66-4EE3-899B-2B11FF79A66A}.Debug|x86.ActiveCfg = Debug|Any CPU
		{02157F86-0C66-4EE3-899B-2B11FF79A66A}.Debug|x86.Build.0 = Debug|Any CPU
		{02157F86-0C66-4EE3-899B-2B11FF79A66A}.Release|Any CPU.ActiveCfg = Debug|Any CPU
		{02157F86-0C66-4EE3-899B-2B11FF79A66A}.Release|Any CPU.Build.0 = Debug|Any CPU
		{02157F86-0C66-4EE3-899B-2B11FF79A66A}.Release|x64.ActiveCfg = Debug|Any CPU
		{02157F86-0C66-4EE3-899B-2B11FF79A66A}.Release|x64.Build.0 = Debug|Any CPU
		{02157F86-0C66-4EE3-899B-2B11FF79A66A}.Release|x86.ActiveCfg = Debug|Any CPU
		{02157F86-0C66-4EE3-899B-2B11FF79A66A}.Release|x86.Build.0 = Debug|Any CPU
		{C2A86AAB-A537-418D-A1EF-14540D340CB1}.Debug|Any CPU.ActiveCfg = Debug|Any CPU
		{C2A86AAB-A537-418D-A1EF-14540D340CB1}.Debug|Any CPU.Build.0 = Debug|Any CPU
		{C2A86AAB-A537-418D-A1EF-14540D340CB1}.Debug|x64.ActiveCfg = Debug|Any CPU
		{C2A86AAB-A537-418D-A1EF-14540D340CB1}.Debug|x64.Build.0 = Debug|Any CPU
		{C2A86AAB-A537-418D-A1EF-14540D340CB1}.Debug|x86.ActiveCfg = Debug|Any CPU
		{C2A86AAB-A537-418D-A1EF-14540D340CB1}.Debug|x86.Build.0 = Debug|Any CPU
		{C2A86AAB-A537-418D-A1EF-14540D340CB1}.Release|Any CPU.ActiveCfg = Release|Any CPU
		{C2A86AAB-A537-418D-A1EF-14540D340CB1}.Release|Any CPU.Build.0 = Release|Any CPU
		{C2A86AAB-A537-418D-A1EF-14540D340CB1}.Release|x64.ActiveCfg = Release|Any CPU
		{C2A86AAB-A537-418D-A1EF-14540D340CB1}.Release|x64.Build.0 = Release|Any CPU
		{C2A86AAB-A537-418D-A1EF-14540D340CB1}.Release|x86.ActiveCfg = Release|Any CPU
		{C2A86AAB-A537-418D-A1EF-14540D340CB1}.Release|x86.Build.0 = Release|Any CPU
	EndGlobalSection
	GlobalSection(SolutionProperties) = preSolution
		HideSolutionNode = FALSE
	EndGlobalSection
	GlobalSection(NestedProjects) = preSolution
		{26035FE3-25AB-45EC-BB45-7FD0B6C1D545} = {BD32A9DB-6AC3-4495-8682-E04ACC4917D0}
		{EE2504A4-4666-460B-8552-5B342718CB02} = {EE50720D-A0E5-45EE-B2EC-E065B569DB27}
		{58D86BE4-FA8B-4F59-91FE-A9B348C70ED2} = {EE50720D-A0E5-45EE-B2EC-E065B569DB27}
		{AD8A000B-320D-4B11-B7FF-95C314A40E7B} = {EE50720D-A0E5-45EE-B2EC-E065B569DB27}
		{FC4AAD0A-13B9-49EE-A59C-F03142958170} = {EE50720D-A0E5-45EE-B2EC-E065B569DB27}
		{5EF2AD64-D6FE-446B-B350-8C7F0DF0834D} = {EE50720D-A0E5-45EE-B2EC-E065B569DB27}
		{95C6EA83-00BC-4E1E-8A80-67A69E542F21} = {EE50720D-A0E5-45EE-B2EC-E065B569DB27}
		{41AA8769-0FBC-4A80-8498-21C833F0C2AC} = {BD32A9DB-6AC3-4495-8682-E04ACC4917D0}
		{8B9B73CB-C7B4-4613-8ADA-5D8C1CF583E2} = {EE50720D-A0E5-45EE-B2EC-E065B569DB27}
		{E09D3BDA-2E6B-47B5-87AC-B6FC2D33DFAB} = {BD32A9DB-6AC3-4495-8682-E04ACC4917D0}
		{E1B1909E-3193-499B-91DB-1E13E6836929} = {EE50720D-A0E5-45EE-B2EC-E065B569DB27}
		{9174C912-E757-4ECD-9D6E-9604BEF74900} = {EE50720D-A0E5-45EE-B2EC-E065B569DB27}
		{C1B7FFE8-4D64-485E-A504-D041B05D7132} = {EE50720D-A0E5-45EE-B2EC-E065B569DB27}
		{5FCB86D5-4B25-4039-858C-B5A06EB702E1} = {EE50720D-A0E5-45EE-B2EC-E065B569DB27}
		{BEF9464F-FF58-4693-AF12-A6FA75033A5C} = {EE50720D-A0E5-45EE-B2EC-E065B569DB27}
		{6D62DF0D-D9C3-49A7-A693-ACD0691BA69D} = {BD32A9DB-6AC3-4495-8682-E04ACC4917D0}
		{9DE5E0B5-C8BD-482C-85C3-B8E20F08453B} = {BD32A9DB-6AC3-4495-8682-E04ACC4917D0}
		{0D80F608-CF60-42F8-A5E1-4E0ACFA384AF} = {EE50720D-A0E5-45EE-B2EC-E065B569DB27}
		{F951311C-D665-4987-95A4-72A2DE37E263} = {BD32A9DB-6AC3-4495-8682-E04ACC4917D0}
		{A3978461-5C39-43AE-9067-D755D51E7B26} = {EE50720D-A0E5-45EE-B2EC-E065B569DB27}
		{28C3629E-3FD8-4040-9CCE-6D62B9B1A5E3} = {BD32A9DB-6AC3-4495-8682-E04ACC4917D0}
		{B0C3A5C2-F713-40C9-BF08-20A1014D74DE} = {BD32A9DB-6AC3-4495-8682-E04ACC4917D0}
		{D1895FA9-65F5-4048-A364-F6AB8D1DC981} = {BD32A9DB-6AC3-4495-8682-E04ACC4917D0}
		{5340191E-31E5-43A0-A485-B6678D391B10} = {EE50720D-A0E5-45EE-B2EC-E065B569DB27}
		{D6EEEF87-CE3A-4804-A409-39966B96C850} = {BD32A9DB-6AC3-4495-8682-E04ACC4917D0}
		{9066522E-780E-4409-B410-2525E6A621FC} = {EE50720D-A0E5-45EE-B2EC-E065B569DB27}
		{98E0B8AC-1193-4BFD-BF5C-6712C93ABD03} = {BD32A9DB-6AC3-4495-8682-E04ACC4917D0}
		{56534417-6C60-48A5-B355-12225C70431E} = {EE50720D-A0E5-45EE-B2EC-E065B569DB27}
		{506141BE-1418-4D75-8E24-54A9280B0A66} = {BD32A9DB-6AC3-4495-8682-E04ACC4917D0}
		{2AA8762F-3A84-4CD5-9AA0-77829A766769} = {EE50720D-A0E5-45EE-B2EC-E065B569DB27}
		{DE1EC50A-C588-45A9-B22C-981419CD7CD4} = {BD32A9DB-6AC3-4495-8682-E04ACC4917D0}
		{2CC10E50-392E-4B5D-98E4-D38F0061D363} = {BD32A9DB-6AC3-4495-8682-E04ACC4917D0}
		{01E3D8C2-9C24-492B-B13B-C6D7068B6BF8} = {BD32A9DB-6AC3-4495-8682-E04ACC4917D0}
		{0FCAD5C4-CD55-4022-8907-8B9C912E9CA7} = {EE50720D-A0E5-45EE-B2EC-E065B569DB27}
		{AACC9A7C-A462-478A-9B1B-A0CD4294AEE9} = {3CF8DD8A-9533-498F-8B65-AF3F5AA580C7}
		{E5C4D728-E5B7-4656-B3DF-8E098D10D51F} = {3CF8DD8A-9533-498F-8B65-AF3F5AA580C7}
		{544928BD-BCF6-4804-BD6F-50C6AECC2633} = {3CF8DD8A-9533-498F-8B65-AF3F5AA580C7}
		{8BF43E82-F9F5-48AC-916D-884691540E89} = {EE50720D-A0E5-45EE-B2EC-E065B569DB27}
		{698762D4-3624-4563-BD8A-34EABC33A3E8} = {EE50720D-A0E5-45EE-B2EC-E065B569DB27}
		{79EB7D57-84C8-4F36-BE4C-C2C5DBCA98FC} = {EE50720D-A0E5-45EE-B2EC-E065B569DB27}
		{2F4D16A0-E6C3-4017-8CC3-41430AFB9D06} = {3CF8DD8A-9533-498F-8B65-AF3F5AA580C7}
		{4AA5CE64-5BE2-414C-8AD9-E3110E490DC4} = {CB1B6145-674B-454F-A427-EEB18900BF65}
		{9A3D13C0-7685-4C5B-835C-9BFC9E42C0B0} = {CB1B6145-674B-454F-A427-EEB18900BF65}
		{02157F86-0C66-4EE3-899B-2B11FF79A66A} = {CB1B6145-674B-454F-A427-EEB18900BF65}
	EndGlobalSection
EndGlobal
